{
  "version": 4,
  "terraform_version": "1.14.3",
  "serial": 144,
  "lineage": "d0b61760-3461-ebe9-de57-9d9a9314f108",
  "outputs": {
    "network_ids": {
      "value": {
        "dmz": "1992ae0f-b44a-4041-a8c1-005714b86849",
        "identity": "2449d023-d3ec-48e0-bb6c-5412b43f2744",
        "private": "fafbdf4f-56f3-4746-b51f-6536bd5631c9"
      },
      "type": [
        "object",
        {
          "dmz": "string",
          "identity": "string",
          "private": "string"
        }
      ]
    },
    "openstack_instance_ids": {
      "value": {
        "os_gateway": "48c5d491-b3b7-4e9d-b9d1-dc7cf38787e0",
        "os_identity": "d1348f25-56df-4cd7-8348-0ee7d8f39a49",
        "os_k3s_master": "ff1a6910-46ac-47ef-9283-ea55ed637348",
        "os_k3s_worker_1": "75e1490a-4c98-4a2b-80d9-5292fd89cc16",
        "os_k3s_worker_2": "3d5d2f6e-ff45-4210-922a-9e147e9eb693"
      },
      "type": [
        "object",
        {
          "os_gateway": "string",
          "os_identity": "string",
          "os_k3s_master": "string",
          "os_k3s_worker_1": "string",
          "os_k3s_worker_2": "string"
        }
      ]
    },
    "os_project_name": {
      "value": "ZTA-SIEM-SOAR",
      "type": "string"
    },
    "os_region": {
      "value": "RegionOne",
      "type": "string"
    },
    "router_ids": {
      "value": {
        "edge": "a3e52a9d-40c9-4669-9f5a-3209ea0a8b13"
      },
      "type": [
        "object",
        {
          "edge": "string"
        }
      ]
    },
    "security_group_ids": {
      "value": {
        "dmz": "32f1e5dc-ab09-415a-abe2-d4bc6b75ebf6",
        "identity": "04891d32-2e83-45f1-9da6-cc37609d5200",
        "private": "5660438d-bfbb-4057-9a11-8a9caef19979"
      },
      "type": [
        "object",
        {
          "dmz": "string",
          "identity": "string",
          "private": "string"
        }
      ]
    },
    "subnet_ids": {
      "value": {
        "dmz": "3b59ecfd-b411-4865-ace1-eb67aca71871",
        "identity": "f462bd9c-57c2-43e8-a312-4913e6800af8",
        "private": "ed66d38e-c7cf-486c-9ea4-9337c738eee0"
      },
      "type": [
        "object",
        {
          "dmz": "string",
          "identity": "string",
          "private": "string"
        }
      ]
    }
  },
  "resources": [
    {
      "mode": "data",
      "type": "openstack_networking_network_v2",
      "name": "external",
      "provider": "provider[\"registry.terraform.io/terraform-provider-openstack/openstack\"]",
      "instances": [
        {
          "schema_version": 0,
          "attributes": {
            "admin_state_up": "true",
            "all_tags": [],
            "availability_zone_hints": [],
            "description": "",
            "dns_domain": "",
            "external": true,
            "id": "fd29eeb9-94bb-4207-99f3-7fe9f0a49042",
            "matching_subnet_cidr": null,
            "mtu": 1500,
            "name": "public1",
            "network_id": null,
            "region": "RegionOne",
            "segments": [],
            "shared": "true",
            "status": null,
            "subnets": [
              "5a6d95de-f058-4468-8e48-26a9c043d045"
            ],
            "tags": null,
            "tenant_id": "4202f46389eb4497ad4deb5c837047f1",
            "transparent_vlan": false
          },
          "sensitive_attributes": [],
          "identity_schema_version": 0
        }
      ]
    },
    {
      "mode": "managed",
      "type": "openstack_compute_instance_v2",
      "name": "os_gateway",
      "provider": "provider[\"registry.terraform.io/terraform-provider-openstack/openstack\"]",
      "instances": [
        {
          "schema_version": 0,
          "attributes": {
            "access_ip_v4": "192.168.100.10",
            "access_ip_v6": "",
            "admin_pass": null,
            "all_metadata": {},
            "all_tags": [],
            "availability_zone": "nova",
            "availability_zone_hints": null,
            "block_device": [],
            "config_drive": null,
            "created": "2026-03-22 14:20:34 +0000 UTC",
            "flavor_id": "8b9f7b8e-268b-4a67-b0a1-367a416ea250",
            "flavor_name": "nano-plus",
            "floating_ip": null,
            "force_delete": false,
            "id": "48c5d491-b3b7-4e9d-b9d1-dc7cf38787e0",
            "image_id": "78ae965f-b72a-4f46-b8f7-cc670fb3d393",
            "image_name": "ubuntu-22.04",
            "key_pair": "",
            "metadata": null,
            "name": "os-gateway",
            "network": [
              {
                "access_network": false,
                "fixed_ip_v4": "192.168.100.10",
                "fixed_ip_v6": "",
                "floating_ip": "",
                "mac": "fa:16:3e:7b:61:7b",
                "name": "zta-dmz-network",
                "port": "",
                "uuid": "1992ae0f-b44a-4041-a8c1-005714b86849"
              }
            ],
            "network_mode": null,
            "personality": [],
            "power_state": "active",
            "region": "RegionOne",
            "scheduler_hints": [],
            "security_groups": [
              "neutron-sg-os-dmz"
            ],
            "stop_before_destroy": false,
            "tags": [],
            "timeouts": null,
            "updated": "2026-03-22 14:20:40 +0000 UTC",
            "user_data": null,
            "vendor_options": [],
            "volume": []
          },
          "sensitive_attributes": [
            [
              {
                "type": "get_attr",
                "value": "admin_pass"
              }
            ]
          ],
          "identity_schema_version": 0,
          "private": "eyJlMmJmYjczMC1lY2FhLTExZTYtOGY4OC0zNDM2M2JjN2M0YzAiOnsiY3JlYXRlIjoxODAwMDAwMDAwMDAwLCJkZWxldGUiOjE4MDAwMDAwMDAwMDAsInVwZGF0ZSI6MTgwMDAwMDAwMDAwMH19",
          "dependencies": [
            "openstack_networking_network_v2.dmz",
            "openstack_networking_secgroup_v2.neutron_sg_os_dmz",
            "openstack_networking_subnet_v2.dmz_subnet"
          ]
        }
      ]
    },
    {
      "mode": "managed",
      "type": "openstack_compute_instance_v2",
      "name": "os_identity",
      "provider": "provider[\"registry.terraform.io/terraform-provider-openstack/openstack\"]",
      "instances": [
        {
          "schema_version": 0,
          "attributes": {
            "access_ip_v4": "192.168.102.20",
            "access_ip_v6": "",
            "admin_pass": null,
            "all_metadata": {},
            "all_tags": [],
            "availability_zone": "nova",
            "availability_zone_hints": null,
            "block_device": [],
            "config_drive": null,
            "created": "2026-03-22 14:28:39 +0000 UTC",
            "flavor_id": "99",
            "flavor_name": "nano",
            "floating_ip": null,
            "force_delete": false,
            "id": "d1348f25-56df-4cd7-8348-0ee7d8f39a49",
            "image_id": "78ae965f-b72a-4f46-b8f7-cc670fb3d393",
            "image_name": "ubuntu-22.04",
            "key_pair": "",
            "metadata": null,
            "name": "os-identity",
            "network": [
              {
                "access_network": false,
                "fixed_ip_v4": "192.168.102.20",
                "fixed_ip_v6": "",
                "floating_ip": "",
                "mac": "fa:16:3e:c4:3e:a8",
                "name": "zta-identity-network",
                "port": "",
                "uuid": "2449d023-d3ec-48e0-bb6c-5412b43f2744"
              }
            ],
            "network_mode": null,
            "personality": [],
            "power_state": "active",
            "region": "RegionOne",
            "scheduler_hints": [],
            "security_groups": [
              "neutron-sg-os-identity"
            ],
            "stop_before_destroy": false,
            "tags": [],
            "timeouts": null,
            "updated": "2026-03-22 14:28:47 +0000 UTC",
            "user_data": null,
            "vendor_options": [],
            "volume": []
          },
          "sensitive_attributes": [
            [
              {
                "type": "get_attr",
                "value": "admin_pass"
              }
            ]
          ],
          "identity_schema_version": 0,
          "private": "eyJlMmJmYjczMC1lY2FhLTExZTYtOGY4OC0zNDM2M2JjN2M0YzAiOnsiY3JlYXRlIjoxODAwMDAwMDAwMDAwLCJkZWxldGUiOjE4MDAwMDAwMDAwMDAsInVwZGF0ZSI6MTgwMDAwMDAwMDAwMH19",
          "dependencies": [
            "openstack_networking_network_v2.identity",
            "openstack_networking_secgroup_v2.neutron_sg_os_identity",
            "openstack_networking_subnet_v2.identity_subnet"
          ]
        }
      ]
    },
    {
      "mode": "managed",
      "type": "openstack_compute_instance_v2",
      "name": "os_k3s_master",
      "provider": "provider[\"registry.terraform.io/terraform-provider-openstack/openstack\"]",
      "instances": [
        {
          "schema_version": 0,
          "attributes": {
            "access_ip_v4": "192.168.101.10",
            "access_ip_v6": "",
            "admin_pass": null,
            "all_metadata": {},
            "all_tags": [],
            "availability_zone": "nova",
            "availability_zone_hints": null,
            "block_device": [],
            "config_drive": null,
            "created": "2026-03-22 14:10:42 +0000 UTC",
            "flavor_id": "f3867f39-b159-4dfe-a8b0-045a5c07821f",
            "flavor_name": "m1.medium",
            "floating_ip": null,
            "force_delete": false,
            "id": "ff1a6910-46ac-47ef-9283-ea55ed637348",
            "image_id": "78ae965f-b72a-4f46-b8f7-cc670fb3d393",
            "image_name": "ubuntu-22.04",
            "key_pair": "",
            "metadata": null,
            "name": "os-k3s-master",
            "network": [
              {
                "access_network": false,
                "fixed_ip_v4": "192.168.101.10",
                "fixed_ip_v6": "",
                "floating_ip": "",
                "mac": "fa:16:3e:12:b3:e7",
                "name": "zta-private-network",
                "port": "",
                "uuid": "fafbdf4f-56f3-4746-b51f-6536bd5631c9"
              }
            ],
            "network_mode": null,
            "personality": [],
            "power_state": "active",
            "region": "RegionOne",
            "scheduler_hints": [],
            "security_groups": [
              "neutron-sg-os-private"
            ],
            "stop_before_destroy": false,
            "tags": [],
            "timeouts": null,
            "updated": "2026-03-22 14:11:03 +0000 UTC",
            "user_data": null,
            "vendor_options": [],
            "volume": []
          },
          "sensitive_attributes": [
            [
              {
                "type": "get_attr",
                "value": "admin_pass"
              }
            ]
          ],
          "identity_schema_version": 0,
          "private": "eyJlMmJmYjczMC1lY2FhLTExZTYtOGY4OC0zNDM2M2JjN2M0YzAiOnsiY3JlYXRlIjoxODAwMDAwMDAwMDAwLCJkZWxldGUiOjE4MDAwMDAwMDAwMDAsInVwZGF0ZSI6MTgwMDAwMDAwMDAwMH19",
          "dependencies": [
            "openstack_networking_network_v2.private",
            "openstack_networking_secgroup_v2.neutron_sg_os_private",
            "openstack_networking_subnet_v2.private_subnet"
          ]
        }
      ]
    },
    {
      "mode": "managed",
      "type": "openstack_compute_instance_v2",
      "name": "os_k3s_worker_1",
      "provider": "provider[\"registry.terraform.io/terraform-provider-openstack/openstack\"]",
      "instances": [
        {
          "schema_version": 0,
          "attributes": {
            "access_ip_v4": "192.168.101.11",
            "access_ip_v6": "",
            "admin_pass": null,
            "all_metadata": {},
            "all_tags": [],
            "availability_zone": "nova",
            "availability_zone_hints": null,
            "block_device": [],
            "config_drive": null,
            "created": "2026-03-22 14:10:42 +0000 UTC",
            "flavor_id": "99",
            "flavor_name": "nano",
            "floating_ip": null,
            "force_delete": false,
            "id": "75e1490a-4c98-4a2b-80d9-5292fd89cc16",
            "image_id": "78ae965f-b72a-4f46-b8f7-cc670fb3d393",
            "image_name": "ubuntu-22.04",
            "key_pair": "",
            "metadata": null,
            "name": "os-k3s-worker-1",
            "network": [
              {
                "access_network": false,
                "fixed_ip_v4": "192.168.101.11",
                "fixed_ip_v6": "",
                "floating_ip": "",
                "mac": "fa:16:3e:3d:5a:61",
                "name": "zta-private-network",
                "port": "",
                "uuid": "fafbdf4f-56f3-4746-b51f-6536bd5631c9"
              }
            ],
            "network_mode": null,
            "personality": [],
            "power_state": "active",
            "region": "RegionOne",
            "scheduler_hints": [],
            "security_groups": [
              "neutron-sg-os-private"
            ],
            "stop_before_destroy": false,
            "tags": [],
            "timeouts": null,
            "updated": "2026-03-22 14:11:01 +0000 UTC",
            "user_data": null,
            "vendor_options": [],
            "volume": []
          },
          "sensitive_attributes": [
            [
              {
                "type": "get_attr",
                "value": "admin_pass"
              }
            ]
          ],
          "identity_schema_version": 0,
          "private": "eyJlMmJmYjczMC1lY2FhLTExZTYtOGY4OC0zNDM2M2JjN2M0YzAiOnsiY3JlYXRlIjoxODAwMDAwMDAwMDAwLCJkZWxldGUiOjE4MDAwMDAwMDAwMDAsInVwZGF0ZSI6MTgwMDAwMDAwMDAwMH19",
          "dependencies": [
            "openstack_networking_network_v2.private",
            "openstack_networking_secgroup_v2.neutron_sg_os_private",
            "openstack_networking_subnet_v2.private_subnet"
          ]
        }
      ]
    },
    {
      "mode": "managed",
      "type": "openstack_compute_instance_v2",
      "name": "os_k3s_worker_2",
      "provider": "provider[\"registry.terraform.io/terraform-provider-openstack/openstack\"]",
      "instances": [
        {
          "schema_version": 0,
          "attributes": {
            "access_ip_v4": "192.168.101.12",
            "access_ip_v6": "",
            "admin_pass": null,
            "all_metadata": {},
            "all_tags": [],
            "availability_zone": "nova",
            "availability_zone_hints": null,
            "block_device": [],
            "config_drive": null,
            "created": "2026-03-22 14:10:42 +0000 UTC",
            "flavor_id": "99",
            "flavor_name": "nano",
            "floating_ip": null,
            "force_delete": false,
            "id": "3d5d2f6e-ff45-4210-922a-9e147e9eb693",
            "image_id": "78ae965f-b72a-4f46-b8f7-cc670fb3d393",
            "image_name": "ubuntu-22.04",
            "key_pair": "",
            "metadata": null,
            "name": "os-k3s-worker-2",
            "network": [
              {
                "access_network": false,
                "fixed_ip_v4": "192.168.101.12",
                "fixed_ip_v6": "",
                "floating_ip": "",
                "mac": "fa:16:3e:6d:35:f9",
                "name": "zta-private-network",
                "port": "",
                "uuid": "fafbdf4f-56f3-4746-b51f-6536bd5631c9"
              }
            ],
            "network_mode": null,
            "personality": [],
            "power_state": "active",
            "region": "RegionOne",
            "scheduler_hints": [],
            "security_groups": [
              "neutron-sg-os-private"
            ],
            "stop_before_destroy": false,
            "tags": [],
            "timeouts": null,
            "updated": "2026-03-22 14:11:03 +0000 UTC",
            "user_data": null,
            "vendor_options": [],
            "volume": []
          },
          "sensitive_attributes": [
            [
              {
                "type": "get_attr",
                "value": "admin_pass"
              }
            ]
          ],
          "identity_schema_version": 0,
          "private": "eyJlMmJmYjczMC1lY2FhLTExZTYtOGY4OC0zNDM2M2JjN2M0YzAiOnsiY3JlYXRlIjoxODAwMDAwMDAwMDAwLCJkZWxldGUiOjE4MDAwMDAwMDAwMDAsInVwZGF0ZSI6MTgwMDAwMDAwMDAwMH19",
          "dependencies": [
            "openstack_networking_network_v2.private",
            "openstack_networking_secgroup_v2.neutron_sg_os_private",
            "openstack_networking_subnet_v2.private_subnet"
          ]
        }
      ]
    },
    {
      "mode": "managed",
      "type": "openstack_networking_network_v2",
      "name": "dmz",
      "provider": "provider[\"registry.terraform.io/terraform-provider-openstack/openstack\"]",
      "instances": [
        {
          "schema_version": 0,
          "attributes": {
            "admin_state_up": true,
            "all_tags": [],
            "availability_zone_hints": [],
            "description": "",
            "dns_domain": "",
            "external": false,
            "id": "1992ae0f-b44a-4041-a8c1-005714b86849",
            "mtu": 1450,
            "name": "zta-dmz-network",
            "port_security_enabled": true,
            "qos_policy_id": "",
            "region": "RegionOne",
            "segments": [],
            "shared": false,
            "tags": [],
            "tenant_id": "d8352c7a08044ee1b71e144d88b6e26d",
            "timeouts": null,
            "transparent_vlan": false,
            "value_specs": null
          },
          "sensitive_attributes": [],
          "identity_schema_version": 0,
          "private": "eyJlMmJmYjczMC1lY2FhLTExZTYtOGY4OC0zNDM2M2JjN2M0YzAiOnsiY3JlYXRlIjo2MDAwMDAwMDAwMDAsImRlbGV0ZSI6NjAwMDAwMDAwMDAwfX0="
        }
      ]
    },
    {
      "mode": "managed",
      "type": "openstack_networking_network_v2",
      "name": "identity",
      "provider": "provider[\"registry.terraform.io/terraform-provider-openstack/openstack\"]",
      "instances": [
        {
          "schema_version": 0,
          "attributes": {
            "admin_state_up": true,
            "all_tags": [],
            "availability_zone_hints": [],
            "description": "",
            "dns_domain": "",
            "external": false,
            "id": "2449d023-d3ec-48e0-bb6c-5412b43f2744",
            "mtu": 1450,
            "name": "zta-identity-network",
            "port_security_enabled": true,
            "qos_policy_id": "",
            "region": "RegionOne",
            "segments": [],
            "shared": false,
            "tags": [],
            "tenant_id": "d8352c7a08044ee1b71e144d88b6e26d",
            "timeouts": null,
            "transparent_vlan": false,
            "value_specs": null
          },
          "sensitive_attributes": [],
          "identity_schema_version": 0,
          "private": "eyJlMmJmYjczMC1lY2FhLTExZTYtOGY4OC0zNDM2M2JjN2M0YzAiOnsiY3JlYXRlIjo2MDAwMDAwMDAwMDAsImRlbGV0ZSI6NjAwMDAwMDAwMDAwfX0="
        }
      ]
    },
    {
      "mode": "managed",
      "type": "openstack_networking_network_v2",
      "name": "private",
      "provider": "provider[\"registry.terraform.io/terraform-provider-openstack/openstack\"]",
      "instances": [
        {
          "schema_version": 0,
          "attributes": {
            "admin_state_up": true,
            "all_tags": [],
            "availability_zone_hints": [],
            "description": "",
            "dns_domain": "",
            "external": false,
            "id": "fafbdf4f-56f3-4746-b51f-6536bd5631c9",
            "mtu": 1450,
            "name": "zta-private-network",
            "port_security_enabled": true,
            "qos_policy_id": "",
            "region": "RegionOne",
            "segments": [],
            "shared": false,
            "tags": [],
            "tenant_id": "d8352c7a08044ee1b71e144d88b6e26d",
            "timeouts": null,
            "transparent_vlan": false,
            "value_specs": null
          },
          "sensitive_attributes": [],
          "identity_schema_version": 0,
          "private": "eyJlMmJmYjczMC1lY2FhLTExZTYtOGY4OC0zNDM2M2JjN2M0YzAiOnsiY3JlYXRlIjo2MDAwMDAwMDAwMDAsImRlbGV0ZSI6NjAwMDAwMDAwMDAwfX0="
        }
      ]
    },
    {
      "mode": "managed",
      "type": "openstack_networking_router_interface_v2",
      "name": "edge_router_dmz",
      "provider": "provider[\"registry.terraform.io/terraform-provider-openstack/openstack\"]",
      "instances": [
        {
          "schema_version": 0,
          "attributes": {
            "force_destroy": false,
            "id": "9fc9d755-841f-4a44-8144-b9cad0ad64e8",
            "port_id": "9fc9d755-841f-4a44-8144-b9cad0ad64e8",
            "region": "RegionOne",
            "router_id": "a3e52a9d-40c9-4669-9f5a-3209ea0a8b13",
            "subnet_id": "3b59ecfd-b411-4865-ace1-eb67aca71871",
            "timeouts": null
          },
          "sensitive_attributes": [],
          "identity_schema_version": 0,
          "private": "eyJlMmJmYjczMC1lY2FhLTExZTYtOGY4OC0zNDM2M2JjN2M0YzAiOnsiY3JlYXRlIjo2MDAwMDAwMDAwMDAsImRlbGV0ZSI6NjAwMDAwMDAwMDAwfX0=",
          "dependencies": [
            "data.openstack_networking_network_v2.external",
            "openstack_networking_network_v2.dmz",
            "openstack_networking_router_v2.edge_router",
            "openstack_networking_subnet_v2.dmz_subnet"
          ]
        }
      ]
    },
    {
      "mode": "managed",
      "type": "openstack_networking_router_v2",
      "name": "edge_router",
      "provider": "provider[\"registry.terraform.io/terraform-provider-openstack/openstack\"]",
      "instances": [
        {
          "schema_version": 0,
          "attributes": {
            "admin_state_up": true,
            "all_tags": [],
            "availability_zone_hints": [],
            "description": "",
            "distributed": false,
            "enable_snat": true,
            "external_fixed_ip": [
              {
                "ip_address": "172.10.10.166",
                "subnet_id": "5a6d95de-f058-4468-8e48-26a9c043d045"
              }
            ],
            "external_gateway": "fd29eeb9-94bb-4207-99f3-7fe9f0a49042",
            "external_network_id": "fd29eeb9-94bb-4207-99f3-7fe9f0a49042",
            "external_subnet_ids": null,
            "id": "a3e52a9d-40c9-4669-9f5a-3209ea0a8b13",
            "name": "zta-edge-router",
            "region": "RegionOne",
            "tags": [],
            "tenant_id": "d8352c7a08044ee1b71e144d88b6e26d",
            "timeouts": null,
            "value_specs": null,
            "vendor_options": []
          },
          "sensitive_attributes": [],
          "identity_schema_version": 0,
          "private": "eyJlMmJmYjczMC1lY2FhLTExZTYtOGY4OC0zNDM2M2JjN2M0YzAiOnsiY3JlYXRlIjo2MDAwMDAwMDAwMDAsImRlbGV0ZSI6NjAwMDAwMDAwMDAwfX0=",
          "dependencies": [
            "data.openstack_networking_network_v2.external"
          ]
        }
      ]
    },
    {
      "mode": "managed",
      "type": "openstack_networking_secgroup_rule_v2",
      "name": "os_dmz_egress_wireguard",
      "provider": "provider[\"registry.terraform.io/terraform-provider-openstack/openstack\"]",
      "instances": [
        {
          "schema_version": 0,
          "attributes": {
            "description": "",
            "direction": "egress",
            "ethertype": "IPv4",
            "id": "059a5d21-1d81-4f61-8f88-47ba43fc22dd",
            "port_range_max": 51820,
            "port_range_min": 51820,
            "protocol": "udp",
            "region": "RegionOne",
            "remote_group_id": "",
            "remote_ip_prefix": "0.0.0.0/0",
            "security_group_id": "32f1e5dc-ab09-415a-abe2-d4bc6b75ebf6",
            "tenant_id": "d8352c7a08044ee1b71e144d88b6e26d",
            "timeouts": null
          },
          "sensitive_attributes": [],
          "identity_schema_version": 0,
          "private": "eyJlMmJmYjczMC1lY2FhLTExZTYtOGY4OC0zNDM2M2JjN2M0YzAiOnsiZGVsZXRlIjo2MDAwMDAwMDAwMDB9fQ==",
          "dependencies": [
            "openstack_networking_secgroup_v2.neutron_sg_os_dmz"
          ]
        }
      ]
    },
    {
      "mode": "managed",
      "type": "openstack_networking_secgroup_rule_v2",
      "name": "os_dmz_ingress_identity_tcp",
      "provider": "provider[\"registry.terraform.io/terraform-provider-openstack/openstack\"]",
      "instances": [
        {
          "schema_version": 0,
          "attributes": {
            "description": "",
            "direction": "ingress",
            "ethertype": "IPv4",
            "id": "b9dcc28f-dfff-4a3e-9abe-d75ce68ea982",
            "port_range_max": 0,
            "port_range_min": 0,
            "protocol": "tcp",
            "region": "RegionOne",
            "remote_group_id": "",
            "remote_ip_prefix": "192.168.102.0/24",
            "security_group_id": "32f1e5dc-ab09-415a-abe2-d4bc6b75ebf6",
            "tenant_id": "d8352c7a08044ee1b71e144d88b6e26d",
            "timeouts": null
          },
          "sensitive_attributes": [],
          "identity_schema_version": 0,
          "private": "eyJlMmJmYjczMC1lY2FhLTExZTYtOGY4OC0zNDM2M2JjN2M0YzAiOnsiZGVsZXRlIjo2MDAwMDAwMDAwMDB9fQ==",
          "dependencies": [
            "openstack_networking_secgroup_v2.neutron_sg_os_dmz"
          ]
        }
      ]
    },
    {
      "mode": "managed",
      "type": "openstack_networking_secgroup_rule_v2",
      "name": "os_dmz_ingress_internal_tcp",
      "provider": "provider[\"registry.terraform.io/terraform-provider-openstack/openstack\"]",
      "instances": [
        {
          "schema_version": 0,
          "attributes": {
            "description": "",
            "direction": "ingress",
            "ethertype": "IPv4",
            "id": "e1806374-4114-48b5-957f-734af67e81cd",
            "port_range_max": 0,
            "port_range_min": 0,
            "protocol": "tcp",
            "region": "RegionOne",
            "remote_group_id": "",
            "remote_ip_prefix": "192.168.101.0/24",
            "security_group_id": "32f1e5dc-ab09-415a-abe2-d4bc6b75ebf6",
            "tenant_id": "d8352c7a08044ee1b71e144d88b6e26d",
            "timeouts": null
          },
          "sensitive_attributes": [],
          "identity_schema_version": 0,
          "private": "eyJlMmJmYjczMC1lY2FhLTExZTYtOGY4OC0zNDM2M2JjN2M0YzAiOnsiZGVsZXRlIjo2MDAwMDAwMDAwMDB9fQ==",
          "dependencies": [
            "openstack_networking_secgroup_v2.neutron_sg_os_dmz"
          ]
        }
      ]
    },
    {
      "mode": "managed",
      "type": "openstack_networking_secgroup_rule_v2",
      "name": "os_identity_ingress_dmz_icmp",
      "provider": "provider[\"registry.terraform.io/terraform-provider-openstack/openstack\"]",
      "instances": [
        {
          "schema_version": 0,
          "attributes": {
            "description": "",
            "direction": "ingress",
            "ethertype": "IPv4",
            "id": "ed2fbf5a-b058-4a39-aa2d-929f1c2a3197",
            "port_range_max": 0,
            "port_range_min": 0,
            "protocol": "icmp",
            "region": "RegionOne",
            "remote_group_id": "",
            "remote_ip_prefix": "192.168.100.0/24",
            "security_group_id": "04891d32-2e83-45f1-9da6-cc37609d5200",
            "tenant_id": "d8352c7a08044ee1b71e144d88b6e26d",
            "timeouts": null
          },
          "sensitive_attributes": [],
          "identity_schema_version": 0,
          "private": "eyJlMmJmYjczMC1lY2FhLTExZTYtOGY4OC0zNDM2M2JjN2M0YzAiOnsiZGVsZXRlIjo2MDAwMDAwMDAwMDB9fQ==",
          "dependencies": [
            "openstack_networking_secgroup_v2.neutron_sg_os_identity"
          ]
        }
      ]
    },
    {
      "mode": "managed",
      "type": "openstack_networking_secgroup_rule_v2",
      "name": "os_identity_ingress_dmz_tcp",
      "provider": "provider[\"registry.terraform.io/terraform-provider-openstack/openstack\"]",
      "instances": [
        {
          "schema_version": 0,
          "attributes": {
            "description": "",
            "direction": "ingress",
            "ethertype": "IPv4",
            "id": "ac255a54-f60e-4553-83a7-815a19d469cd",
            "port_range_max": 0,
            "port_range_min": 0,
            "protocol": "tcp",
            "region": "RegionOne",
            "remote_group_id": "",
            "remote_ip_prefix": "192.168.100.0/24",
            "security_group_id": "04891d32-2e83-45f1-9da6-cc37609d5200",
            "tenant_id": "d8352c7a08044ee1b71e144d88b6e26d",
            "timeouts": null
          },
          "sensitive_attributes": [],
          "identity_schema_version": 0,
          "private": "eyJlMmJmYjczMC1lY2FhLTExZTYtOGY4OC0zNDM2M2JjN2M0YzAiOnsiZGVsZXRlIjo2MDAwMDAwMDAwMDB9fQ==",
          "dependencies": [
            "openstack_networking_secgroup_v2.neutron_sg_os_identity"
          ]
        }
      ]
    },
    {
      "mode": "managed",
      "type": "openstack_networking_secgroup_rule_v2",
      "name": "os_identity_ingress_private_icmp",
      "provider": "provider[\"registry.terraform.io/terraform-provider-openstack/openstack\"]",
      "instances": [
        {
          "schema_version": 0,
          "attributes": {
            "description": "",
            "direction": "ingress",
            "ethertype": "IPv4",
            "id": "c99af138-68a4-41e9-8542-ab810a53d45d",
            "port_range_max": 0,
            "port_range_min": 0,
            "protocol": "icmp",
            "region": "RegionOne",
            "remote_group_id": "",
            "remote_ip_prefix": "192.168.101.0/24",
            "security_group_id": "04891d32-2e83-45f1-9da6-cc37609d5200",
            "tenant_id": "d8352c7a08044ee1b71e144d88b6e26d",
            "timeouts": null
          },
          "sensitive_attributes": [],
          "identity_schema_version": 0,
          "private": "eyJlMmJmYjczMC1lY2FhLTExZTYtOGY4OC0zNDM2M2JjN2M0YzAiOnsiZGVsZXRlIjo2MDAwMDAwMDAwMDB9fQ==",
          "dependencies": [
            "openstack_networking_secgroup_v2.neutron_sg_os_identity"
          ]
        }
      ]
    },
    {
      "mode": "managed",
      "type": "openstack_networking_secgroup_rule_v2",
      "name": "os_identity_ingress_private_tcp",
      "provider": "provider[\"registry.terraform.io/terraform-provider-openstack/openstack\"]",
      "instances": [
        {
          "schema_version": 0,
          "attributes": {
            "description": "",
            "direction": "ingress",
            "ethertype": "IPv4",
            "id": "96b430a4-a1d9-4c1c-842e-a5c42f6ab7eb",
            "port_range_max": 0,
            "port_range_min": 0,
            "protocol": "tcp",
            "region": "RegionOne",
            "remote_group_id": "",
            "remote_ip_prefix": "192.168.101.0/24",
            "security_group_id": "04891d32-2e83-45f1-9da6-cc37609d5200",
            "tenant_id": "d8352c7a08044ee1b71e144d88b6e26d",
            "timeouts": null
          },
          "sensitive_attributes": [],
          "identity_schema_version": 0,
          "private": "eyJlMmJmYjczMC1lY2FhLTExZTYtOGY4OC0zNDM2M2JjN2M0YzAiOnsiZGVsZXRlIjo2MDAwMDAwMDAwMDB9fQ==",
          "dependencies": [
            "openstack_networking_secgroup_v2.neutron_sg_os_identity"
          ]
        }
      ]
    },
    {
      "mode": "managed",
      "type": "openstack_networking_secgroup_rule_v2",
      "name": "os_private_egress_kafka",
      "provider": "provider[\"registry.terraform.io/terraform-provider-openstack/openstack\"]",
      "instances": [
        {
          "schema_version": 0,
          "attributes": {
            "description": "",
            "direction": "egress",
            "ethertype": "IPv4",
            "id": "f0d4f868-9ead-4cbb-8850-84688c8b6137",
            "port_range_max": 9092,
            "port_range_min": 9092,
            "protocol": "tcp",
            "region": "RegionOne",
            "remote_group_id": "",
            "remote_ip_prefix": "10.10.2.11/32",
            "security_group_id": "5660438d-bfbb-4057-9a11-8a9caef19979",
            "tenant_id": "d8352c7a08044ee1b71e144d88b6e26d",
            "timeouts": null
          },
          "sensitive_attributes": [],
          "identity_schema_version": 0,
          "private": "eyJlMmJmYjczMC1lY2FhLTExZTYtOGY4OC0zNDM2M2JjN2M0YzAiOnsiZGVsZXRlIjo2MDAwMDAwMDAwMDB9fQ==",
          "dependencies": [
            "openstack_networking_secgroup_v2.neutron_sg_os_private"
          ]
        }
      ]
    },
    {
      "mode": "managed",
      "type": "openstack_networking_secgroup_rule_v2",
      "name": "os_private_egress_logstash",
      "provider": "provider[\"registry.terraform.io/terraform-provider-openstack/openstack\"]",
      "instances": [
        {
          "schema_version": 0,
          "attributes": {
            "description": "",
            "direction": "egress",
            "ethertype": "IPv4",
            "id": "4f9c47c5-6054-4fc0-a909-8dcabb9576e0",
            "port_range_max": 5044,
            "port_range_min": 5044,
            "protocol": "tcp",
            "region": "RegionOne",
            "remote_group_id": "",
            "remote_ip_prefix": "10.10.2.11/32",
            "security_group_id": "5660438d-bfbb-4057-9a11-8a9caef19979",
            "tenant_id": "d8352c7a08044ee1b71e144d88b6e26d",
            "timeouts": null
          },
          "sensitive_attributes": [],
          "identity_schema_version": 0,
          "private": "eyJlMmJmYjczMC1lY2FhLTExZTYtOGY4OC0zNDM2M2JjN2M0YzAiOnsiZGVsZXRlIjo2MDAwMDAwMDAwMDB9fQ==",
          "dependencies": [
            "openstack_networking_secgroup_v2.neutron_sg_os_private"
          ]
        }
      ]
    },
    {
      "mode": "managed",
      "type": "openstack_networking_secgroup_rule_v2",
      "name": "os_private_egress_spire",
      "provider": "provider[\"registry.terraform.io/terraform-provider-openstack/openstack\"]",
      "instances": [
        {
          "schema_version": 0,
          "attributes": {
            "description": "",
            "direction": "egress",
            "ethertype": "IPv4",
            "id": "1915e940-2733-496a-bb7a-46ca2f535701",
            "port_range_max": 8081,
            "port_range_min": 8081,
            "protocol": "tcp",
            "region": "RegionOne",
            "remote_group_id": "",
            "remote_ip_prefix": "10.10.1.20/32",
            "security_group_id": "5660438d-bfbb-4057-9a11-8a9caef19979",
            "tenant_id": "d8352c7a08044ee1b71e144d88b6e26d",
            "timeouts": null
          },
          "sensitive_attributes": [],
          "identity_schema_version": 0,
          "private": "eyJlMmJmYjczMC1lY2FhLTExZTYtOGY4OC0zNDM2M2JjN2M0YzAiOnsiZGVsZXRlIjo2MDAwMDAwMDAwMDB9fQ==",
          "dependencies": [
            "openstack_networking_secgroup_v2.neutron_sg_os_private"
          ]
        }
      ]
    },
    {
      "mode": "managed",
      "type": "openstack_networking_secgroup_rule_v2",
      "name": "os_private_egress_wazuh",
      "provider": "provider[\"registry.terraform.io/terraform-provider-openstack/openstack\"]",
      "instances": [
        {
          "schema_version": 0,
          "attributes": {
            "description": "",
            "direction": "egress",
            "ethertype": "IPv4",
            "id": "114b57ab-0589-4573-b121-fa523f290184",
            "port_range_max": 1514,
            "port_range_min": 1514,
            "protocol": "tcp",
            "region": "RegionOne",
            "remote_group_id": "",
            "remote_ip_prefix": "10.10.2.10/32",
            "security_group_id": "5660438d-bfbb-4057-9a11-8a9caef19979",
            "tenant_id": "d8352c7a08044ee1b71e144d88b6e26d",
            "timeouts": null
          },
          "sensitive_attributes": [],
          "identity_schema_version": 0,
          "private": "eyJlMmJmYjczMC1lY2FhLTExZTYtOGY4OC0zNDM2M2JjN2M0YzAiOnsiZGVsZXRlIjo2MDAwMDAwMDAwMDB9fQ==",
          "dependencies": [
            "openstack_networking_secgroup_v2.neutron_sg_os_private"
          ]
        }
      ]
    },
    {
      "mode": "managed",
      "type": "openstack_networking_secgroup_rule_v2",
      "name": "os_private_ingress_k3s_nodes",
      "provider": "provider[\"registry.terraform.io/terraform-provider-openstack/openstack\"]",
      "instances": [
        {
          "schema_version": 0,
          "attributes": {
            "description": "",
            "direction": "ingress",
            "ethertype": "IPv4",
            "id": "ba974e25-4940-46dc-98d0-f94ed858da48",
            "port_range_max": 0,
            "port_range_min": 0,
            "protocol": "tcp",
            "region": "RegionOne",
            "remote_group_id": "",
            "remote_ip_prefix": "192.168.101.0/24",
            "security_group_id": "5660438d-bfbb-4057-9a11-8a9caef19979",
            "tenant_id": "d8352c7a08044ee1b71e144d88b6e26d",
            "timeouts": null
          },
          "sensitive_attributes": [],
          "identity_schema_version": 0,
          "private": "eyJlMmJmYjczMC1lY2FhLTExZTYtOGY4OC0zNDM2M2JjN2M0YzAiOnsiZGVsZXRlIjo2MDAwMDAwMDAwMDB9fQ==",
          "dependencies": [
            "openstack_networking_secgroup_v2.neutron_sg_os_private"
          ]
        }
      ]
    },
    {
      "mode": "managed",
      "type": "openstack_networking_secgroup_v2",
      "name": "neutron_sg_os_dmz",
      "provider": "provider[\"registry.terraform.io/terraform-provider-openstack/openstack\"]",
      "instances": [
        {
          "schema_version": 0,
          "attributes": {
            "all_tags": [],
            "delete_default_rules": null,
            "description": "OpenStack DMZ security group",
            "id": "32f1e5dc-ab09-415a-abe2-d4bc6b75ebf6",
            "name": "neutron-sg-os-dmz",
            "region": "RegionOne",
            "tags": [],
            "tenant_id": "d8352c7a08044ee1b71e144d88b6e26d",
            "timeouts": null
          },
          "sensitive_attributes": [],
          "identity_schema_version": 0,
          "private": "eyJlMmJmYjczMC1lY2FhLTExZTYtOGY4OC0zNDM2M2JjN2M0YzAiOnsiZGVsZXRlIjo2MDAwMDAwMDAwMDB9fQ=="
        }
      ]
    },
    {
      "mode": "managed",
      "type": "openstack_networking_secgroup_v2",
      "name": "neutron_sg_os_identity",
      "provider": "provider[\"registry.terraform.io/terraform-provider-openstack/openstack\"]",
      "instances": [
        {
          "schema_version": 0,
          "attributes": {
            "all_tags": [],
            "delete_default_rules": null,
            "description": "OpenStack identity security group",
            "id": "04891d32-2e83-45f1-9da6-cc37609d5200",
            "name": "neutron-sg-os-identity",
            "region": "RegionOne",
            "tags": [],
            "tenant_id": "d8352c7a08044ee1b71e144d88b6e26d",
            "timeouts": null
          },
          "sensitive_attributes": [],
          "identity_schema_version": 0,
          "private": "eyJlMmJmYjczMC1lY2FhLTExZTYtOGY4OC0zNDM2M2JjN2M0YzAiOnsiZGVsZXRlIjo2MDAwMDAwMDAwMDB9fQ=="
        }
      ]
    },
    {
      "mode": "managed",
      "type": "openstack_networking_secgroup_v2",
      "name": "neutron_sg_os_private",
      "provider": "provider[\"registry.terraform.io/terraform-provider-openstack/openstack\"]",
      "instances": [
        {
          "schema_version": 0,
          "attributes": {
            "all_tags": [],
            "delete_default_rules": null,
            "description": "OpenStack private security group",
            "id": "5660438d-bfbb-4057-9a11-8a9caef19979",
            "name": "neutron-sg-os-private",
            "region": "RegionOne",
            "tags": [],
            "tenant_id": "d8352c7a08044ee1b71e144d88b6e26d",
            "timeouts": null
          },
          "sensitive_attributes": [],
          "identity_schema_version": 0,
          "private": "eyJlMmJmYjczMC1lY2FhLTExZTYtOGY4OC0zNDM2M2JjN2M0YzAiOnsiZGVsZXRlIjo2MDAwMDAwMDAwMDB9fQ=="
        }
      ]
    },
    {
      "mode": "managed",
      "type": "openstack_networking_subnet_v2",
      "name": "dmz_subnet",
      "provider": "provider[\"registry.terraform.io/terraform-provider-openstack/openstack\"]",
      "instances": [
        {
          "schema_version": 0,
          "attributes": {
            "all_tags": [],
            "allocation_pool": [
              {
                "end": "192.168.100.254",
                "start": "192.168.100.2"
              }
            ],
            "allocation_pools": [
              {
                "end": "192.168.100.254",
                "start": "192.168.100.2"
              }
            ],
            "cidr": "192.168.100.0/24",
            "description": "",
            "dns_nameservers": [
              "8.8.8.8",
              "8.8.4.4"
            ],
            "enable_dhcp": true,
            "gateway_ip": "192.168.100.1",
            "host_routes": [],
            "id": "3b59ecfd-b411-4865-ace1-eb67aca71871",
            "ip_version": 4,
            "ipv6_address_mode": "",
            "ipv6_ra_mode": "",
            "name": "zta-dmz-subnet",
            "network_id": "1992ae0f-b44a-4041-a8c1-005714b86849",
            "no_gateway": false,
            "prefix_length": null,
            "region": "RegionOne",
            "service_types": [],
            "subnetpool_id": "",
            "tags": [],
            "tenant_id": "d8352c7a08044ee1b71e144d88b6e26d",
            "timeouts": null,
            "value_specs": null
          },
          "sensitive_attributes": [],
          "identity_schema_version": 0,
          "private": "eyJlMmJmYjczMC1lY2FhLTExZTYtOGY4OC0zNDM2M2JjN2M0YzAiOnsiY3JlYXRlIjo2MDAwMDAwMDAwMDAsImRlbGV0ZSI6NjAwMDAwMDAwMDAwfX0=",
          "dependencies": [
            "openstack_networking_network_v2.dmz"
          ]
        }
      ]
    },
    {
      "mode": "managed",
      "type": "openstack_networking_subnet_v2",
      "name": "identity_subnet",
      "provider": "provider[\"registry.terraform.io/terraform-provider-openstack/openstack\"]",
      "instances": [
        {
          "schema_version": 0,
          "attributes": {
            "all_tags": [],
            "allocation_pool": [
              {
                "end": "192.168.102.254",
                "start": "192.168.102.2"
              }
            ],
            "allocation_pools": [
              {
                "end": "192.168.102.254",
                "start": "192.168.102.2"
              }
            ],
            "cidr": "192.168.102.0/24",
            "description": "",
            "dns_nameservers": [
              "8.8.8.8",
              "8.8.4.4"
            ],
            "enable_dhcp": true,
            "gateway_ip": "192.168.102.254",
            "host_routes": [],
            "id": "f462bd9c-57c2-43e8-a312-4913e6800af8",
            "ip_version": 4,
            "ipv6_address_mode": "",
            "ipv6_ra_mode": "",
            "name": "zta-identity-subnet",
            "network_id": "2449d023-d3ec-48e0-bb6c-5412b43f2744",
            "no_gateway": false,
            "prefix_length": null,
            "region": "RegionOne",
            "service_types": [],
            "subnetpool_id": "",
            "tags": [],
            "tenant_id": "d8352c7a08044ee1b71e144d88b6e26d",
            "timeouts": null,
            "value_specs": null
          },
          "sensitive_attributes": [],
          "identity_schema_version": 0,
          "private": "eyJlMmJmYjczMC1lY2FhLTExZTYtOGY4OC0zNDM2M2JjN2M0YzAiOnsiY3JlYXRlIjo2MDAwMDAwMDAwMDAsImRlbGV0ZSI6NjAwMDAwMDAwMDAwfX0=",
          "dependencies": [
            "openstack_networking_network_v2.identity"
          ]
        }
      ]
    },
    {
      "mode": "managed",
      "type": "openstack_networking_subnet_v2",
      "name": "private_subnet",
      "provider": "provider[\"registry.terraform.io/terraform-provider-openstack/openstack\"]",
      "instances": [
        {
          "schema_version": 0,
          "attributes": {
            "all_tags": [],
            "allocation_pool": [
              {
                "end": "192.168.101.254",
                "start": "192.168.101.2"
              }
            ],
            "allocation_pools": [
              {
                "end": "192.168.101.254",
                "start": "192.168.101.2"
              }
            ],
            "cidr": "192.168.101.0/24",
            "description": "",
            "dns_nameservers": [
              "8.8.8.8",
              "8.8.4.4"
            ],
            "enable_dhcp": true,
            "gateway_ip": "192.168.101.254",
            "host_routes": [],
            "id": "ed66d38e-c7cf-486c-9ea4-9337c738eee0",
            "ip_version": 4,
            "ipv6_address_mode": "",
            "ipv6_ra_mode": "",
            "name": "zta-private-subnet",
            "network_id": "fafbdf4f-56f3-4746-b51f-6536bd5631c9",
            "no_gateway": false,
            "prefix_length": null,
            "region": "RegionOne",
            "service_types": [],
            "subnetpool_id": "",
            "tags": [],
            "tenant_id": "d8352c7a08044ee1b71e144d88b6e26d",
            "timeouts": null,
            "value_specs": null
          },
          "sensitive_attributes": [],
          "identity_schema_version": 0,
          "private": "eyJlMmJmYjczMC1lY2FhLTExZTYtOGY4OC0zNDM2M2JjN2M0YzAiOnsiY3JlYXRlIjo2MDAwMDAwMDAwMDAsImRlbGV0ZSI6NjAwMDAwMDAwMDAwfX0=",
          "dependencies": [
            "openstack_networking_network_v2.private"
          ]
        }
      ]
    }
  ],
  "check_results": null
}
