{
  "version": 4,
  "terraform_version": "1.8.2",
  "serial": 45,
  "lineage": "479fd014-d454-9db7-7f56-008a81ae8493",
  "outputs": {
    "network_ids": {
      "value": {
        "dmz": "86cbc447-e24c-473b-84b0-972a40cc0e64",
        "identity": "8eebd4ba-c797-4ea8-aece-05bb6ee1edb3",
        "private": "6c43b246-bddd-4d51-a203-bb52b819983a"
      },
      "type": [
        "object",
        {
          "dmz": "string",
          "identity": "string",
          "private": "string"
        }
      ]
    },
    "openstack_instance_ids": {
      "value": {
        "os_gateway": "a62f41c1-f060-41c9-a990-e7727c149a60",
        "os_identity": "400cc35d-036b-40cf-b36e-e87f18626788",
        "os_k3s_master": "7e08233f-e247-4101-9dab-cb886d2fdbea",
        "os_k3s_worker_1": "fe873a1b-de95-430d-b110-35b845666667",
        "os_k3s_worker_2": "e545ee5d-3eec-422d-896c-87770387b462"
      },
      "type": [
        "object",
        {
          "os_gateway": "string",
          "os_identity": "string",
          "os_k3s_master": "string",
          "os_k3s_worker_1": "string",
          "os_k3s_worker_2": "string"
        }
      ]
    },
    "openstack_instances": {
      "value": {
        "os_gateway": {
          "id": "a62f41c1-f060-41c9-a990-e7727c149a60",
          "networks": {
            "dmz": "192.168.100.10",
            "identity": "192.168.102.1",
            "private": "192.168.101.1"
          },
          "public_ip": "10.10.10.188",
          "role": "wg-gateway"
        },
        "os_identity": {
          "id": "400cc35d-036b-40cf-b36e-e87f18626788",
          "identity_ip": "192.168.102.10",
          "role": "identity"
        },
        "os_k3s_master": {
          "id": "7e08233f-e247-4101-9dab-cb886d2fdbea",
          "private_ip": "192.168.101.11",
          "role": "k3s-master"
        },
        "os_k3s_worker_1": {
          "id": "fe873a1b-de95-430d-b110-35b845666667",
          "private_ip": "192.168.101.12",
          "role": "k3s-worker"
        },
        "os_k3s_worker_2": {
          "id": "e545ee5d-3eec-422d-896c-87770387b462",
          "private_ip": "192.168.101.13",
          "role": "k3s-worker"
        }
      },
      "type": [
        "object",
        {
          "os_gateway": [
            "object",
            {
              "id": "string",
              "networks": [
                "object",
                {
                  "dmz": "string",
                  "identity": "string",
                  "private": "string"
                }
              ],
              "public_ip": "string",
              "role": "string"
            }
          ],
          "os_identity": [
            "object",
            {
              "id": "string",
              "identity_ip": "string",
              "role": "string"
            }
          ],
          "os_k3s_master": [
            "object",
            {
              "id": "string",
              "private_ip": "string",
              "role": "string"
            }
          ],
          "os_k3s_worker_1": [
            "object",
            {
              "id": "string",
              "private_ip": "string",
              "role": "string"
            }
          ],
          "os_k3s_worker_2": [
            "object",
            {
              "id": "string",
              "private_ip": "string",
              "role": "string"
            }
          ]
        }
      ]
    },
    "openstack_k3s_api_tunnel": {
      "value": {
        "api_server_port": 6443,
        "k3s_master_private": "192.168.101.11",
        "local_port": 6443,
        "os_gateway_public": "10.10.10.188"
      },
      "type": [
        "object",
        {
          "api_server_port": "number",
          "k3s_master_private": "string",
          "local_port": "number",
          "os_gateway_public": "string"
        }
      ]
    },
    "openstack_network_topology": {
      "value": {
        "dmz": {
          "cidr": "192.168.100.0/24",
          "gateway_ip": "192.168.100.1",
          "network_id": "86cbc447-e24c-473b-84b0-972a40cc0e64",
          "subnet_id": "1a230272-36bd-4f23-87b4-25e52c570f5a"
        },
        "edge_router_id": "51c5b745-7dfe-4d58-997f-85543eb93115",
        "external_network": {
          "id": "2f560089-51d6-4f17-81d6-4c40f665c5fd",
          "name": "public"
        },
        "identity": {
          "cidr": "192.168.102.0/24",
          "gateway_ip": "192.168.102.1",
          "network_id": "8eebd4ba-c797-4ea8-aece-05bb6ee1edb3",
          "subnet_id": "938d98a4-65ee-4b40-a1d4-0826d5b8dca2"
        },
        "private": {
          "cidr": "192.168.101.0/24",
          "gateway_ip": "192.168.101.1",
          "network_id": "6c43b246-bddd-4d51-a203-bb52b819983a",
          "subnet_id": "1f1819ce-5d26-48f0-8bf0-da13b483a595"
        }
      },
      "type": [
        "object",
        {
          "dmz": [
            "object",
            {
              "cidr": "string",
              "gateway_ip": "string",
              "network_id": "string",
              "subnet_id": "string"
            }
          ],
          "edge_router_id": "string",
          "external_network": [
            "object",
            {
              "id": "string",
              "name": "string"
            }
          ],
          "identity": [
            "object",
            {
              "cidr": "string",
              "gateway_ip": "string",
              "network_id": "string",
              "subnet_id": "string"
            }
          ],
          "private": [
            "object",
            {
              "cidr": "string",
              "gateway_ip": "string",
              "network_id": "string",
              "subnet_id": "string"
            }
          ]
        }
      ]
    },
    "openstack_security_groups": {
      "value": {
        "dmz": {
          "id": "e06f5fa3-fa74-48af-869a-f3bb38fc3c78",
          "name": "neutron-sg-os-dmz"
        },
        "identity": {
          "id": "1fbca170-4ffa-4187-a76b-322ce8f6f1f8",
          "name": "neutron-sg-os-identity"
        },
        "private": {
          "id": "9aa60dd4-1995-4700-9f85-42602c0d35c5",
          "name": "neutron-sg-os-private"
        }
      },
      "type": [
        "object",
        {
          "dmz": [
            "object",
            {
              "id": "string",
              "name": "string"
            }
          ],
          "identity": [
            "object",
            {
              "id": "string",
              "name": "string"
            }
          ],
          "private": [
            "object",
            {
              "id": "string",
              "name": "string"
            }
          ]
        }
      ]
    },
    "os_gateway_floating_ip": {
      "value": "10.10.10.188",
      "type": "string"
    },
    "router_ids": {
      "value": {
        "edge": "51c5b745-7dfe-4d58-997f-85543eb93115"
      },
      "type": [
        "object",
        {
          "edge": "string"
        }
      ]
    },
    "security_group_ids": {
      "value": {
        "dmz": "e06f5fa3-fa74-48af-869a-f3bb38fc3c78",
        "identity": "1fbca170-4ffa-4187-a76b-322ce8f6f1f8",
        "private": "9aa60dd4-1995-4700-9f85-42602c0d35c5"
      },
      "type": [
        "object",
        {
          "dmz": "string",
          "identity": "string",
          "private": "string"
        }
      ]
    },
    "subnet_ids": {
      "value": {
        "dmz": "1a230272-36bd-4f23-87b4-25e52c570f5a",
        "identity": "938d98a4-65ee-4b40-a1d4-0826d5b8dca2",
        "private": "1f1819ce-5d26-48f0-8bf0-da13b483a595"
      },
      "type": [
        "object",
        {
          "dmz": "string",
          "identity": "string",
          "private": "string"
        }
      ]
    }
  },
  "resources": [
    {
      "mode": "data",
      "type": "openstack_networking_network_v2",
      "name": "external",
      "provider": "provider[\"registry.terraform.io/terraform-provider-openstack/openstack\"]",
      "instances": [
        {
          "schema_version": 0,
          "attributes": {
            "admin_state_up": "true",
            "all_tags": [],
            "availability_zone_hints": [],
            "description": "",
            "dns_domain": "",
            "external": true,
            "id": "2f560089-51d6-4f17-81d6-4c40f665c5fd",
            "matching_subnet_cidr": null,
            "mtu": 1500,
            "name": "public",
            "network_id": null,
            "region": "RegionOne",
            "segments": [
              {
                "network_type": "flat",
                "physical_network": "physnet1",
                "segmentation_id": 0
              }
            ],
            "shared": "false",
            "status": null,
            "subnets": [
              "6dfb1655-1c0f-44d4-9011-42732cbf5c7c"
            ],
            "tags": null,
            "tenant_id": "75d4ee3d40c048448d1f8372ef1f23b0",
            "transparent_vlan": false
          },
          "sensitive_attributes": []
        }
      ]
    },
    {
      "mode": "data",
      "type": "openstack_networking_port_v2",
      "name": "os_gateway_dmz_port",
      "provider": "provider[\"registry.terraform.io/terraform-provider-openstack/openstack\"]",
      "instances": [
        {
          "schema_version": 0,
          "attributes": {
            "admin_state_up": true,
            "all_fixed_ips": [
              "192.168.100.10"
            ],
            "all_security_group_ids": [
              "e06f5fa3-fa74-48af-869a-f3bb38fc3c78"
            ],
            "all_tags": [],
            "allowed_address_pairs": [],
            "binding": [
              {
                "host_id": "aio",
                "profile": "{}",
                "vif_details": {
                  "bound_drivers": "{\"0\":\"openvswitch\"}",
                  "bridge_name": "br-int",
                  "connectivity": "l2",
                  "datapath_type": "system",
                  "ovs_hybrid_plug": "true",
                  "port_filter": "true"
                },
                "vif_type": "ovs",
                "vnic_type": "normal"
              }
            ],
            "description": "",
            "device_id": "a62f41c1-f060-41c9-a990-e7727c149a60",
            "device_owner": "compute:nova",
            "dns_assignment": [],
            "dns_name": "",
            "extra_dhcp_option": [],
            "fixed_ip": null,
            "id": "e330d16f-3ef3-4390-baa7-83dcac50277b",
            "mac_address": "fa:16:3e:56:2b:47",
            "name": "",
            "network_id": "86cbc447-e24c-473b-84b0-972a40cc0e64",
            "port_id": "e330d16f-3ef3-4390-baa7-83dcac50277b",
            "project_id": "75d4ee3d40c048448d1f8372ef1f23b0",
            "region": "RegionOne",
            "security_group_ids": null,
            "status": null,
            "tags": null,
            "tenant_id": "75d4ee3d40c048448d1f8372ef1f23b0"
          },
          "sensitive_attributes": []
        }
      ]
    },
    {
      "mode": "managed",
      "type": "openstack_compute_instance_v2",
      "name": "os_gateway",
      "provider": "provider[\"registry.terraform.io/terraform-provider-openstack/openstack\"]",
      "instances": [
        {
          "schema_version": 0,
          "attributes": {
            "access_ip_v4": "192.168.100.10",
            "access_ip_v6": "",
            "admin_pass": null,
            "all_metadata": {},
            "all_tags": [],
            "availability_zone": "nova",
            "availability_zone_hints": null,
            "block_device": [],
            "config_drive": null,
            "created": "2026-05-19 08:07:10 +0000 UTC",
            "flavor_id": "3b0268df-399f-43db-b6d8-7db24ebb2f3e",
            "flavor_name": "nano-plus",
            "floating_ip": null,
            "force_delete": false,
            "id": "a62f41c1-f060-41c9-a990-e7727c149a60",
            "image_id": "7abc69f2-eaa5-47cf-8a6c-ccd5270ac523",
            "image_name": "ubuntu-22.04",
            "key_pair": "",
            "metadata": null,
            "name": "os-gateway",
            "network": [
              {
                "access_network": true,
                "fixed_ip_v4": "192.168.100.10",
                "fixed_ip_v6": "",
                "floating_ip": "",
                "mac": "fa:16:3e:56:2b:47",
                "name": "zta-dmz-network",
                "port": "",
                "uuid": "86cbc447-e24c-473b-84b0-972a40cc0e64"
              },
              {
                "access_network": false,
                "fixed_ip_v4": "192.168.101.1",
                "fixed_ip_v6": "",
                "floating_ip": "",
                "mac": "fa:16:3e:31:d5:0d",
                "name": "zta-private-network",
                "port": "4b28b6ad-5922-44b2-b0d9-ff75fd4cdefe",
                "uuid": "6c43b246-bddd-4d51-a203-bb52b819983a"
              },
              {
                "access_network": false,
                "fixed_ip_v4": "192.168.102.1",
                "fixed_ip_v6": "",
                "floating_ip": "",
                "mac": "fa:16:3e:40:07:41",
                "name": "zta-identity-network",
                "port": "9eede625-49cb-4197-b6c9-17e590701677",
                "uuid": "8eebd4ba-c797-4ea8-aece-05bb6ee1edb3"
              }
            ],
            "network_mode": null,
            "personality": [],
            "power_state": "active",
            "region": "RegionOne",
            "scheduler_hints": [],
            "security_groups": [
              "neutron-sg-os-dmz"
            ],
            "stop_before_destroy": false,
            "tags": [],
            "timeouts": null,
            "updated": "2026-05-19 08:07:18 +0000 UTC",
            "user_data": "d5d992ada227b78843ab10cb2534b4730ae5d987",
            "vendor_options": [],
            "volume": []
          },
          "sensitive_attributes": [
            [
              {
                "type": "get_attr",
                "value": "admin_pass"
              }
            ]
          ],
          "private": "eyJlMmJmYjczMC1lY2FhLTExZTYtOGY4OC0zNDM2M2JjN2M0YzAiOnsiY3JlYXRlIjoxODAwMDAwMDAwMDAwLCJkZWxldGUiOjE4MDAwMDAwMDAwMDAsInVwZGF0ZSI6MTgwMDAwMDAwMDAwMH19",
          "dependencies": [
            "data.openstack_networking_network_v2.external",
            "openstack_networking_network_v2.dmz",
            "openstack_networking_network_v2.identity",
            "openstack_networking_network_v2.private",
            "openstack_networking_port_v2.os_gateway_identity_port",
            "openstack_networking_port_v2.os_gateway_private_port",
            "openstack_networking_router_interface_v2.edge_router_dmz",
            "openstack_networking_router_v2.edge_router",
            "openstack_networking_secgroup_v2.neutron_sg_os_dmz",
            "openstack_networking_subnet_v2.dmz_subnet",
            "openstack_networking_subnet_v2.identity_subnet",
            "openstack_networking_subnet_v2.private_subnet"
          ]
        }
      ]
    },
    {
      "mode": "managed",
      "type": "openstack_compute_instance_v2",
      "name": "os_identity",
      "provider": "provider[\"registry.terraform.io/terraform-provider-openstack/openstack\"]",
      "instances": [
        {
          "schema_version": 0,
          "attributes": {
            "access_ip_v4": "192.168.102.10",
            "access_ip_v6": "",
            "admin_pass": null,
            "all_metadata": {},
            "all_tags": [],
            "availability_zone": "nova",
            "availability_zone_hints": null,
            "block_device": [],
            "config_drive": null,
            "created": "2026-05-19 08:07:21 +0000 UTC",
            "flavor_id": "3b0268df-399f-43db-b6d8-7db24ebb2f3e",
            "flavor_name": "nano-plus",
            "floating_ip": null,
            "force_delete": false,
            "id": "400cc35d-036b-40cf-b36e-e87f18626788",
            "image_id": "7abc69f2-eaa5-47cf-8a6c-ccd5270ac523",
            "image_name": "ubuntu-22.04",
            "key_pair": "",
            "metadata": null,
            "name": "os-identity",
            "network": [
              {
                "access_network": false,
                "fixed_ip_v4": "192.168.102.10",
                "fixed_ip_v6": "",
                "floating_ip": "",
                "mac": "fa:16:3e:b1:dd:20",
                "name": "zta-identity-network",
                "port": "",
                "uuid": "8eebd4ba-c797-4ea8-aece-05bb6ee1edb3"
              }
            ],
            "network_mode": null,
            "personality": [],
            "power_state": "active",
            "region": "RegionOne",
            "scheduler_hints": [],
            "security_groups": [
              "neutron-sg-os-identity"
            ],
            "stop_before_destroy": false,
            "tags": [],
            "timeouts": null,
            "updated": "2026-05-19 08:07:25 +0000 UTC",
            "user_data": "aea34b6498b52df4b2da1815eccdf37af0f50a51",
            "vendor_options": [],
            "volume": []
          },
          "sensitive_attributes": [
            [
              {
                "type": "get_attr",
                "value": "admin_pass"
              }
            ]
          ],
          "private": "eyJlMmJmYjczMC1lY2FhLTExZTYtOGY4OC0zNDM2M2JjN2M0YzAiOnsiY3JlYXRlIjoxODAwMDAwMDAwMDAwLCJkZWxldGUiOjE4MDAwMDAwMDAwMDAsInVwZGF0ZSI6MTgwMDAwMDAwMDAwMH19",
          "dependencies": [
            "data.openstack_networking_network_v2.external",
            "openstack_compute_instance_v2.os_gateway",
            "openstack_networking_network_v2.dmz",
            "openstack_networking_network_v2.identity",
            "openstack_networking_network_v2.private",
            "openstack_networking_port_v2.os_gateway_identity_port",
            "openstack_networking_port_v2.os_gateway_private_port",
            "openstack_networking_router_interface_v2.edge_router_dmz",
            "openstack_networking_router_v2.edge_router",
            "openstack_networking_secgroup_v2.neutron_sg_os_dmz",
            "openstack_networking_secgroup_v2.neutron_sg_os_identity",
            "openstack_networking_subnet_v2.dmz_subnet",
            "openstack_networking_subnet_v2.identity_subnet",
            "openstack_networking_subnet_v2.private_subnet"
          ]
        }
      ]
    },
    {
      "mode": "managed",
      "type": "openstack_compute_instance_v2",
      "name": "os_k3s_master",
      "provider": "provider[\"registry.terraform.io/terraform-provider-openstack/openstack\"]",
      "instances": [
        {
          "schema_version": 0,
          "attributes": {
            "access_ip_v4": "192.168.101.11",
            "access_ip_v6": "",
            "admin_pass": null,
            "all_metadata": {},
            "all_tags": [],
            "availability_zone": "nova",
            "availability_zone_hints": null,
            "block_device": [],
            "config_drive": null,
            "created": "2026-05-19 08:07:23 +0000 UTC",
            "flavor_id": "af8043a1-088e-477a-9ce3-124dd56a71f1",
            "flavor_name": "m1.medium",
            "floating_ip": null,
            "force_delete": false,
            "id": "7e08233f-e247-4101-9dab-cb886d2fdbea",
            "image_id": "7abc69f2-eaa5-47cf-8a6c-ccd5270ac523",
            "image_name": "ubuntu-22.04",
            "key_pair": "",
            "metadata": null,
            "name": "os-k3s-master",
            "network": [
              {
                "access_network": false,
                "fixed_ip_v4": "192.168.101.11",
                "fixed_ip_v6": "",
                "floating_ip": "",
                "mac": "fa:16:3e:65:0c:ac",
                "name": "zta-private-network",
                "port": "",
                "uuid": "6c43b246-bddd-4d51-a203-bb52b819983a"
              }
            ],
            "network_mode": null,
            "personality": [],
            "power_state": "active",
            "region": "RegionOne",
            "scheduler_hints": [],
            "security_groups": [
              "neutron-sg-os-private"
            ],
            "stop_before_destroy": false,
            "tags": [],
            "timeouts": null,
            "updated": "2026-05-19 08:07:26 +0000 UTC",
            "user_data": "aea34b6498b52df4b2da1815eccdf37af0f50a51",
            "vendor_options": [],
            "volume": []
          },
          "sensitive_attributes": [
            [
              {
                "type": "get_attr",
                "value": "admin_pass"
              }
            ]
          ],
          "private": "eyJlMmJmYjczMC1lY2FhLTExZTYtOGY4OC0zNDM2M2JjN2M0YzAiOnsiY3JlYXRlIjoxODAwMDAwMDAwMDAwLCJkZWxldGUiOjE4MDAwMDAwMDAwMDAsInVwZGF0ZSI6MTgwMDAwMDAwMDAwMH19",
          "dependencies": [
            "data.openstack_networking_network_v2.external",
            "openstack_compute_instance_v2.os_gateway",
            "openstack_networking_network_v2.dmz",
            "openstack_networking_network_v2.identity",
            "openstack_networking_network_v2.private",
            "openstack_networking_port_v2.os_gateway_identity_port",
            "openstack_networking_port_v2.os_gateway_private_port",
            "openstack_networking_router_interface_v2.edge_router_dmz",
            "openstack_networking_router_v2.edge_router",
            "openstack_networking_secgroup_v2.neutron_sg_os_dmz",
            "openstack_networking_secgroup_v2.neutron_sg_os_private",
            "openstack_networking_subnet_v2.dmz_subnet",
            "openstack_networking_subnet_v2.identity_subnet",
            "openstack_networking_subnet_v2.private_subnet"
          ]
        }
      ]
    },
    {
      "mode": "managed",
      "type": "openstack_compute_instance_v2",
      "name": "os_k3s_worker_1",
      "provider": "provider[\"registry.terraform.io/terraform-provider-openstack/openstack\"]",
      "instances": [
        {
          "schema_version": 0,
          "attributes": {
            "access_ip_v4": "192.168.101.12",
            "access_ip_v6": "",
            "admin_pass": null,
            "all_metadata": {},
            "all_tags": [],
            "availability_zone": "nova",
            "availability_zone_hints": null,
            "block_device": [],
            "config_drive": null,
            "created": "2026-05-19 08:07:22 +0000 UTC",
            "flavor_id": "af8043a1-088e-477a-9ce3-124dd56a71f1",
            "flavor_name": "m1.medium",
            "floating_ip": null,
            "force_delete": false,
            "id": "fe873a1b-de95-430d-b110-35b845666667",
            "image_id": "7abc69f2-eaa5-47cf-8a6c-ccd5270ac523",
            "image_name": "ubuntu-22.04",
            "key_pair": "",
            "metadata": null,
            "name": "os-k3s-worker-1",
            "network": [
              {
                "access_network": false,
                "fixed_ip_v4": "192.168.101.12",
                "fixed_ip_v6": "",
                "floating_ip": "",
                "mac": "fa:16:3e:b2:a4:ff",
                "name": "zta-private-network",
                "port": "",
                "uuid": "6c43b246-bddd-4d51-a203-bb52b819983a"
              }
            ],
            "network_mode": null,
            "personality": [],
            "power_state": "active",
            "region": "RegionOne",
            "scheduler_hints": [],
            "security_groups": [
              "neutron-sg-os-private"
            ],
            "stop_before_destroy": false,
            "tags": [],
            "timeouts": null,
            "updated": "2026-05-19 08:07:27 +0000 UTC",
            "user_data": "aea34b6498b52df4b2da1815eccdf37af0f50a51",
            "vendor_options": [],
            "volume": []
          },
          "sensitive_attributes": [
            [
              {
                "type": "get_attr",
                "value": "admin_pass"
              }
            ]
          ],
          "private": "eyJlMmJmYjczMC1lY2FhLTExZTYtOGY4OC0zNDM2M2JjN2M0YzAiOnsiY3JlYXRlIjoxODAwMDAwMDAwMDAwLCJkZWxldGUiOjE4MDAwMDAwMDAwMDAsInVwZGF0ZSI6MTgwMDAwMDAwMDAwMH19",
          "dependencies": [
            "data.openstack_networking_network_v2.external",
            "openstack_compute_instance_v2.os_gateway",
            "openstack_networking_network_v2.dmz",
            "openstack_networking_network_v2.identity",
            "openstack_networking_network_v2.private",
            "openstack_networking_port_v2.os_gateway_identity_port",
            "openstack_networking_port_v2.os_gateway_private_port",
            "openstack_networking_router_interface_v2.edge_router_dmz",
            "openstack_networking_router_v2.edge_router",
            "openstack_networking_secgroup_v2.neutron_sg_os_dmz",
            "openstack_networking_secgroup_v2.neutron_sg_os_private",
            "openstack_networking_subnet_v2.dmz_subnet",
            "openstack_networking_subnet_v2.identity_subnet",
            "openstack_networking_subnet_v2.private_subnet"
          ]
        }
      ]
    },
    {
      "mode": "managed",
      "type": "openstack_compute_instance_v2",
      "name": "os_k3s_worker_2",
      "provider": "provider[\"registry.terraform.io/terraform-provider-openstack/openstack\"]",
      "instances": [
        {
          "schema_version": 0,
          "attributes": {
            "access_ip_v4": "192.168.101.13",
            "access_ip_v6": "",
            "admin_pass": null,
            "all_metadata": {},
            "all_tags": [],
            "availability_zone": "nova",
            "availability_zone_hints": null,
            "block_device": [],
            "config_drive": null,
            "created": "2026-05-19 08:07:22 +0000 UTC",
            "flavor_id": "af8043a1-088e-477a-9ce3-124dd56a71f1",
            "flavor_name": "m1.medium",
            "floating_ip": null,
            "force_delete": false,
            "id": "e545ee5d-3eec-422d-896c-87770387b462",
            "image_id": "7abc69f2-eaa5-47cf-8a6c-ccd5270ac523",
            "image_name": "ubuntu-22.04",
            "key_pair": "",
            "metadata": null,
            "name": "os-k3s-worker-2",
            "network": [
              {
                "access_network": false,
                "fixed_ip_v4": "192.168.101.13",
                "fixed_ip_v6": "",
                "floating_ip": "",
                "mac": "fa:16:3e:7f:88:5b",
                "name": "zta-private-network",
                "port": "",
                "uuid": "6c43b246-bddd-4d51-a203-bb52b819983a"
              }
            ],
            "network_mode": null,
            "personality": [],
            "power_state": "active",
            "region": "RegionOne",
            "scheduler_hints": [],
            "security_groups": [
              "neutron-sg-os-private"
            ],
            "stop_before_destroy": false,
            "tags": [],
            "timeouts": null,
            "updated": "2026-05-19 08:07:27 +0000 UTC",
            "user_data": "aea34b6498b52df4b2da1815eccdf37af0f50a51",
            "vendor_options": [],
            "volume": []
          },
          "sensitive_attributes": [
            [
              {
                "type": "get_attr",
                "value": "admin_pass"
              }
            ]
          ],
          "private": "eyJlMmJmYjczMC1lY2FhLTExZTYtOGY4OC0zNDM2M2JjN2M0YzAiOnsiY3JlYXRlIjoxODAwMDAwMDAwMDAwLCJkZWxldGUiOjE4MDAwMDAwMDAwMDAsInVwZGF0ZSI6MTgwMDAwMDAwMDAwMH19",
          "dependencies": [
            "data.openstack_networking_network_v2.external",
            "openstack_compute_instance_v2.os_gateway",
            "openstack_networking_network_v2.dmz",
            "openstack_networking_network_v2.identity",
            "openstack_networking_network_v2.private",
            "openstack_networking_port_v2.os_gateway_identity_port",
            "openstack_networking_port_v2.os_gateway_private_port",
            "openstack_networking_router_interface_v2.edge_router_dmz",
            "openstack_networking_router_v2.edge_router",
            "openstack_networking_secgroup_v2.neutron_sg_os_dmz",
            "openstack_networking_secgroup_v2.neutron_sg_os_private",
            "openstack_networking_subnet_v2.dmz_subnet",
            "openstack_networking_subnet_v2.identity_subnet",
            "openstack_networking_subnet_v2.private_subnet"
          ]
        }
      ]
    },
    {
      "mode": "managed",
      "type": "openstack_networking_floatingip_associate_v2",
      "name": "os_gateway_fip_assoc",
      "provider": "provider[\"registry.terraform.io/terraform-provider-openstack/openstack\"]",
      "instances": [
        {
          "schema_version": 0,
          "attributes": {
            "fixed_ip": "192.168.100.10",
            "floating_ip": "10.10.10.188",
            "id": "c4f82f43-609f-40b2-a81d-b022144e6368",
            "port_id": "e330d16f-3ef3-4390-baa7-83dcac50277b",
            "region": "RegionOne"
          },
          "sensitive_attributes": [],
          "private": "bnVsbA==",
          "dependencies": [
            "data.openstack_networking_network_v2.external",
            "data.openstack_networking_port_v2.os_gateway_dmz_port",
            "openstack_compute_instance_v2.os_gateway",
            "openstack_networking_floatingip_v2.os_gateway_fip",
            "openstack_networking_network_v2.dmz",
            "openstack_networking_network_v2.identity",
            "openstack_networking_network_v2.private",
            "openstack_networking_port_v2.os_gateway_identity_port",
            "openstack_networking_port_v2.os_gateway_private_port",
            "openstack_networking_router_interface_v2.edge_router_dmz",
            "openstack_networking_router_v2.edge_router",
            "openstack_networking_secgroup_v2.neutron_sg_os_dmz",
            "openstack_networking_subnet_v2.dmz_subnet",
            "openstack_networking_subnet_v2.identity_subnet",
            "openstack_networking_subnet_v2.private_subnet"
          ]
        }
      ]
    },
    {
      "mode": "managed",
      "type": "openstack_networking_floatingip_v2",
      "name": "os_gateway_fip",
      "provider": "provider[\"registry.terraform.io/terraform-provider-openstack/openstack\"]",
      "instances": [
        {
          "schema_version": 0,
          "attributes": {
            "address": "10.10.10.188",
            "all_tags": [],
            "description": "",
            "dns_domain": "",
            "dns_name": "",
            "fixed_ip": "192.168.100.10",
            "id": "c4f82f43-609f-40b2-a81d-b022144e6368",
            "pool": "public",
            "port_id": "e330d16f-3ef3-4390-baa7-83dcac50277b",
            "region": "RegionOne",
            "subnet_id": null,
            "subnet_ids": null,
            "tags": [],
            "tenant_id": "75d4ee3d40c048448d1f8372ef1f23b0",
            "timeouts": null,
            "value_specs": null
          },
          "sensitive_attributes": [],
          "private": "eyJlMmJmYjczMC1lY2FhLTExZTYtOGY4OC0zNDM2M2JjN2M0YzAiOnsiY3JlYXRlIjo2MDAwMDAwMDAwMDAsImRlbGV0ZSI6NjAwMDAwMDAwMDAwfX0=",
          "dependencies": [
            "data.openstack_networking_network_v2.external"
          ]
        }
      ]
    },
    {
      "mode": "managed",
      "type": "openstack_networking_network_v2",
      "name": "dmz",
      "provider": "provider[\"registry.terraform.io/terraform-provider-openstack/openstack\"]",
      "instances": [
        {
          "schema_version": 0,
          "attributes": {
            "admin_state_up": true,
            "all_tags": [],
            "availability_zone_hints": [],
            "description": "",
            "dns_domain": "",
            "external": false,
            "id": "86cbc447-e24c-473b-84b0-972a40cc0e64",
            "mtu": 1450,
            "name": "zta-dmz-network",
            "port_security_enabled": true,
            "qos_policy_id": "",
            "region": "RegionOne",
            "segments": [
              {
                "network_type": "vxlan",
                "physical_network": "",
                "segmentation_id": 676
              }
            ],
            "shared": false,
            "tags": [],
            "tenant_id": "75d4ee3d40c048448d1f8372ef1f23b0",
            "timeouts": null,
            "transparent_vlan": false,
            "value_specs": null
          },
          "sensitive_attributes": [],
          "private": "eyJlMmJmYjczMC1lY2FhLTExZTYtOGY4OC0zNDM2M2JjN2M0YzAiOnsiY3JlYXRlIjo2MDAwMDAwMDAwMDAsImRlbGV0ZSI6NjAwMDAwMDAwMDAwfX0="
        }
      ]
    },
    {
      "mode": "managed",
      "type": "openstack_networking_network_v2",
      "name": "identity",
      "provider": "provider[\"registry.terraform.io/terraform-provider-openstack/openstack\"]",
      "instances": [
        {
          "schema_version": 0,
          "attributes": {
            "admin_state_up": true,
            "all_tags": [],
            "availability_zone_hints": [],
            "description": "",
            "dns_domain": "",
            "external": false,
            "id": "8eebd4ba-c797-4ea8-aece-05bb6ee1edb3",
            "mtu": 1450,
            "name": "zta-identity-network",
            "port_security_enabled": true,
            "qos_policy_id": "",
            "region": "RegionOne",
            "segments": [
              {
                "network_type": "vxlan",
                "physical_network": "",
                "segmentation_id": 969
              }
            ],
            "shared": false,
            "tags": [],
            "tenant_id": "75d4ee3d40c048448d1f8372ef1f23b0",
            "timeouts": null,
            "transparent_vlan": false,
            "value_specs": null
          },
          "sensitive_attributes": [],
          "private": "eyJlMmJmYjczMC1lY2FhLTExZTYtOGY4OC0zNDM2M2JjN2M0YzAiOnsiY3JlYXRlIjo2MDAwMDAwMDAwMDAsImRlbGV0ZSI6NjAwMDAwMDAwMDAwfX0=",
          "dependencies": [
            "openstack_networking_network_v2.dmz"
          ]
        }
      ]
    },
    {
      "mode": "managed",
      "type": "openstack_networking_network_v2",
      "name": "private",
      "provider": "provider[\"registry.terraform.io/terraform-provider-openstack/openstack\"]",
      "instances": [
        {
          "schema_version": 0,
          "attributes": {
            "admin_state_up": true,
            "all_tags": [],
            "availability_zone_hints": [],
            "description": "",
            "dns_domain": "",
            "external": false,
            "id": "6c43b246-bddd-4d51-a203-bb52b819983a",
            "mtu": 1450,
            "name": "zta-private-network",
            "port_security_enabled": true,
            "qos_policy_id": "",
            "region": "RegionOne",
            "segments": [
              {
                "network_type": "vxlan",
                "physical_network": "",
                "segmentation_id": 458
              }
            ],
            "shared": false,
            "tags": [],
            "tenant_id": "75d4ee3d40c048448d1f8372ef1f23b0",
            "timeouts": null,
            "transparent_vlan": false,
            "value_specs": null
          },
          "sensitive_attributes": [],
          "private": "eyJlMmJmYjczMC1lY2FhLTExZTYtOGY4OC0zNDM2M2JjN2M0YzAiOnsiY3JlYXRlIjo2MDAwMDAwMDAwMDAsImRlbGV0ZSI6NjAwMDAwMDAwMDAwfX0=",
          "dependencies": [
            "openstack_networking_network_v2.dmz"
          ]
        }
      ]
    },
    {
      "mode": "managed",
      "type": "openstack_networking_port_v2",
      "name": "os_gateway_identity_port",
      "provider": "provider[\"registry.terraform.io/terraform-provider-openstack/openstack\"]",
      "instances": [
        {
          "schema_version": 0,
          "attributes": {
            "admin_state_up": true,
            "all_fixed_ips": [
              "192.168.102.1"
            ],
            "all_security_group_ids": [],
            "all_tags": [],
            "allowed_address_pairs": [],
            "binding": [
              {
                "host_id": "aio",
                "profile": "{}",
                "vif_details": {
                  "bound_drivers": "{\"0\":\"openvswitch\"}",
                  "bridge_name": "br-int",
                  "connectivity": "l2",
                  "datapath_type": "system",
                  "ovs_hybrid_plug": "true",
                  "port_filter": "true"
                },
                "vif_type": "ovs",
                "vnic_type": "normal"
              }
            ],
            "description": "",
            "device_id": "a62f41c1-f060-41c9-a990-e7727c149a60",
            "device_owner": "compute:nova",
            "dns_assignment": [],
            "dns_name": "",
            "extra_dhcp_option": [],
            "fixed_ip": [
              {
                "ip_address": "192.168.102.1",
                "subnet_id": "938d98a4-65ee-4b40-a1d4-0826d5b8dca2"
              }
            ],
            "id": "9eede625-49cb-4197-b6c9-17e590701677",
            "mac_address": "fa:16:3e:40:07:41",
            "name": "os-gateway-identity-port",
            "network_id": "8eebd4ba-c797-4ea8-aece-05bb6ee1edb3",
            "no_fixed_ip": null,
            "no_security_groups": null,
            "port_security_enabled": false,
            "qos_policy_id": "",
            "region": "RegionOne",
            "security_group_ids": null,
            "tags": [],
            "tenant_id": "75d4ee3d40c048448d1f8372ef1f23b0",
            "timeouts": null,
            "value_specs": null
          },
          "sensitive_attributes": [],
          "private": "eyJlMmJmYjczMC1lY2FhLTExZTYtOGY4OC0zNDM2M2JjN2M0YzAiOnsiY3JlYXRlIjo2MDAwMDAwMDAwMDAsImRlbGV0ZSI6NjAwMDAwMDAwMDAwfX0=",
          "dependencies": [
            "openstack_networking_network_v2.dmz",
            "openstack_networking_network_v2.identity",
            "openstack_networking_subnet_v2.identity_subnet"
          ]
        }
      ]
    },
    {
      "mode": "managed",
      "type": "openstack_networking_port_v2",
      "name": "os_gateway_private_port",
      "provider": "provider[\"registry.terraform.io/terraform-provider-openstack/openstack\"]",
      "instances": [
        {
          "schema_version": 0,
          "attributes": {
            "admin_state_up": true,
            "all_fixed_ips": [
              "192.168.101.1"
            ],
            "all_security_group_ids": [],
            "all_tags": [],
            "allowed_address_pairs": [],
            "binding": [
              {
                "host_id": "aio",
                "profile": "{}",
                "vif_details": {
                  "bound_drivers": "{\"0\":\"openvswitch\"}",
                  "bridge_name": "br-int",
                  "connectivity": "l2",
                  "datapath_type": "system",
                  "ovs_hybrid_plug": "true",
                  "port_filter": "true"
                },
                "vif_type": "ovs",
                "vnic_type": "normal"
              }
            ],
            "description": "",
            "device_id": "a62f41c1-f060-41c9-a990-e7727c149a60",
            "device_owner": "compute:nova",
            "dns_assignment": [],
            "dns_name": "",
            "extra_dhcp_option": [],
            "fixed_ip": [
              {
                "ip_address": "192.168.101.1",
                "subnet_id": "1f1819ce-5d26-48f0-8bf0-da13b483a595"
              }
            ],
            "id": "4b28b6ad-5922-44b2-b0d9-ff75fd4cdefe",
            "mac_address": "fa:16:3e:31:d5:0d",
            "name": "os-gateway-private-port",
            "network_id": "6c43b246-bddd-4d51-a203-bb52b819983a",
            "no_fixed_ip": null,
            "no_security_groups": null,
            "port_security_enabled": false,
            "qos_policy_id": "",
            "region": "RegionOne",
            "security_group_ids": null,
            "tags": [],
            "tenant_id": "75d4ee3d40c048448d1f8372ef1f23b0",
            "timeouts": null,
            "value_specs": null
          },
          "sensitive_attributes": [],
          "private": "eyJlMmJmYjczMC1lY2FhLTExZTYtOGY4OC0zNDM2M2JjN2M0YzAiOnsiY3JlYXRlIjo2MDAwMDAwMDAwMDAsImRlbGV0ZSI6NjAwMDAwMDAwMDAwfX0=",
          "dependencies": [
            "openstack_networking_network_v2.dmz",
            "openstack_networking_network_v2.private",
            "openstack_networking_subnet_v2.private_subnet"
          ]
        }
      ]
    },
    {
      "mode": "managed",
      "type": "openstack_networking_router_interface_v2",
      "name": "edge_router_dmz",
      "provider": "provider[\"registry.terraform.io/terraform-provider-openstack/openstack\"]",
      "instances": [
        {
          "schema_version": 0,
          "attributes": {
            "force_destroy": false,
            "id": "f1fba3e1-fcd7-4c0d-acb0-c6e1e09ead79",
            "port_id": "f1fba3e1-fcd7-4c0d-acb0-c6e1e09ead79",
            "region": "RegionOne",
            "router_id": "51c5b745-7dfe-4d58-997f-85543eb93115",
            "subnet_id": "1a230272-36bd-4f23-87b4-25e52c570f5a",
            "timeouts": null
          },
          "sensitive_attributes": [],
          "private": "eyJlMmJmYjczMC1lY2FhLTExZTYtOGY4OC0zNDM2M2JjN2M0YzAiOnsiY3JlYXRlIjo2MDAwMDAwMDAwMDAsImRlbGV0ZSI6NjAwMDAwMDAwMDAwfX0=",
          "dependencies": [
            "data.openstack_networking_network_v2.external",
            "openstack_networking_network_v2.dmz",
            "openstack_networking_router_v2.edge_router",
            "openstack_networking_subnet_v2.dmz_subnet"
          ]
        }
      ]
    },
    {
      "mode": "managed",
      "type": "openstack_networking_router_v2",
      "name": "edge_router",
      "provider": "provider[\"registry.terraform.io/terraform-provider-openstack/openstack\"]",
      "instances": [
        {
          "schema_version": 0,
          "attributes": {
            "admin_state_up": true,
            "all_tags": [],
            "availability_zone_hints": [],
            "description": "",
            "distributed": false,
            "enable_snat": true,
            "external_fixed_ip": [
              {
                "ip_address": "10.10.10.186",
                "subnet_id": "6dfb1655-1c0f-44d4-9011-42732cbf5c7c"
              }
            ],
            "external_gateway": "2f560089-51d6-4f17-81d6-4c40f665c5fd",
            "external_network_id": "2f560089-51d6-4f17-81d6-4c40f665c5fd",
            "external_subnet_ids": null,
            "id": "51c5b745-7dfe-4d58-997f-85543eb93115",
            "name": "zta-edge-router",
            "region": "RegionOne",
            "tags": [],
            "tenant_id": "75d4ee3d40c048448d1f8372ef1f23b0",
            "timeouts": null,
            "value_specs": null,
            "vendor_options": []
          },
          "sensitive_attributes": [],
          "private": "eyJlMmJmYjczMC1lY2FhLTExZTYtOGY4OC0zNDM2M2JjN2M0YzAiOnsiY3JlYXRlIjo2MDAwMDAwMDAwMDAsImRlbGV0ZSI6NjAwMDAwMDAwMDAwfX0=",
          "dependencies": [
            "data.openstack_networking_network_v2.external"
          ]
        }
      ]
    },
    {
      "mode": "managed",
      "type": "openstack_networking_secgroup_rule_v2",
      "name": "os_dmz_ingress_from_external",
      "provider": "provider[\"registry.terraform.io/terraform-provider-openstack/openstack\"]",
      "instances": [
        {
          "schema_version": 0,
          "attributes": {
            "description": "",
            "direction": "ingress",
            "ethertype": "IPv4",
            "id": "a53a5359-8a7e-4d94-9541-a5997590a3ff",
            "port_range_max": 443,
            "port_range_min": 443,
            "protocol": "tcp",
            "region": "RegionOne",
            "remote_group_id": "",
            "remote_ip_prefix": "0.0.0.0/0",
            "security_group_id": "e06f5fa3-fa74-48af-869a-f3bb38fc3c78",
            "tenant_id": "75d4ee3d40c048448d1f8372ef1f23b0",
            "timeouts": null
          },
          "sensitive_attributes": [],
          "private": "eyJlMmJmYjczMC1lY2FhLTExZTYtOGY4OC0zNDM2M2JjN2M0YzAiOnsiZGVsZXRlIjo2MDAwMDAwMDAwMDB9fQ==",
          "dependencies": [
            "openstack_networking_secgroup_v2.neutron_sg_os_dmz"
          ]
        }
      ]
    },
    {
      "mode": "managed",
      "type": "openstack_networking_secgroup_rule_v2",
      "name": "os_dmz_ingress_ssh_from_aio",
      "provider": "provider[\"registry.terraform.io/terraform-provider-openstack/openstack\"]",
      "instances": [
        {
          "schema_version": 0,
          "attributes": {
            "description": "",
            "direction": "ingress",
            "ethertype": "IPv4",
            "id": "2635a1c6-d150-4a19-b92c-80df7fe12908",
            "port_range_max": 22,
            "port_range_min": 22,
            "protocol": "tcp",
            "region": "RegionOne",
            "remote_group_id": "",
            "remote_ip_prefix": "10.10.10.0/24",
            "security_group_id": "e06f5fa3-fa74-48af-869a-f3bb38fc3c78",
            "tenant_id": "75d4ee3d40c048448d1f8372ef1f23b0",
            "timeouts": null
          },
          "sensitive_attributes": [],
          "private": "eyJlMmJmYjczMC1lY2FhLTExZTYtOGY4OC0zNDM2M2JjN2M0YzAiOnsiZGVsZXRlIjo2MDAwMDAwMDAwMDB9fQ==",
          "dependencies": [
            "openstack_networking_secgroup_v2.neutron_sg_os_dmz"
          ]
        }
      ]
    },
    {
      "mode": "managed",
      "type": "openstack_networking_secgroup_rule_v2",
      "name": "os_identity_egress_dns",
      "provider": "provider[\"registry.terraform.io/terraform-provider-openstack/openstack\"]",
      "instances": [
        {
          "schema_version": 0,
          "attributes": {
            "description": "",
            "direction": "egress",
            "ethertype": "IPv4",
            "id": "39240f5b-9ba6-49ac-8d08-7b76eb26e52c",
            "port_range_max": 53,
            "port_range_min": 53,
            "protocol": "udp",
            "region": "RegionOne",
            "remote_group_id": "",
            "remote_ip_prefix": "0.0.0.0/0",
            "security_group_id": "1fbca170-4ffa-4187-a76b-322ce8f6f1f8",
            "tenant_id": "75d4ee3d40c048448d1f8372ef1f23b0",
            "timeouts": null
          },
          "sensitive_attributes": [],
          "private": "eyJlMmJmYjczMC1lY2FhLTExZTYtOGY4OC0zNDM2M2JjN2M0YzAiOnsiZGVsZXRlIjo2MDAwMDAwMDAwMDB9fQ==",
          "dependencies": [
            "openstack_networking_secgroup_v2.neutron_sg_os_identity"
          ]
        }
      ]
    },
    {
      "mode": "managed",
      "type": "openstack_networking_secgroup_rule_v2",
      "name": "os_identity_egress_http_https",
      "provider": "provider[\"registry.terraform.io/terraform-provider-openstack/openstack\"]",
      "instances": [
        {
          "schema_version": 0,
          "attributes": {
            "description": "",
            "direction": "egress",
            "ethertype": "IPv4",
            "id": "96b4ad8a-58fe-4f1d-9f6f-7c452a51ef57",
            "port_range_max": 80,
            "port_range_min": 80,
            "protocol": "tcp",
            "region": "RegionOne",
            "remote_group_id": "",
            "remote_ip_prefix": "0.0.0.0/0",
            "security_group_id": "1fbca170-4ffa-4187-a76b-322ce8f6f1f8",
            "tenant_id": "75d4ee3d40c048448d1f8372ef1f23b0",
            "timeouts": null
          },
          "sensitive_attributes": [],
          "private": "eyJlMmJmYjczMC1lY2FhLTExZTYtOGY4OC0zNDM2M2JjN2M0YzAiOnsiZGVsZXRlIjo2MDAwMDAwMDAwMDB9fQ==",
          "dependencies": [
            "openstack_networking_secgroup_v2.neutron_sg_os_identity"
          ]
        }
      ]
    },
    {
      "mode": "managed",
      "type": "openstack_networking_secgroup_rule_v2",
      "name": "os_identity_egress_https",
      "provider": "provider[\"registry.terraform.io/terraform-provider-openstack/openstack\"]",
      "instances": [
        {
          "schema_version": 0,
          "attributes": {
            "description": "",
            "direction": "egress",
            "ethertype": "IPv4",
            "id": "60f57f9f-816f-4471-a1c5-c719db913071",
            "port_range_max": 443,
            "port_range_min": 443,
            "protocol": "tcp",
            "region": "RegionOne",
            "remote_group_id": "",
            "remote_ip_prefix": "0.0.0.0/0",
            "security_group_id": "1fbca170-4ffa-4187-a76b-322ce8f6f1f8",
            "tenant_id": "75d4ee3d40c048448d1f8372ef1f23b0",
            "timeouts": null
          },
          "sensitive_attributes": [],
          "private": "eyJlMmJmYjczMC1lY2FhLTExZTYtOGY4OC0zNDM2M2JjN2M0YzAiOnsiZGVsZXRlIjo2MDAwMDAwMDAwMDB9fQ==",
          "dependencies": [
            "openstack_networking_secgroup_v2.neutron_sg_os_identity"
          ]
        }
      ]
    },
    {
      "mode": "managed",
      "type": "openstack_networking_secgroup_rule_v2",
      "name": "os_identity_egress_kubelet_attestation",
      "provider": "provider[\"registry.terraform.io/terraform-provider-openstack/openstack\"]",
      "instances": [
        {
          "schema_version": 0,
          "attributes": {
            "description": "",
            "direction": "egress",
            "ethertype": "IPv4",
            "id": "b747c2a3-39ff-4eff-9d78-23d06f269fb4",
            "port_range_max": 10250,
            "port_range_min": 10250,
            "protocol": "tcp",
            "region": "RegionOne",
            "remote_group_id": "",
            "remote_ip_prefix": "192.168.101.0/24",
            "security_group_id": "1fbca170-4ffa-4187-a76b-322ce8f6f1f8",
            "tenant_id": "75d4ee3d40c048448d1f8372ef1f23b0",
            "timeouts": null
          },
          "sensitive_attributes": [],
          "private": "eyJlMmJmYjczMC1lY2FhLTExZTYtOGY4OC0zNDM2M2JjN2M0YzAiOnsiZGVsZXRlIjo2MDAwMDAwMDAwMDB9fQ==",
          "dependencies": [
            "openstack_networking_secgroup_v2.neutron_sg_os_identity"
          ]
        }
      ]
    },
    {
      "mode": "managed",
      "type": "openstack_networking_secgroup_rule_v2",
      "name": "os_identity_egress_loki",
      "provider": "provider[\"registry.terraform.io/terraform-provider-openstack/openstack\"]",
      "instances": [
        {
          "schema_version": 0,
          "attributes": {
            "description": "Loki log collection (via WireGuard tunnel)",
            "direction": "egress",
            "ethertype": "IPv4",
            "id": "d0556571-6f0c-490e-b867-e9cd5f2504cf",
            "port_range_max": 3100,
            "port_range_min": 3100,
            "protocol": "tcp",
            "region": "RegionOne",
            "remote_group_id": "",
            "remote_ip_prefix": "10.10.2.10/32",
            "security_group_id": "1fbca170-4ffa-4187-a76b-322ce8f6f1f8",
            "tenant_id": "75d4ee3d40c048448d1f8372ef1f23b0",
            "timeouts": null
          },
          "sensitive_attributes": [],
          "private": "eyJlMmJmYjczMC1lY2FhLTExZTYtOGY4OC0zNDM2M2JjN2M0YzAiOnsiZGVsZXRlIjo2MDAwMDAwMDAwMDB9fQ==",
          "dependencies": [
            "openstack_networking_secgroup_v2.neutron_sg_os_identity"
          ]
        }
      ]
    },
    {
      "mode": "managed",
      "type": "openstack_networking_secgroup_rule_v2",
      "name": "os_identity_egress_spire",
      "provider": "provider[\"registry.terraform.io/terraform-provider-openstack/openstack\"]",
      "instances": [
        {
          "schema_version": 0,
          "attributes": {
            "description": "",
            "direction": "egress",
            "ethertype": "IPv4",
            "id": "b9ade78e-d107-4bc6-ae44-25a281fdf7b6",
            "port_range_max": 8081,
            "port_range_min": 8081,
            "protocol": "tcp",
            "region": "RegionOne",
            "remote_group_id": "",
            "remote_ip_prefix": "10.10.1.20/32",
            "security_group_id": "1fbca170-4ffa-4187-a76b-322ce8f6f1f8",
            "tenant_id": "75d4ee3d40c048448d1f8372ef1f23b0",
            "timeouts": null
          },
          "sensitive_attributes": [],
          "private": "eyJlMmJmYjczMC1lY2FhLTExZTYtOGY4OC0zNDM2M2JjN2M0YzAiOnsiZGVsZXRlIjo2MDAwMDAwMDAwMDB9fQ==",
          "dependencies": [
            "openstack_networking_secgroup_v2.neutron_sg_os_identity"
          ]
        }
      ]
    },
    {
      "mode": "managed",
      "type": "openstack_networking_secgroup_rule_v2",
      "name": "os_identity_ingress_private_dns",
      "provider": "provider[\"registry.terraform.io/terraform-provider-openstack/openstack\"]",
      "instances": [
        {
          "schema_version": 0,
          "attributes": {
            "description": "",
            "direction": "ingress",
            "ethertype": "IPv4",
            "id": "a5d02802-ccd0-4647-b5c1-63ac1614fe51",
            "port_range_max": 53,
            "port_range_min": 53,
            "protocol": "tcp",
            "region": "RegionOne",
            "remote_group_id": "",
            "remote_ip_prefix": "192.168.101.0/24",
            "security_group_id": "1fbca170-4ffa-4187-a76b-322ce8f6f1f8",
            "tenant_id": "75d4ee3d40c048448d1f8372ef1f23b0",
            "timeouts": null
          },
          "sensitive_attributes": [],
          "private": "eyJlMmJmYjczMC1lY2FhLTExZTYtOGY4OC0zNDM2M2JjN2M0YzAiOnsiZGVsZXRlIjo2MDAwMDAwMDAwMDB9fQ==",
          "dependencies": [
            "openstack_networking_secgroup_v2.neutron_sg_os_identity"
          ]
        }
      ]
    },
    {
      "mode": "managed",
      "type": "openstack_networking_secgroup_rule_v2",
      "name": "os_identity_ingress_private_icmp",
      "provider": "provider[\"registry.terraform.io/terraform-provider-openstack/openstack\"]",
      "instances": [
        {
          "schema_version": 0,
          "attributes": {
            "description": "",
            "direction": "ingress",
            "ethertype": "IPv4",
            "id": "db9c6acd-cbb9-440d-80cf-db96187ca4f8",
            "port_range_max": 0,
            "port_range_min": 0,
            "protocol": "icmp",
            "region": "RegionOne",
            "remote_group_id": "",
            "remote_ip_prefix": "192.168.101.0/24",
            "security_group_id": "1fbca170-4ffa-4187-a76b-322ce8f6f1f8",
            "tenant_id": "75d4ee3d40c048448d1f8372ef1f23b0",
            "timeouts": null
          },
          "sensitive_attributes": [],
          "private": "eyJlMmJmYjczMC1lY2FhLTExZTYtOGY4OC0zNDM2M2JjN2M0YzAiOnsiZGVsZXRlIjo2MDAwMDAwMDAwMDB9fQ==",
          "dependencies": [
            "openstack_networking_secgroup_v2.neutron_sg_os_identity"
          ]
        }
      ]
    },
    {
      "mode": "managed",
      "type": "openstack_networking_secgroup_rule_v2",
      "name": "os_identity_ingress_private_udp_dns",
      "provider": "provider[\"registry.terraform.io/terraform-provider-openstack/openstack\"]",
      "instances": [
        {
          "schema_version": 0,
          "attributes": {
            "description": "",
            "direction": "ingress",
            "ethertype": "IPv4",
            "id": "2a9a161a-8c20-4180-8b2d-ef5704c413c2",
            "port_range_max": 53,
            "port_range_min": 53,
            "protocol": "udp",
            "region": "RegionOne",
            "remote_group_id": "",
            "remote_ip_prefix": "192.168.101.0/24",
            "security_group_id": "1fbca170-4ffa-4187-a76b-322ce8f6f1f8",
            "tenant_id": "75d4ee3d40c048448d1f8372ef1f23b0",
            "timeouts": null
          },
          "sensitive_attributes": [],
          "private": "eyJlMmJmYjczMC1lY2FhLTExZTYtOGY4OC0zNDM2M2JjN2M0YzAiOnsiZGVsZXRlIjo2MDAwMDAwMDAwMDB9fQ==",
          "dependencies": [
            "openstack_networking_secgroup_v2.neutron_sg_os_identity"
          ]
        }
      ]
    },
    {
      "mode": "managed",
      "type": "openstack_networking_secgroup_rule_v2",
      "name": "os_identity_ingress_ssh_from_gateway",
      "provider": "provider[\"registry.terraform.io/terraform-provider-openstack/openstack\"]",
      "instances": [
        {
          "schema_version": 0,
          "attributes": {
            "description": "Allow SSH from os_gateway identity interface",
            "direction": "ingress",
            "ethertype": "IPv4",
            "id": "c97c7259-233e-463f-9efe-bf2583c91a45",
            "port_range_max": 22,
            "port_range_min": 22,
            "protocol": "tcp",
            "region": "RegionOne",
            "remote_group_id": "",
            "remote_ip_prefix": "192.168.102.1/32",
            "security_group_id": "1fbca170-4ffa-4187-a76b-322ce8f6f1f8",
            "tenant_id": "75d4ee3d40c048448d1f8372ef1f23b0",
            "timeouts": null
          },
          "sensitive_attributes": [],
          "private": "eyJlMmJmYjczMC1lY2FhLTExZTYtOGY4OC0zNDM2M2JjN2M0YzAiOnsiZGVsZXRlIjo2MDAwMDAwMDAwMDB9fQ==",
          "dependencies": [
            "openstack_networking_secgroup_v2.neutron_sg_os_identity"
          ]
        }
      ]
    },
    {
      "mode": "managed",
      "type": "openstack_networking_secgroup_rule_v2",
      "name": "os_private_egress_dns",
      "provider": "provider[\"registry.terraform.io/terraform-provider-openstack/openstack\"]",
      "instances": [
        {
          "schema_version": 0,
          "attributes": {
            "description": "",
            "direction": "egress",
            "ethertype": "IPv4",
            "id": "c12794f2-55d3-4306-8962-d89d1265588c",
            "port_range_max": 53,
            "port_range_min": 53,
            "protocol": "udp",
            "region": "RegionOne",
            "remote_group_id": "",
            "remote_ip_prefix": "0.0.0.0/0",
            "security_group_id": "9aa60dd4-1995-4700-9f85-42602c0d35c5",
            "tenant_id": "75d4ee3d40c048448d1f8372ef1f23b0",
            "timeouts": null
          },
          "sensitive_attributes": [],
          "private": "eyJlMmJmYjczMC1lY2FhLTExZTYtOGY4OC0zNDM2M2JjN2M0YzAiOnsiZGVsZXRlIjo2MDAwMDAwMDAwMDB9fQ==",
          "dependencies": [
            "openstack_networking_secgroup_v2.neutron_sg_os_private"
          ]
        }
      ]
    },
    {
      "mode": "managed",
      "type": "openstack_networking_secgroup_rule_v2",
      "name": "os_private_egress_http_https",
      "provider": "provider[\"registry.terraform.io/terraform-provider-openstack/openstack\"]",
      "instances": [
        {
          "schema_version": 0,
          "attributes": {
            "description": "",
            "direction": "egress",
            "ethertype": "IPv4",
            "id": "f44f77af-fcba-43b3-8bdc-dd21969d93e6",
            "port_range_max": 80,
            "port_range_min": 80,
            "protocol": "tcp",
            "region": "RegionOne",
            "remote_group_id": "",
            "remote_ip_prefix": "0.0.0.0/0",
            "security_group_id": "9aa60dd4-1995-4700-9f85-42602c0d35c5",
            "tenant_id": "75d4ee3d40c048448d1f8372ef1f23b0",
            "timeouts": null
          },
          "sensitive_attributes": [],
          "private": "eyJlMmJmYjczMC1lY2FhLTExZTYtOGY4OC0zNDM2M2JjN2M0YzAiOnsiZGVsZXRlIjo2MDAwMDAwMDAwMDB9fQ==",
          "dependencies": [
            "openstack_networking_secgroup_v2.neutron_sg_os_private"
          ]
        }
      ]
    },
    {
      "mode": "managed",
      "type": "openstack_networking_secgroup_rule_v2",
      "name": "os_private_egress_https",
      "provider": "provider[\"registry.terraform.io/terraform-provider-openstack/openstack\"]",
      "instances": [
        {
          "schema_version": 0,
          "attributes": {
            "description": "",
            "direction": "egress",
            "ethertype": "IPv4",
            "id": "614e175f-70d0-4330-a81c-6b46c5032ecf",
            "port_range_max": 443,
            "port_range_min": 443,
            "protocol": "tcp",
            "region": "RegionOne",
            "remote_group_id": "",
            "remote_ip_prefix": "0.0.0.0/0",
            "security_group_id": "9aa60dd4-1995-4700-9f85-42602c0d35c5",
            "tenant_id": "75d4ee3d40c048448d1f8372ef1f23b0",
            "timeouts": null
          },
          "sensitive_attributes": [],
          "private": "eyJlMmJmYjczMC1lY2FhLTExZTYtOGY4OC0zNDM2M2JjN2M0YzAiOnsiZGVsZXRlIjo2MDAwMDAwMDAwMDB9fQ==",
          "dependencies": [
            "openstack_networking_secgroup_v2.neutron_sg_os_private"
          ]
        }
      ]
    },
    {
      "mode": "managed",
      "type": "openstack_networking_secgroup_rule_v2",
      "name": "os_private_egress_k3s_api_aws",
      "provider": "provider[\"registry.terraform.io/terraform-provider-openstack/openstack\"]",
      "instances": [
        {
          "schema_version": 0,
          "attributes": {
            "description": "",
            "direction": "egress",
            "ethertype": "IPv4",
            "id": "919194c4-d8be-4e4f-bccf-6c0aa3e9345e",
            "port_range_max": 6443,
            "port_range_min": 6443,
            "protocol": "tcp",
            "region": "RegionOne",
            "remote_group_id": "",
            "remote_ip_prefix": "10.10.1.0/24",
            "security_group_id": "9aa60dd4-1995-4700-9f85-42602c0d35c5",
            "tenant_id": "75d4ee3d40c048448d1f8372ef1f23b0",
            "timeouts": null
          },
          "sensitive_attributes": [],
          "private": "eyJlMmJmYjczMC1lY2FhLTExZTYtOGY4OC0zNDM2M2JjN2M0YzAiOnsiZGVsZXRlIjo2MDAwMDAwMDAwMDB9fQ==",
          "dependencies": [
            "openstack_networking_secgroup_v2.neutron_sg_os_private"
          ]
        }
      ]
    },
    {
      "mode": "managed",
      "type": "openstack_networking_secgroup_rule_v2",
      "name": "os_private_egress_loki",
      "provider": "provider[\"registry.terraform.io/terraform-provider-openstack/openstack\"]",
      "instances": [
        {
          "schema_version": 0,
          "attributes": {
            "description": "Loki log collection (via WireGuard tunnel)",
            "direction": "egress",
            "ethertype": "IPv4",
            "id": "ab4bce9a-f3a2-4e92-9505-23c76f02cbfc",
            "port_range_max": 3100,
            "port_range_min": 3100,
            "protocol": "tcp",
            "region": "RegionOne",
            "remote_group_id": "",
            "remote_ip_prefix": "10.10.2.10/32",
            "security_group_id": "9aa60dd4-1995-4700-9f85-42602c0d35c5",
            "tenant_id": "75d4ee3d40c048448d1f8372ef1f23b0",
            "timeouts": null
          },
          "sensitive_attributes": [],
          "private": "eyJlMmJmYjczMC1lY2FhLTExZTYtOGY4OC0zNDM2M2JjN2M0YzAiOnsiZGVsZXRlIjo2MDAwMDAwMDAwMDB9fQ==",
          "dependencies": [
            "openstack_networking_secgroup_v2.neutron_sg_os_private"
          ]
        }
      ]
    },
    {
      "mode": "managed",
      "type": "openstack_networking_secgroup_rule_v2",
      "name": "os_private_egress_spire",
      "provider": "provider[\"registry.terraform.io/terraform-provider-openstack/openstack\"]",
      "instances": [
        {
          "schema_version": 0,
          "attributes": {
            "description": "",
            "direction": "egress",
            "ethertype": "IPv4",
            "id": "b709beab-0da4-45d4-a328-2db9ee9e45fe",
            "port_range_max": 8081,
            "port_range_min": 8081,
            "protocol": "tcp",
            "region": "RegionOne",
            "remote_group_id": "",
            "remote_ip_prefix": "10.10.1.20/32",
            "security_group_id": "9aa60dd4-1995-4700-9f85-42602c0d35c5",
            "tenant_id": "75d4ee3d40c048448d1f8372ef1f23b0",
            "timeouts": null
          },
          "sensitive_attributes": [],
          "private": "eyJlMmJmYjczMC1lY2FhLTExZTYtOGY4OC0zNDM2M2JjN2M0YzAiOnsiZGVsZXRlIjo2MDAwMDAwMDAwMDB9fQ==",
          "dependencies": [
            "openstack_networking_secgroup_v2.neutron_sg_os_private"
          ]
        }
      ]
    },
    {
      "mode": "managed",
      "type": "openstack_networking_secgroup_rule_v2",
      "name": "os_private_ingress_icmp",
      "provider": "provider[\"registry.terraform.io/terraform-provider-openstack/openstack\"]",
      "instances": [
        {
          "schema_version": 0,
          "attributes": {
            "description": "",
            "direction": "ingress",
            "ethertype": "IPv4",
            "id": "0b83a23b-3180-4469-b5b8-1eb69a2ea373",
            "port_range_max": 0,
            "port_range_min": 0,
            "protocol": "icmp",
            "region": "RegionOne",
            "remote_group_id": "",
            "remote_ip_prefix": "192.168.101.0/24",
            "security_group_id": "9aa60dd4-1995-4700-9f85-42602c0d35c5",
            "tenant_id": "75d4ee3d40c048448d1f8372ef1f23b0",
            "timeouts": null
          },
          "sensitive_attributes": [],
          "private": "eyJlMmJmYjczMC1lY2FhLTExZTYtOGY4OC0zNDM2M2JjN2M0YzAiOnsiZGVsZXRlIjo2MDAwMDAwMDAwMDB9fQ==",
          "dependencies": [
            "openstack_networking_secgroup_v2.neutron_sg_os_private"
          ]
        }
      ]
    },
    {
      "mode": "managed",
      "type": "openstack_networking_secgroup_rule_v2",
      "name": "os_private_ingress_k3s",
      "provider": "provider[\"registry.terraform.io/terraform-provider-openstack/openstack\"]",
      "instances": [
        {
          "schema_version": 0,
          "attributes": {
            "description": "",
            "direction": "ingress",
            "ethertype": "IPv4",
            "id": "f1dd9c14-b198-4e7d-a1bb-563b245f43a1",
            "port_range_max": 6443,
            "port_range_min": 6443,
            "protocol": "tcp",
            "region": "RegionOne",
            "remote_group_id": "",
            "remote_ip_prefix": "192.168.101.0/24",
            "security_group_id": "9aa60dd4-1995-4700-9f85-42602c0d35c5",
            "tenant_id": "75d4ee3d40c048448d1f8372ef1f23b0",
            "timeouts": null
          },
          "sensitive_attributes": [],
          "private": "eyJlMmJmYjczMC1lY2FhLTExZTYtOGY4OC0zNDM2M2JjN2M0YzAiOnsiZGVsZXRlIjo2MDAwMDAwMDAwMDB9fQ==",
          "dependencies": [
            "openstack_networking_secgroup_v2.neutron_sg_os_private"
          ]
        }
      ]
    },
    {
      "mode": "managed",
      "type": "openstack_networking_secgroup_rule_v2",
      "name": "os_private_ingress_kubelet",
      "provider": "provider[\"registry.terraform.io/terraform-provider-openstack/openstack\"]",
      "instances": [
        {
          "schema_version": 0,
          "attributes": {
            "description": "",
            "direction": "ingress",
            "ethertype": "IPv4",
            "id": "2783b49f-849a-41df-b8e0-900c15bbe488",
            "port_range_max": 10250,
            "port_range_min": 10250,
            "protocol": "tcp",
            "region": "RegionOne",
            "remote_group_id": "",
            "remote_ip_prefix": "192.168.101.0/24",
            "security_group_id": "9aa60dd4-1995-4700-9f85-42602c0d35c5",
            "tenant_id": "75d4ee3d40c048448d1f8372ef1f23b0",
            "timeouts": null
          },
          "sensitive_attributes": [],
          "private": "eyJlMmJmYjczMC1lY2FhLTExZTYtOGY4OC0zNDM2M2JjN2M0YzAiOnsiZGVsZXRlIjo2MDAwMDAwMDAwMDB9fQ==",
          "dependencies": [
            "openstack_networking_secgroup_v2.neutron_sg_os_private"
          ]
        }
      ]
    },
    {
      "mode": "managed",
      "type": "openstack_networking_secgroup_rule_v2",
      "name": "os_private_ingress_ssh_from_gateway",
      "provider": "provider[\"registry.terraform.io/terraform-provider-openstack/openstack\"]",
      "instances": [
        {
          "schema_version": 0,
          "attributes": {
            "description": "Allow SSH from os_gateway private interface",
            "direction": "ingress",
            "ethertype": "IPv4",
            "id": "cce5a68e-8f17-4a0b-ab35-20b159295ab8",
            "port_range_max": 22,
            "port_range_min": 22,
            "protocol": "tcp",
            "region": "RegionOne",
            "remote_group_id": "",
            "remote_ip_prefix": "192.168.101.1/32",
            "security_group_id": "9aa60dd4-1995-4700-9f85-42602c0d35c5",
            "tenant_id": "75d4ee3d40c048448d1f8372ef1f23b0",
            "timeouts": null
          },
          "sensitive_attributes": [],
          "private": "eyJlMmJmYjczMC1lY2FhLTExZTYtOGY4OC0zNDM2M2JjN2M0YzAiOnsiZGVsZXRlIjo2MDAwMDAwMDAwMDB9fQ==",
          "dependencies": [
            "openstack_networking_secgroup_v2.neutron_sg_os_private"
          ]
        }
      ]
    },
    {
      "mode": "managed",
      "type": "openstack_networking_secgroup_v2",
      "name": "neutron_sg_os_dmz",
      "provider": "provider[\"registry.terraform.io/terraform-provider-openstack/openstack\"]",
      "instances": [
        {
          "schema_version": 0,
          "attributes": {
            "all_tags": [],
            "delete_default_rules": null,
            "description": "DMZ security group for OpenStack",
            "id": "e06f5fa3-fa74-48af-869a-f3bb38fc3c78",
            "name": "neutron-sg-os-dmz",
            "region": "RegionOne",
            "tags": [],
            "tenant_id": "75d4ee3d40c048448d1f8372ef1f23b0",
            "timeouts": null
          },
          "sensitive_attributes": [],
          "private": "eyJlMmJmYjczMC1lY2FhLTExZTYtOGY4OC0zNDM2M2JjN2M0YzAiOnsiZGVsZXRlIjo2MDAwMDAwMDAwMDB9fQ=="
        }
      ]
    },
    {
      "mode": "managed",
      "type": "openstack_networking_secgroup_v2",
      "name": "neutron_sg_os_identity",
      "provider": "provider[\"registry.terraform.io/terraform-provider-openstack/openstack\"]",
      "instances": [
        {
          "schema_version": 0,
          "attributes": {
            "all_tags": [],
            "delete_default_rules": null,
            "description": "Identity security group",
            "id": "1fbca170-4ffa-4187-a76b-322ce8f6f1f8",
            "name": "neutron-sg-os-identity",
            "region": "RegionOne",
            "tags": [],
            "tenant_id": "75d4ee3d40c048448d1f8372ef1f23b0",
            "timeouts": null
          },
          "sensitive_attributes": [],
          "private": "eyJlMmJmYjczMC1lY2FhLTExZTYtOGY4OC0zNDM2M2JjN2M0YzAiOnsiZGVsZXRlIjo2MDAwMDAwMDAwMDB9fQ=="
        }
      ]
    },
    {
      "mode": "managed",
      "type": "openstack_networking_secgroup_v2",
      "name": "neutron_sg_os_private",
      "provider": "provider[\"registry.terraform.io/terraform-provider-openstack/openstack\"]",
      "instances": [
        {
          "schema_version": 0,
          "attributes": {
            "all_tags": [],
            "delete_default_rules": null,
            "description": "Private security group for OpenStack K3s cluster",
            "id": "9aa60dd4-1995-4700-9f85-42602c0d35c5",
            "name": "neutron-sg-os-private",
            "region": "RegionOne",
            "tags": [],
            "tenant_id": "75d4ee3d40c048448d1f8372ef1f23b0",
            "timeouts": null
          },
          "sensitive_attributes": [],
          "private": "eyJlMmJmYjczMC1lY2FhLTExZTYtOGY4OC0zNDM2M2JjN2M0YzAiOnsiZGVsZXRlIjo2MDAwMDAwMDAwMDB9fQ=="
        }
      ]
    },
    {
      "mode": "managed",
      "type": "openstack_networking_subnet_v2",
      "name": "dmz_subnet",
      "provider": "provider[\"registry.terraform.io/terraform-provider-openstack/openstack\"]",
      "instances": [
        {
          "schema_version": 0,
          "attributes": {
            "all_tags": [],
            "allocation_pool": [
              {
                "end": "192.168.100.254",
                "start": "192.168.100.2"
              }
            ],
            "allocation_pools": [
              {
                "end": "192.168.100.254",
                "start": "192.168.100.2"
              }
            ],
            "cidr": "192.168.100.0/24",
            "description": "",
            "dns_nameservers": [
              "8.8.8.8",
              "8.8.4.4"
            ],
            "enable_dhcp": true,
            "gateway_ip": "192.168.100.1",
            "host_routes": [],
            "id": "1a230272-36bd-4f23-87b4-25e52c570f5a",
            "ip_version": 4,
            "ipv6_address_mode": "",
            "ipv6_ra_mode": "",
            "name": "zta-dmz-subnet",
            "network_id": "86cbc447-e24c-473b-84b0-972a40cc0e64",
            "no_gateway": false,
            "prefix_length": null,
            "region": "RegionOne",
            "service_types": [],
            "subnetpool_id": "",
            "tags": [],
            "tenant_id": "75d4ee3d40c048448d1f8372ef1f23b0",
            "timeouts": null,
            "value_specs": null
          },
          "sensitive_attributes": [],
          "private": "eyJlMmJmYjczMC1lY2FhLTExZTYtOGY4OC0zNDM2M2JjN2M0YzAiOnsiY3JlYXRlIjo2MDAwMDAwMDAwMDAsImRlbGV0ZSI6NjAwMDAwMDAwMDAwfX0=",
          "dependencies": [
            "openstack_networking_network_v2.dmz"
          ]
        }
      ]
    },
    {
      "mode": "managed",
      "type": "openstack_networking_subnet_v2",
      "name": "identity_subnet",
      "provider": "provider[\"registry.terraform.io/terraform-provider-openstack/openstack\"]",
      "instances": [
        {
          "schema_version": 0,
          "attributes": {
            "all_tags": [],
            "allocation_pool": [
              {
                "end": "192.168.102.253",
                "start": "192.168.102.20"
              }
            ],
            "allocation_pools": [
              {
                "end": "192.168.102.253",
                "start": "192.168.102.20"
              }
            ],
            "cidr": "192.168.102.0/24",
            "description": "",
            "dns_nameservers": [
              "8.8.8.8",
              "8.8.4.4"
            ],
            "enable_dhcp": true,
            "gateway_ip": "192.168.102.1",
            "host_routes": [],
            "id": "938d98a4-65ee-4b40-a1d4-0826d5b8dca2",
            "ip_version": 4,
            "ipv6_address_mode": "",
            "ipv6_ra_mode": "",
            "name": "zta-identity-subnet",
            "network_id": "8eebd4ba-c797-4ea8-aece-05bb6ee1edb3",
            "no_gateway": false,
            "prefix_length": null,
            "region": "RegionOne",
            "service_types": [],
            "subnetpool_id": "",
            "tags": [],
            "tenant_id": "75d4ee3d40c048448d1f8372ef1f23b0",
            "timeouts": null,
            "value_specs": null
          },
          "sensitive_attributes": [],
          "private": "eyJlMmJmYjczMC1lY2FhLTExZTYtOGY4OC0zNDM2M2JjN2M0YzAiOnsiY3JlYXRlIjo2MDAwMDAwMDAwMDAsImRlbGV0ZSI6NjAwMDAwMDAwMDAwfX0=",
          "dependencies": [
            "openstack_networking_network_v2.dmz",
            "openstack_networking_network_v2.identity"
          ]
        }
      ]
    },
    {
      "mode": "managed",
      "type": "openstack_networking_subnet_v2",
      "name": "private_subnet",
      "provider": "provider[\"registry.terraform.io/terraform-provider-openstack/openstack\"]",
      "instances": [
        {
          "schema_version": 0,
          "attributes": {
            "all_tags": [],
            "allocation_pool": [
              {
                "end": "192.168.101.253",
                "start": "192.168.101.20"
              }
            ],
            "allocation_pools": [
              {
                "end": "192.168.101.253",
                "start": "192.168.101.20"
              }
            ],
            "cidr": "192.168.101.0/24",
            "description": "",
            "dns_nameservers": [
              "8.8.8.8",
              "8.8.4.4"
            ],
            "enable_dhcp": true,
            "gateway_ip": "192.168.101.1",
            "host_routes": [],
            "id": "1f1819ce-5d26-48f0-8bf0-da13b483a595",
            "ip_version": 4,
            "ipv6_address_mode": "",
            "ipv6_ra_mode": "",
            "name": "zta-private-subnet",
            "network_id": "6c43b246-bddd-4d51-a203-bb52b819983a",
            "no_gateway": false,
            "prefix_length": null,
            "region": "RegionOne",
            "service_types": [],
            "subnetpool_id": "",
            "tags": [],
            "tenant_id": "75d4ee3d40c048448d1f8372ef1f23b0",
            "timeouts": null,
            "value_specs": null
          },
          "sensitive_attributes": [],
          "private": "eyJlMmJmYjczMC1lY2FhLTExZTYtOGY4OC0zNDM2M2JjN2M0YzAiOnsiY3JlYXRlIjo2MDAwMDAwMDAwMDAsImRlbGV0ZSI6NjAwMDAwMDAwMDAwfX0=",
          "dependencies": [
            "openstack_networking_network_v2.dmz",
            "openstack_networking_network_v2.private"
          ]
        }
      ]
    }
  ],
  "check_results": null
}
