{
  "version": 4,
  "terraform_version": "1.14.3",
  "serial": 2059,
  "lineage": "d0b61760-3461-ebe9-de57-9d9a9314f108",
  "outputs": {
    "network_ids": {
      "value": {
        "dmz": "3e13c2e7-23c1-4eaf-b2ee-5419251cbb04",
        "identity": "c64a1496-1043-45c4-9b29-87abe0e9b0e6",
        "private": "f2259634-2063-477f-bb9d-fbcb0ceb71ff"
      },
      "type": [
        "object",
        {
          "dmz": "string",
          "identity": "string",
          "private": "string"
        }
      ]
    },
    "openstack_instance_ids": {
      "value": {
        "os_gateway": "be30a758-a2d6-4b86-8313-e6259844637d",
        "os_identity": "da68468e-8dd7-48fc-8eb0-79bd93ba9024",
        "os_k3s_master": "50ebf56e-0277-477b-b9e7-7c02cfa5b8c1",
        "os_k3s_worker_1": "0630549d-6e8c-4f7e-9d32-76d8f97afd7b",
        "os_k3s_worker_2": "b388a6e6-1b9e-4378-a7e0-1749c42c370a"
      },
      "type": [
        "object",
        {
          "os_gateway": "string",
          "os_identity": "string",
          "os_k3s_master": "string",
          "os_k3s_worker_1": "string",
          "os_k3s_worker_2": "string"
        }
      ]
    },
    "openstack_instances": {
      "value": {
        "os_gateway": {
          "id": "be30a758-a2d6-4b86-8313-e6259844637d",
          "networks": {
            "dmz": "192.168.100.10",
            "identity": "192.168.102.1",
            "private": "192.168.101.1"
          },
          "public_ip": "172.10.10.168",
          "role": "wg-gateway"
        },
        "os_identity": {
          "id": "da68468e-8dd7-48fc-8eb0-79bd93ba9024",
          "identity_ip": "192.168.102.10",
          "role": "identity"
        },
        "os_k3s_master": {
          "id": "50ebf56e-0277-477b-b9e7-7c02cfa5b8c1",
          "private_ip": "192.168.101.11",
          "role": "k3s-master"
        },
        "os_k3s_worker_1": {
          "id": "0630549d-6e8c-4f7e-9d32-76d8f97afd7b",
          "private_ip": "192.168.101.12",
          "role": "k3s-worker"
        },
        "os_k3s_worker_2": {
          "id": "b388a6e6-1b9e-4378-a7e0-1749c42c370a",
          "private_ip": "192.168.101.13",
          "role": "k3s-worker"
        }
      },
      "type": [
        "object",
        {
          "os_gateway": [
            "object",
            {
              "id": "string",
              "networks": [
                "object",
                {
                  "dmz": "string",
                  "identity": "string",
                  "private": "string"
                }
              ],
              "public_ip": "string",
              "role": "string"
            }
          ],
          "os_identity": [
            "object",
            {
              "id": "string",
              "identity_ip": "string",
              "role": "string"
            }
          ],
          "os_k3s_master": [
            "object",
            {
              "id": "string",
              "private_ip": "string",
              "role": "string"
            }
          ],
          "os_k3s_worker_1": [
            "object",
            {
              "id": "string",
              "private_ip": "string",
              "role": "string"
            }
          ],
          "os_k3s_worker_2": [
            "object",
            {
              "id": "string",
              "private_ip": "string",
              "role": "string"
            }
          ]
        }
      ]
    },
    "openstack_k3s_api_tunnel": {
      "value": {
        "api_server_port": 6443,
        "k3s_master_private": "192.168.101.11",
        "local_port": 6443,
        "os_gateway_public": "172.10.10.168"
      },
      "type": [
        "object",
        {
          "api_server_port": "number",
          "k3s_master_private": "string",
          "local_port": "number",
          "os_gateway_public": "string"
        }
      ]
    },
    "openstack_network_topology": {
      "value": {
        "dmz": {
          "cidr": "192.168.100.0/24",
          "gateway_ip": "192.168.100.1",
          "network_id": "3e13c2e7-23c1-4eaf-b2ee-5419251cbb04",
          "subnet_id": "77e8b42c-64c0-4d04-9043-99f46885ce1d"
        },
        "edge_router_id": "c49a840a-caa4-4dc3-966a-75a0748e672c",
        "external_network": {
          "id": "fd29eeb9-94bb-4207-99f3-7fe9f0a49042",
          "name": "public1"
        },
        "identity": {
          "cidr": "192.168.102.0/24",
          "gateway_ip": "192.168.102.1",
          "network_id": "c64a1496-1043-45c4-9b29-87abe0e9b0e6",
          "subnet_id": "6450c2d2-df78-4e2d-9fdd-81b78c737083"
        },
        "private": {
          "cidr": "192.168.101.0/24",
          "gateway_ip": "192.168.101.1",
          "network_id": "f2259634-2063-477f-bb9d-fbcb0ceb71ff",
          "subnet_id": "e47bc231-4417-4b5f-aef1-58c3f1156d12"
        }
      },
      "type": [
        "object",
        {
          "dmz": [
            "object",
            {
              "cidr": "string",
              "gateway_ip": "string",
              "network_id": "string",
              "subnet_id": "string"
            }
          ],
          "edge_router_id": "string",
          "external_network": [
            "object",
            {
              "id": "string",
              "name": "string"
            }
          ],
          "identity": [
            "object",
            {
              "cidr": "string",
              "gateway_ip": "string",
              "network_id": "string",
              "subnet_id": "string"
            }
          ],
          "private": [
            "object",
            {
              "cidr": "string",
              "gateway_ip": "string",
              "network_id": "string",
              "subnet_id": "string"
            }
          ]
        }
      ]
    },
    "openstack_security_groups": {
      "value": {
        "dmz": {
          "id": "72c66d2f-601b-413a-bb07-cd7985eecb43",
          "name": "neutron-sg-os-dmz"
        },
        "identity": {
          "id": "1b83812e-be69-45d7-a8a0-49ff22404f9d",
          "name": "neutron-sg-os-identity"
        },
        "private": {
          "id": "e004a99c-1f06-4a14-97a4-090cc3e3cac3",
          "name": "neutron-sg-os-private"
        }
      },
      "type": [
        "object",
        {
          "dmz": [
            "object",
            {
              "id": "string",
              "name": "string"
            }
          ],
          "identity": [
            "object",
            {
              "id": "string",
              "name": "string"
            }
          ],
          "private": [
            "object",
            {
              "id": "string",
              "name": "string"
            }
          ]
        }
      ]
    },
    "os_gateway_floating_ip": {
      "value": "172.10.10.168",
      "type": "string"
    },
    "router_ids": {
      "value": {
        "edge": "c49a840a-caa4-4dc3-966a-75a0748e672c"
      },
      "type": [
        "object",
        {
          "edge": "string"
        }
      ]
    },
    "security_group_ids": {
      "value": {
        "dmz": "72c66d2f-601b-413a-bb07-cd7985eecb43",
        "identity": "1b83812e-be69-45d7-a8a0-49ff22404f9d",
        "private": "e004a99c-1f06-4a14-97a4-090cc3e3cac3"
      },
      "type": [
        "object",
        {
          "dmz": "string",
          "identity": "string",
          "private": "string"
        }
      ]
    },
    "subnet_ids": {
      "value": {
        "dmz": "77e8b42c-64c0-4d04-9043-99f46885ce1d",
        "identity": "6450c2d2-df78-4e2d-9fdd-81b78c737083",
        "private": "e47bc231-4417-4b5f-aef1-58c3f1156d12"
      },
      "type": [
        "object",
        {
          "dmz": "string",
          "identity": "string",
          "private": "string"
        }
      ]
    }
  },
  "resources": [
    {
      "mode": "data",
      "type": "openstack_networking_network_v2",
      "name": "external",
      "provider": "provider[\"registry.terraform.io/terraform-provider-openstack/openstack\"]",
      "instances": [
        {
          "schema_version": 0,
          "attributes": {
            "admin_state_up": "true",
            "all_tags": [],
            "availability_zone_hints": [],
            "description": "",
            "dns_domain": "",
            "external": true,
            "id": "fd29eeb9-94bb-4207-99f3-7fe9f0a49042",
            "matching_subnet_cidr": null,
            "mtu": 1500,
            "name": "public1",
            "network_id": null,
            "region": "RegionOne",
            "segments": [
              {
                "network_type": "flat",
                "physical_network": "physnet1",
                "segmentation_id": 0
              }
            ],
            "shared": "true",
            "status": null,
            "subnets": [
              "5a6d95de-f058-4468-8e48-26a9c043d045"
            ],
            "tags": null,
            "tenant_id": "4202f46389eb4497ad4deb5c837047f1",
            "transparent_vlan": false
          },
          "sensitive_attributes": [],
          "identity_schema_version": 0
        }
      ]
    },
    {
      "mode": "data",
      "type": "openstack_networking_port_v2",
      "name": "os_gateway_dmz_port",
      "provider": "provider[\"registry.terraform.io/terraform-provider-openstack/openstack\"]",
      "instances": [
        {
          "schema_version": 0,
          "attributes": {
            "admin_state_up": true,
            "all_fixed_ips": [
              "192.168.100.10"
            ],
            "all_security_group_ids": [
              "72c66d2f-601b-413a-bb07-cd7985eecb43"
            ],
            "all_tags": [],
            "allowed_address_pairs": [],
            "binding": [
              {
                "host_id": "aio",
                "profile": "{}",
                "vif_details": {
                  "bound_drivers": "{\"0\":\"openvswitch\"}",
                  "bridge_name": "br-int",
                  "connectivity": "l2",
                  "datapath_type": "system",
                  "ovs_hybrid_plug": "true",
                  "port_filter": "true"
                },
                "vif_type": "ovs",
                "vnic_type": "normal"
              }
            ],
            "description": "",
            "device_id": "be30a758-a2d6-4b86-8313-e6259844637d",
            "device_owner": "compute:nova",
            "dns_assignment": [],
            "dns_name": "",
            "extra_dhcp_option": [],
            "fixed_ip": null,
            "id": "f830d45e-2010-4bb2-8f36-4af6924df9ed",
            "mac_address": "fa:16:3e:0b:e3:ba",
            "name": "",
            "network_id": "3e13c2e7-23c1-4eaf-b2ee-5419251cbb04",
            "port_id": "f830d45e-2010-4bb2-8f36-4af6924df9ed",
            "project_id": "6d335fcaec7847daaca0f1837dfc7d6f",
            "region": "RegionOne",
            "security_group_ids": null,
            "status": null,
            "tags": null,
            "tenant_id": "6d335fcaec7847daaca0f1837dfc7d6f"
          },
          "sensitive_attributes": [],
          "identity_schema_version": 0
        }
      ]
    },
    {
      "mode": "managed",
      "type": "openstack_compute_instance_v2",
      "name": "os_gateway",
      "provider": "provider[\"registry.terraform.io/terraform-provider-openstack/openstack\"]",
      "instances": [
        {
          "schema_version": 0,
          "attributes": {
            "access_ip_v4": "192.168.100.10",
            "access_ip_v6": "",
            "admin_pass": null,
            "all_metadata": {},
            "all_tags": [],
            "availability_zone": "nova",
            "availability_zone_hints": null,
            "block_device": [],
            "config_drive": null,
            "created": "2026-04-14 14:11:44 +0000 UTC",
            "flavor_id": "8b9f7b8e-268b-4a67-b0a1-367a416ea250",
            "flavor_name": "nano-plus",
            "floating_ip": null,
            "force_delete": false,
            "id": "be30a758-a2d6-4b86-8313-e6259844637d",
            "image_id": "78ae965f-b72a-4f46-b8f7-cc670fb3d393",
            "image_name": "ubuntu-22.04",
            "key_pair": "",
            "metadata": null,
            "name": "os-gateway",
            "network": [
              {
                "access_network": true,
                "fixed_ip_v4": "192.168.100.10",
                "fixed_ip_v6": "",
                "floating_ip": "",
                "mac": "fa:16:3e:0b:e3:ba",
                "name": "zta-dmz-network",
                "port": "",
                "uuid": "3e13c2e7-23c1-4eaf-b2ee-5419251cbb04"
              },
              {
                "access_network": false,
                "fixed_ip_v4": "192.168.101.1",
                "fixed_ip_v6": "",
                "floating_ip": "",
                "mac": "fa:16:3e:29:b0:f5",
                "name": "zta-private-network",
                "port": "7a63becf-53eb-4d8f-9f41-a0ab305a58ad",
                "uuid": "f2259634-2063-477f-bb9d-fbcb0ceb71ff"
              },
              {
                "access_network": false,
                "fixed_ip_v4": "192.168.102.1",
                "fixed_ip_v6": "",
                "floating_ip": "",
                "mac": "fa:16:3e:3b:f7:ab",
                "name": "zta-identity-network",
                "port": "1e252702-7673-4877-b602-7e42c92e11e5",
                "uuid": "c64a1496-1043-45c4-9b29-87abe0e9b0e6"
              }
            ],
            "network_mode": null,
            "personality": [],
            "power_state": "active",
            "region": "RegionOne",
            "scheduler_hints": [],
            "security_groups": [
              "neutron-sg-os-dmz"
            ],
            "stop_before_destroy": false,
            "tags": null,
            "timeouts": null,
            "updated": "2026-04-14 14:12:12 +0000 UTC",
            "user_data": "db5c28acde12b7a2039b96695cd6f47c581f0368",
            "vendor_options": [],
            "volume": []
          },
          "sensitive_attributes": [
            [
              {
                "type": "get_attr",
                "value": "admin_pass"
              }
            ]
          ],
          "identity_schema_version": 0,
          "private": "eyJlMmJmYjczMC1lY2FhLTExZTYtOGY4OC0zNDM2M2JjN2M0YzAiOnsiY3JlYXRlIjoxODAwMDAwMDAwMDAwLCJkZWxldGUiOjE4MDAwMDAwMDAwMDAsInVwZGF0ZSI6MTgwMDAwMDAwMDAwMH19",
          "dependencies": [
            "data.openstack_networking_network_v2.external",
            "openstack_networking_network_v2.dmz",
            "openstack_networking_network_v2.identity",
            "openstack_networking_network_v2.private",
            "openstack_networking_port_v2.os_gateway_identity_port",
            "openstack_networking_port_v2.os_gateway_private_port",
            "openstack_networking_router_interface_v2.edge_router_dmz",
            "openstack_networking_router_v2.edge_router",
            "openstack_networking_secgroup_v2.neutron_sg_os_dmz",
            "openstack_networking_subnet_v2.dmz_subnet",
            "openstack_networking_subnet_v2.identity_subnet",
            "openstack_networking_subnet_v2.private_subnet"
          ]
        }
      ]
    },
    {
      "mode": "managed",
      "type": "openstack_compute_instance_v2",
      "name": "os_identity",
      "provider": "provider[\"registry.terraform.io/terraform-provider-openstack/openstack\"]",
      "instances": [
        {
          "schema_version": 0,
          "attributes": {
            "access_ip_v4": "192.168.102.10",
            "access_ip_v6": "",
            "admin_pass": null,
            "all_metadata": {},
            "all_tags": [],
            "availability_zone": "nova",
            "availability_zone_hints": null,
            "block_device": [],
            "config_drive": null,
            "created": "2026-04-14 14:12:15 +0000 UTC",
            "flavor_id": "8b9f7b8e-268b-4a67-b0a1-367a416ea250",
            "flavor_name": "nano-plus",
            "floating_ip": null,
            "force_delete": false,
            "id": "da68468e-8dd7-48fc-8eb0-79bd93ba9024",
            "image_id": "78ae965f-b72a-4f46-b8f7-cc670fb3d393",
            "image_name": "ubuntu-22.04",
            "key_pair": "",
            "metadata": null,
            "name": "os-identity",
            "network": [
              {
                "access_network": false,
                "fixed_ip_v4": "192.168.102.10",
                "fixed_ip_v6": "",
                "floating_ip": "",
                "mac": "fa:16:3e:d3:15:2e",
                "name": "zta-identity-network",
                "port": "",
                "uuid": "c64a1496-1043-45c4-9b29-87abe0e9b0e6"
              }
            ],
            "network_mode": null,
            "personality": [],
            "power_state": "active",
            "region": "RegionOne",
            "scheduler_hints": [],
            "security_groups": [
              "neutron-sg-os-identity"
            ],
            "stop_before_destroy": false,
            "tags": null,
            "timeouts": null,
            "updated": "2026-04-14 14:12:31 +0000 UTC",
            "user_data": "34e996b72edfde22192e5653a755636d3061b091",
            "vendor_options": [],
            "volume": []
          },
          "sensitive_attributes": [
            [
              {
                "type": "get_attr",
                "value": "admin_pass"
              }
            ]
          ],
          "identity_schema_version": 0,
          "private": "eyJlMmJmYjczMC1lY2FhLTExZTYtOGY4OC0zNDM2M2JjN2M0YzAiOnsiY3JlYXRlIjoxODAwMDAwMDAwMDAwLCJkZWxldGUiOjE4MDAwMDAwMDAwMDAsInVwZGF0ZSI6MTgwMDAwMDAwMDAwMH19",
          "dependencies": [
            "data.openstack_networking_network_v2.external",
            "openstack_compute_instance_v2.os_gateway",
            "openstack_networking_network_v2.dmz",
            "openstack_networking_network_v2.identity",
            "openstack_networking_network_v2.private",
            "openstack_networking_port_v2.os_gateway_identity_port",
            "openstack_networking_port_v2.os_gateway_private_port",
            "openstack_networking_router_interface_v2.edge_router_dmz",
            "openstack_networking_router_v2.edge_router",
            "openstack_networking_secgroup_v2.neutron_sg_os_dmz",
            "openstack_networking_secgroup_v2.neutron_sg_os_identity",
            "openstack_networking_subnet_v2.dmz_subnet",
            "openstack_networking_subnet_v2.identity_subnet",
            "openstack_networking_subnet_v2.private_subnet"
          ]
        }
      ]
    },
    {
      "mode": "managed",
      "type": "openstack_compute_instance_v2",
      "name": "os_k3s_master",
      "provider": "provider[\"registry.terraform.io/terraform-provider-openstack/openstack\"]",
      "instances": [
        {
          "schema_version": 0,
          "attributes": {
            "access_ip_v4": "192.168.101.11",
            "access_ip_v6": "",
            "admin_pass": null,
            "all_metadata": {},
            "all_tags": [],
            "availability_zone": "nova",
            "availability_zone_hints": null,
            "block_device": [],
            "config_drive": null,
            "created": "2026-04-14 14:12:15 +0000 UTC",
            "flavor_id": "f3867f39-b159-4dfe-a8b0-045a5c07821f",
            "flavor_name": "m1.medium",
            "floating_ip": null,
            "force_delete": false,
            "id": "50ebf56e-0277-477b-b9e7-7c02cfa5b8c1",
            "image_id": "78ae965f-b72a-4f46-b8f7-cc670fb3d393",
            "image_name": "ubuntu-22.04",
            "key_pair": "",
            "metadata": null,
            "name": "os-k3s-master",
            "network": [
              {
                "access_network": false,
                "fixed_ip_v4": "192.168.101.11",
                "fixed_ip_v6": "",
                "floating_ip": "",
                "mac": "fa:16:3e:20:49:29",
                "name": "zta-private-network",
                "port": "",
                "uuid": "f2259634-2063-477f-bb9d-fbcb0ceb71ff"
              }
            ],
            "network_mode": null,
            "personality": [],
            "power_state": "active",
            "region": "RegionOne",
            "scheduler_hints": [],
            "security_groups": [
              "neutron-sg-os-private"
            ],
            "stop_before_destroy": false,
            "tags": null,
            "timeouts": null,
            "updated": "2026-04-14 14:12:29 +0000 UTC",
            "user_data": "34e996b72edfde22192e5653a755636d3061b091",
            "vendor_options": [],
            "volume": []
          },
          "sensitive_attributes": [
            [
              {
                "type": "get_attr",
                "value": "admin_pass"
              }
            ]
          ],
          "identity_schema_version": 0,
          "private": "eyJlMmJmYjczMC1lY2FhLTExZTYtOGY4OC0zNDM2M2JjN2M0YzAiOnsiY3JlYXRlIjoxODAwMDAwMDAwMDAwLCJkZWxldGUiOjE4MDAwMDAwMDAwMDAsInVwZGF0ZSI6MTgwMDAwMDAwMDAwMH19",
          "dependencies": [
            "data.openstack_networking_network_v2.external",
            "openstack_compute_instance_v2.os_gateway",
            "openstack_networking_network_v2.dmz",
            "openstack_networking_network_v2.identity",
            "openstack_networking_network_v2.private",
            "openstack_networking_port_v2.os_gateway_identity_port",
            "openstack_networking_port_v2.os_gateway_private_port",
            "openstack_networking_router_interface_v2.edge_router_dmz",
            "openstack_networking_router_v2.edge_router",
            "openstack_networking_secgroup_v2.neutron_sg_os_dmz",
            "openstack_networking_secgroup_v2.neutron_sg_os_private",
            "openstack_networking_subnet_v2.dmz_subnet",
            "openstack_networking_subnet_v2.identity_subnet",
            "openstack_networking_subnet_v2.private_subnet"
          ]
        }
      ]
    },
    {
      "mode": "managed",
      "type": "openstack_compute_instance_v2",
      "name": "os_k3s_worker_1",
      "provider": "provider[\"registry.terraform.io/terraform-provider-openstack/openstack\"]",
      "instances": [
        {
          "schema_version": 0,
          "attributes": {
            "access_ip_v4": "192.168.101.12",
            "access_ip_v6": "",
            "admin_pass": null,
            "all_metadata": {},
            "all_tags": [],
            "availability_zone": "nova",
            "availability_zone_hints": null,
            "block_device": [],
            "config_drive": null,
            "created": "2026-04-14 14:12:15 +0000 UTC",
            "flavor_id": "f3867f39-b159-4dfe-a8b0-045a5c07821f",
            "flavor_name": "m1.medium",
            "floating_ip": null,
            "force_delete": false,
            "id": "0630549d-6e8c-4f7e-9d32-76d8f97afd7b",
            "image_id": "78ae965f-b72a-4f46-b8f7-cc670fb3d393",
            "image_name": "ubuntu-22.04",
            "key_pair": "",
            "metadata": null,
            "name": "os-k3s-worker-1",
            "network": [
              {
                "access_network": false,
                "fixed_ip_v4": "192.168.101.12",
                "fixed_ip_v6": "",
                "floating_ip": "",
                "mac": "fa:16:3e:13:fe:ad",
                "name": "zta-private-network",
                "port": "",
                "uuid": "f2259634-2063-477f-bb9d-fbcb0ceb71ff"
              }
            ],
            "network_mode": null,
            "personality": [],
            "power_state": "active",
            "region": "RegionOne",
            "scheduler_hints": [],
            "security_groups": [
              "neutron-sg-os-private"
            ],
            "stop_before_destroy": false,
            "tags": null,
            "timeouts": null,
            "updated": "2026-04-14 14:12:39 +0000 UTC",
            "user_data": "34e996b72edfde22192e5653a755636d3061b091",
            "vendor_options": [],
            "volume": []
          },
          "sensitive_attributes": [
            [
              {
                "type": "get_attr",
                "value": "admin_pass"
              }
            ]
          ],
          "identity_schema_version": 0,
          "private": "eyJlMmJmYjczMC1lY2FhLTExZTYtOGY4OC0zNDM2M2JjN2M0YzAiOnsiY3JlYXRlIjoxODAwMDAwMDAwMDAwLCJkZWxldGUiOjE4MDAwMDAwMDAwMDAsInVwZGF0ZSI6MTgwMDAwMDAwMDAwMH19",
          "dependencies": [
            "data.openstack_networking_network_v2.external",
            "openstack_compute_instance_v2.os_gateway",
            "openstack_networking_network_v2.dmz",
            "openstack_networking_network_v2.identity",
            "openstack_networking_network_v2.private",
            "openstack_networking_port_v2.os_gateway_identity_port",
            "openstack_networking_port_v2.os_gateway_private_port",
            "openstack_networking_router_interface_v2.edge_router_dmz",
            "openstack_networking_router_v2.edge_router",
            "openstack_networking_secgroup_v2.neutron_sg_os_dmz",
            "openstack_networking_secgroup_v2.neutron_sg_os_private",
            "openstack_networking_subnet_v2.dmz_subnet",
            "openstack_networking_subnet_v2.identity_subnet",
            "openstack_networking_subnet_v2.private_subnet"
          ]
        }
      ]
    },
    {
      "mode": "managed",
      "type": "openstack_compute_instance_v2",
      "name": "os_k3s_worker_2",
      "provider": "provider[\"registry.terraform.io/terraform-provider-openstack/openstack\"]",
      "instances": [
        {
          "schema_version": 0,
          "attributes": {
            "access_ip_v4": "192.168.101.13",
            "access_ip_v6": "",
            "admin_pass": null,
            "all_metadata": {},
            "all_tags": [],
            "availability_zone": "nova",
            "availability_zone_hints": null,
            "block_device": [],
            "config_drive": null,
            "created": "2026-04-14 14:12:15 +0000 UTC",
            "flavor_id": "f3867f39-b159-4dfe-a8b0-045a5c07821f",
            "flavor_name": "m1.medium",
            "floating_ip": null,
            "force_delete": false,
            "id": "b388a6e6-1b9e-4378-a7e0-1749c42c370a",
            "image_id": "78ae965f-b72a-4f46-b8f7-cc670fb3d393",
            "image_name": "ubuntu-22.04",
            "key_pair": "",
            "metadata": null,
            "name": "os-k3s-worker-2",
            "network": [
              {
                "access_network": false,
                "fixed_ip_v4": "192.168.101.13",
                "fixed_ip_v6": "",
                "floating_ip": "",
                "mac": "fa:16:3e:36:e9:6b",
                "name": "zta-private-network",
                "port": "",
                "uuid": "f2259634-2063-477f-bb9d-fbcb0ceb71ff"
              }
            ],
            "network_mode": null,
            "personality": [],
            "power_state": "active",
            "region": "RegionOne",
            "scheduler_hints": [],
            "security_groups": [
              "neutron-sg-os-private"
            ],
            "stop_before_destroy": false,
            "tags": null,
            "timeouts": null,
            "updated": "2026-04-14 14:12:41 +0000 UTC",
            "user_data": "34e996b72edfde22192e5653a755636d3061b091",
            "vendor_options": [],
            "volume": []
          },
          "sensitive_attributes": [
            [
              {
                "type": "get_attr",
                "value": "admin_pass"
              }
            ]
          ],
          "identity_schema_version": 0,
          "private": "eyJlMmJmYjczMC1lY2FhLTExZTYtOGY4OC0zNDM2M2JjN2M0YzAiOnsiY3JlYXRlIjoxODAwMDAwMDAwMDAwLCJkZWxldGUiOjE4MDAwMDAwMDAwMDAsInVwZGF0ZSI6MTgwMDAwMDAwMDAwMH19",
          "dependencies": [
            "data.openstack_networking_network_v2.external",
            "openstack_compute_instance_v2.os_gateway",
            "openstack_networking_network_v2.dmz",
            "openstack_networking_network_v2.identity",
            "openstack_networking_network_v2.private",
            "openstack_networking_port_v2.os_gateway_identity_port",
            "openstack_networking_port_v2.os_gateway_private_port",
            "openstack_networking_router_interface_v2.edge_router_dmz",
            "openstack_networking_router_v2.edge_router",
            "openstack_networking_secgroup_v2.neutron_sg_os_dmz",
            "openstack_networking_secgroup_v2.neutron_sg_os_private",
            "openstack_networking_subnet_v2.dmz_subnet",
            "openstack_networking_subnet_v2.identity_subnet",
            "openstack_networking_subnet_v2.private_subnet"
          ]
        }
      ]
    },
    {
      "mode": "managed",
      "type": "openstack_networking_floatingip_associate_v2",
      "name": "os_gateway_fip_assoc",
      "provider": "provider[\"registry.terraform.io/terraform-provider-openstack/openstack\"]",
      "instances": [
        {
          "schema_version": 0,
          "attributes": {
            "fixed_ip": "192.168.100.10",
            "floating_ip": "172.10.10.168",
            "id": "5ec172f7-81be-4c7e-a7ce-516edf6e13d6",
            "port_id": "f830d45e-2010-4bb2-8f36-4af6924df9ed",
            "region": "RegionOne"
          },
          "sensitive_attributes": [],
          "identity_schema_version": 0,
          "private": "bnVsbA==",
          "dependencies": [
            "data.openstack_networking_network_v2.external",
            "data.openstack_networking_port_v2.os_gateway_dmz_port",
            "openstack_compute_instance_v2.os_gateway",
            "openstack_networking_floatingip_v2.os_gateway_fip",
            "openstack_networking_network_v2.dmz",
            "openstack_networking_network_v2.identity",
            "openstack_networking_network_v2.private",
            "openstack_networking_port_v2.os_gateway_identity_port",
            "openstack_networking_port_v2.os_gateway_private_port",
            "openstack_networking_router_interface_v2.edge_router_dmz",
            "openstack_networking_router_v2.edge_router",
            "openstack_networking_secgroup_v2.neutron_sg_os_dmz",
            "openstack_networking_subnet_v2.dmz_subnet",
            "openstack_networking_subnet_v2.identity_subnet",
            "openstack_networking_subnet_v2.private_subnet"
          ]
        }
      ]
    },
    {
      "mode": "managed",
      "type": "openstack_networking_floatingip_v2",
      "name": "os_gateway_fip",
      "provider": "provider[\"registry.terraform.io/terraform-provider-openstack/openstack\"]",
      "instances": [
        {
          "schema_version": 0,
          "attributes": {
            "address": "172.10.10.168",
            "all_tags": [],
            "description": "",
            "dns_domain": "",
            "dns_name": "",
            "fixed_ip": "",
            "id": "5ec172f7-81be-4c7e-a7ce-516edf6e13d6",
            "pool": "public1",
            "port_id": "",
            "region": "RegionOne",
            "subnet_id": null,
            "subnet_ids": null,
            "tags": null,
            "tenant_id": "6d335fcaec7847daaca0f1837dfc7d6f",
            "timeouts": null,
            "value_specs": null
          },
          "sensitive_attributes": [],
          "identity_schema_version": 0,
          "private": "eyJlMmJmYjczMC1lY2FhLTExZTYtOGY4OC0zNDM2M2JjN2M0YzAiOnsiY3JlYXRlIjo2MDAwMDAwMDAwMDAsImRlbGV0ZSI6NjAwMDAwMDAwMDAwfX0=",
          "dependencies": [
            "data.openstack_networking_network_v2.external"
          ]
        }
      ]
    },
    {
      "mode": "managed",
      "type": "openstack_networking_network_v2",
      "name": "dmz",
      "provider": "provider[\"registry.terraform.io/terraform-provider-openstack/openstack\"]",
      "instances": [
        {
          "schema_version": 0,
          "attributes": {
            "admin_state_up": true,
            "all_tags": [],
            "availability_zone_hints": [],
            "description": "",
            "dns_domain": "",
            "external": false,
            "id": "3e13c2e7-23c1-4eaf-b2ee-5419251cbb04",
            "mtu": 1450,
            "name": "zta-dmz-network",
            "port_security_enabled": true,
            "qos_policy_id": "",
            "region": "RegionOne",
            "segments": [
              {
                "network_type": "vxlan",
                "physical_network": "",
                "segmentation_id": 671
              }
            ],
            "shared": false,
            "tags": null,
            "tenant_id": "6d335fcaec7847daaca0f1837dfc7d6f",
            "timeouts": null,
            "transparent_vlan": false,
            "value_specs": null
          },
          "sensitive_attributes": [],
          "identity_schema_version": 0,
          "private": "eyJlMmJmYjczMC1lY2FhLTExZTYtOGY4OC0zNDM2M2JjN2M0YzAiOnsiY3JlYXRlIjo2MDAwMDAwMDAwMDAsImRlbGV0ZSI6NjAwMDAwMDAwMDAwfX0="
        }
      ]
    },
    {
      "mode": "managed",
      "type": "openstack_networking_network_v2",
      "name": "identity",
      "provider": "provider[\"registry.terraform.io/terraform-provider-openstack/openstack\"]",
      "instances": [
        {
          "schema_version": 0,
          "attributes": {
            "admin_state_up": true,
            "all_tags": [],
            "availability_zone_hints": [],
            "description": "",
            "dns_domain": "",
            "external": false,
            "id": "c64a1496-1043-45c4-9b29-87abe0e9b0e6",
            "mtu": 1450,
            "name": "zta-identity-network",
            "port_security_enabled": true,
            "qos_policy_id": "",
            "region": "RegionOne",
            "segments": [
              {
                "network_type": "vxlan",
                "physical_network": "",
                "segmentation_id": 564
              }
            ],
            "shared": false,
            "tags": null,
            "tenant_id": "6d335fcaec7847daaca0f1837dfc7d6f",
            "timeouts": null,
            "transparent_vlan": false,
            "value_specs": null
          },
          "sensitive_attributes": [],
          "identity_schema_version": 0,
          "private": "eyJlMmJmYjczMC1lY2FhLTExZTYtOGY4OC0zNDM2M2JjN2M0YzAiOnsiY3JlYXRlIjo2MDAwMDAwMDAwMDAsImRlbGV0ZSI6NjAwMDAwMDAwMDAwfX0=",
          "dependencies": [
            "openstack_networking_network_v2.dmz"
          ]
        }
      ]
    },
    {
      "mode": "managed",
      "type": "openstack_networking_network_v2",
      "name": "private",
      "provider": "provider[\"registry.terraform.io/terraform-provider-openstack/openstack\"]",
      "instances": [
        {
          "schema_version": 0,
          "attributes": {
            "admin_state_up": true,
            "all_tags": [],
            "availability_zone_hints": [],
            "description": "",
            "dns_domain": "",
            "external": false,
            "id": "f2259634-2063-477f-bb9d-fbcb0ceb71ff",
            "mtu": 1450,
            "name": "zta-private-network",
            "port_security_enabled": true,
            "qos_policy_id": "",
            "region": "RegionOne",
            "segments": [
              {
                "network_type": "vxlan",
                "physical_network": "",
                "segmentation_id": 687
              }
            ],
            "shared": false,
            "tags": null,
            "tenant_id": "6d335fcaec7847daaca0f1837dfc7d6f",
            "timeouts": null,
            "transparent_vlan": false,
            "value_specs": null
          },
          "sensitive_attributes": [],
          "identity_schema_version": 0,
          "private": "eyJlMmJmYjczMC1lY2FhLTExZTYtOGY4OC0zNDM2M2JjN2M0YzAiOnsiY3JlYXRlIjo2MDAwMDAwMDAwMDAsImRlbGV0ZSI6NjAwMDAwMDAwMDAwfX0=",
          "dependencies": [
            "openstack_networking_network_v2.dmz"
          ]
        }
      ]
    },
    {
      "mode": "managed",
      "type": "openstack_networking_port_v2",
      "name": "os_gateway_identity_port",
      "provider": "provider[\"registry.terraform.io/terraform-provider-openstack/openstack\"]",
      "instances": [
        {
          "schema_version": 0,
          "attributes": {
            "admin_state_up": true,
            "all_fixed_ips": [
              "192.168.102.1"
            ],
            "all_security_group_ids": [],
            "all_tags": [],
            "allowed_address_pairs": [],
            "binding": [
              {
                "host_id": "",
                "profile": "{}",
                "vif_details": {},
                "vif_type": "unbound",
                "vnic_type": "normal"
              }
            ],
            "description": "",
            "device_id": "",
            "device_owner": "",
            "dns_assignment": [],
            "dns_name": "",
            "extra_dhcp_option": [],
            "fixed_ip": [
              {
                "ip_address": "192.168.102.1",
                "subnet_id": "6450c2d2-df78-4e2d-9fdd-81b78c737083"
              }
            ],
            "id": "1e252702-7673-4877-b602-7e42c92e11e5",
            "mac_address": "fa:16:3e:3b:f7:ab",
            "name": "os-gateway-identity-port",
            "network_id": "c64a1496-1043-45c4-9b29-87abe0e9b0e6",
            "no_fixed_ip": null,
            "no_security_groups": null,
            "port_security_enabled": false,
            "qos_policy_id": "",
            "region": "RegionOne",
            "security_group_ids": null,
            "tags": null,
            "tenant_id": "6d335fcaec7847daaca0f1837dfc7d6f",
            "timeouts": null,
            "value_specs": null
          },
          "sensitive_attributes": [],
          "identity_schema_version": 0,
          "private": "eyJlMmJmYjczMC1lY2FhLTExZTYtOGY4OC0zNDM2M2JjN2M0YzAiOnsiY3JlYXRlIjo2MDAwMDAwMDAwMDAsImRlbGV0ZSI6NjAwMDAwMDAwMDAwfX0=",
          "dependencies": [
            "openstack_networking_network_v2.dmz",
            "openstack_networking_network_v2.identity",
            "openstack_networking_subnet_v2.identity_subnet"
          ]
        }
      ]
    },
    {
      "mode": "managed",
      "type": "openstack_networking_port_v2",
      "name": "os_gateway_private_port",
      "provider": "provider[\"registry.terraform.io/terraform-provider-openstack/openstack\"]",
      "instances": [
        {
          "schema_version": 0,
          "attributes": {
            "admin_state_up": true,
            "all_fixed_ips": [
              "192.168.101.1"
            ],
            "all_security_group_ids": [],
            "all_tags": [],
            "allowed_address_pairs": [],
            "binding": [
              {
                "host_id": "",
                "profile": "{}",
                "vif_details": {},
                "vif_type": "unbound",
                "vnic_type": "normal"
              }
            ],
            "description": "",
            "device_id": "",
            "device_owner": "",
            "dns_assignment": [],
            "dns_name": "",
            "extra_dhcp_option": [],
            "fixed_ip": [
              {
                "ip_address": "192.168.101.1",
                "subnet_id": "e47bc231-4417-4b5f-aef1-58c3f1156d12"
              }
            ],
            "id": "7a63becf-53eb-4d8f-9f41-a0ab305a58ad",
            "mac_address": "fa:16:3e:29:b0:f5",
            "name": "os-gateway-private-port",
            "network_id": "f2259634-2063-477f-bb9d-fbcb0ceb71ff",
            "no_fixed_ip": null,
            "no_security_groups": null,
            "port_security_enabled": false,
            "qos_policy_id": "",
            "region": "RegionOne",
            "security_group_ids": null,
            "tags": null,
            "tenant_id": "6d335fcaec7847daaca0f1837dfc7d6f",
            "timeouts": null,
            "value_specs": null
          },
          "sensitive_attributes": [],
          "identity_schema_version": 0,
          "private": "eyJlMmJmYjczMC1lY2FhLTExZTYtOGY4OC0zNDM2M2JjN2M0YzAiOnsiY3JlYXRlIjo2MDAwMDAwMDAwMDAsImRlbGV0ZSI6NjAwMDAwMDAwMDAwfX0=",
          "dependencies": [
            "openstack_networking_network_v2.dmz",
            "openstack_networking_network_v2.private",
            "openstack_networking_subnet_v2.private_subnet"
          ]
        }
      ]
    },
    {
      "mode": "managed",
      "type": "openstack_networking_router_interface_v2",
      "name": "edge_router_dmz",
      "provider": "provider[\"registry.terraform.io/terraform-provider-openstack/openstack\"]",
      "instances": [
        {
          "schema_version": 0,
          "attributes": {
            "force_destroy": false,
            "id": "84136f19-fd60-41fd-beb5-610f9aaecaa9",
            "port_id": "84136f19-fd60-41fd-beb5-610f9aaecaa9",
            "region": "RegionOne",
            "router_id": "c49a840a-caa4-4dc3-966a-75a0748e672c",
            "subnet_id": "77e8b42c-64c0-4d04-9043-99f46885ce1d",
            "timeouts": null
          },
          "sensitive_attributes": [],
          "identity_schema_version": 0,
          "private": "eyJlMmJmYjczMC1lY2FhLTExZTYtOGY4OC0zNDM2M2JjN2M0YzAiOnsiY3JlYXRlIjo2MDAwMDAwMDAwMDAsImRlbGV0ZSI6NjAwMDAwMDAwMDAwfX0=",
          "dependencies": [
            "data.openstack_networking_network_v2.external",
            "openstack_networking_network_v2.dmz",
            "openstack_networking_router_v2.edge_router",
            "openstack_networking_subnet_v2.dmz_subnet"
          ]
        }
      ]
    },
    {
      "mode": "managed",
      "type": "openstack_networking_router_v2",
      "name": "edge_router",
      "provider": "provider[\"registry.terraform.io/terraform-provider-openstack/openstack\"]",
      "instances": [
        {
          "schema_version": 0,
          "attributes": {
            "admin_state_up": true,
            "all_tags": [],
            "availability_zone_hints": [],
            "description": "",
            "distributed": false,
            "enable_snat": true,
            "external_fixed_ip": [
              {
                "ip_address": "172.10.10.194",
                "subnet_id": "5a6d95de-f058-4468-8e48-26a9c043d045"
              }
            ],
            "external_gateway": "fd29eeb9-94bb-4207-99f3-7fe9f0a49042",
            "external_network_id": "fd29eeb9-94bb-4207-99f3-7fe9f0a49042",
            "external_subnet_ids": null,
            "id": "c49a840a-caa4-4dc3-966a-75a0748e672c",
            "name": "zta-edge-router",
            "region": "RegionOne",
            "tags": null,
            "tenant_id": "6d335fcaec7847daaca0f1837dfc7d6f",
            "timeouts": null,
            "value_specs": null,
            "vendor_options": []
          },
          "sensitive_attributes": [],
          "identity_schema_version": 0,
          "private": "eyJlMmJmYjczMC1lY2FhLTExZTYtOGY4OC0zNDM2M2JjN2M0YzAiOnsiY3JlYXRlIjo2MDAwMDAwMDAwMDAsImRlbGV0ZSI6NjAwMDAwMDAwMDAwfX0=",
          "dependencies": [
            "data.openstack_networking_network_v2.external"
          ]
        }
      ]
    },
    {
      "mode": "managed",
      "type": "openstack_networking_secgroup_rule_v2",
      "name": "os_dmz_ingress_from_external",
      "provider": "provider[\"registry.terraform.io/terraform-provider-openstack/openstack\"]",
      "instances": [
        {
          "schema_version": 0,
          "attributes": {
            "description": "",
            "direction": "ingress",
            "ethertype": "IPv4",
            "id": "4349cfb2-bd51-4a6f-b91c-6eea38fcf11b",
            "port_range_max": 443,
            "port_range_min": 443,
            "protocol": "tcp",
            "region": "RegionOne",
            "remote_group_id": "",
            "remote_ip_prefix": "0.0.0.0/0",
            "security_group_id": "72c66d2f-601b-413a-bb07-cd7985eecb43",
            "tenant_id": "6d335fcaec7847daaca0f1837dfc7d6f",
            "timeouts": null
          },
          "sensitive_attributes": [],
          "identity_schema_version": 0,
          "private": "eyJlMmJmYjczMC1lY2FhLTExZTYtOGY4OC0zNDM2M2JjN2M0YzAiOnsiZGVsZXRlIjo2MDAwMDAwMDAwMDB9fQ==",
          "dependencies": [
            "openstack_networking_secgroup_v2.neutron_sg_os_dmz"
          ]
        }
      ]
    },
    {
      "mode": "managed",
      "type": "openstack_networking_secgroup_rule_v2",
      "name": "os_dmz_ingress_ssh_from_aio",
      "provider": "provider[\"registry.terraform.io/terraform-provider-openstack/openstack\"]",
      "instances": [
        {
          "schema_version": 0,
          "attributes": {
            "description": "",
            "direction": "ingress",
            "ethertype": "IPv4",
            "id": "b42490e5-b079-4683-bad3-37dcc9061307",
            "port_range_max": 22,
            "port_range_min": 22,
            "protocol": "tcp",
            "region": "RegionOne",
            "remote_group_id": "",
            "remote_ip_prefix": "172.10.10.1/32",
            "security_group_id": "72c66d2f-601b-413a-bb07-cd7985eecb43",
            "tenant_id": "6d335fcaec7847daaca0f1837dfc7d6f",
            "timeouts": null
          },
          "sensitive_attributes": [],
          "identity_schema_version": 0,
          "private": "eyJlMmJmYjczMC1lY2FhLTExZTYtOGY4OC0zNDM2M2JjN2M0YzAiOnsiZGVsZXRlIjo2MDAwMDAwMDAwMDB9fQ==",
          "dependencies": [
            "openstack_networking_secgroup_v2.neutron_sg_os_dmz"
          ]
        }
      ]
    },
    {
      "mode": "managed",
      "type": "openstack_networking_secgroup_rule_v2",
      "name": "os_identity_egress_dns",
      "provider": "provider[\"registry.terraform.io/terraform-provider-openstack/openstack\"]",
      "instances": [
        {
          "schema_version": 0,
          "attributes": {
            "description": "",
            "direction": "egress",
            "ethertype": "IPv4",
            "id": "c5809693-7276-44dd-ad8d-f769876d4d56",
            "port_range_max": 53,
            "port_range_min": 53,
            "protocol": "udp",
            "region": "RegionOne",
            "remote_group_id": "",
            "remote_ip_prefix": "0.0.0.0/0",
            "security_group_id": "1b83812e-be69-45d7-a8a0-49ff22404f9d",
            "tenant_id": "6d335fcaec7847daaca0f1837dfc7d6f",
            "timeouts": null
          },
          "sensitive_attributes": [],
          "identity_schema_version": 0,
          "private": "eyJlMmJmYjczMC1lY2FhLTExZTYtOGY4OC0zNDM2M2JjN2M0YzAiOnsiZGVsZXRlIjo2MDAwMDAwMDAwMDB9fQ==",
          "dependencies": [
            "openstack_networking_secgroup_v2.neutron_sg_os_identity"
          ]
        }
      ]
    },
    {
      "mode": "managed",
      "type": "openstack_networking_secgroup_rule_v2",
      "name": "os_identity_egress_http_https",
      "provider": "provider[\"registry.terraform.io/terraform-provider-openstack/openstack\"]",
      "instances": [
        {
          "schema_version": 0,
          "attributes": {
            "description": "",
            "direction": "egress",
            "ethertype": "IPv4",
            "id": "6095dc99-f499-4060-bf72-d0c794e3fa9d",
            "port_range_max": 80,
            "port_range_min": 80,
            "protocol": "tcp",
            "region": "RegionOne",
            "remote_group_id": "",
            "remote_ip_prefix": "0.0.0.0/0",
            "security_group_id": "1b83812e-be69-45d7-a8a0-49ff22404f9d",
            "tenant_id": "6d335fcaec7847daaca0f1837dfc7d6f",
            "timeouts": null
          },
          "sensitive_attributes": [],
          "identity_schema_version": 0,
          "private": "eyJlMmJmYjczMC1lY2FhLTExZTYtOGY4OC0zNDM2M2JjN2M0YzAiOnsiZGVsZXRlIjo2MDAwMDAwMDAwMDB9fQ==",
          "dependencies": [
            "openstack_networking_secgroup_v2.neutron_sg_os_identity"
          ]
        }
      ]
    },
    {
      "mode": "managed",
      "type": "openstack_networking_secgroup_rule_v2",
      "name": "os_identity_egress_https",
      "provider": "provider[\"registry.terraform.io/terraform-provider-openstack/openstack\"]",
      "instances": [
        {
          "schema_version": 0,
          "attributes": {
            "description": "",
            "direction": "egress",
            "ethertype": "IPv4",
            "id": "aa21d566-2cb2-4551-8bfa-347e4adcc21c",
            "port_range_max": 443,
            "port_range_min": 443,
            "protocol": "tcp",
            "region": "RegionOne",
            "remote_group_id": "",
            "remote_ip_prefix": "0.0.0.0/0",
            "security_group_id": "1b83812e-be69-45d7-a8a0-49ff22404f9d",
            "tenant_id": "6d335fcaec7847daaca0f1837dfc7d6f",
            "timeouts": null
          },
          "sensitive_attributes": [],
          "identity_schema_version": 0,
          "private": "eyJlMmJmYjczMC1lY2FhLTExZTYtOGY4OC0zNDM2M2JjN2M0YzAiOnsiZGVsZXRlIjo2MDAwMDAwMDAwMDB9fQ==",
          "dependencies": [
            "openstack_networking_secgroup_v2.neutron_sg_os_identity"
          ]
        }
      ]
    },
    {
      "mode": "managed",
      "type": "openstack_networking_secgroup_rule_v2",
      "name": "os_identity_egress_kubelet_attestation",
      "provider": "provider[\"registry.terraform.io/terraform-provider-openstack/openstack\"]",
      "instances": [
        {
          "schema_version": 0,
          "attributes": {
            "description": "",
            "direction": "egress",
            "ethertype": "IPv4",
            "id": "de4b6063-950c-48cd-9cd8-e6f557525637",
            "port_range_max": 10250,
            "port_range_min": 10250,
            "protocol": "tcp",
            "region": "RegionOne",
            "remote_group_id": "",
            "remote_ip_prefix": "192.168.101.0/24",
            "security_group_id": "1b83812e-be69-45d7-a8a0-49ff22404f9d",
            "tenant_id": "6d335fcaec7847daaca0f1837dfc7d6f",
            "timeouts": null
          },
          "sensitive_attributes": [],
          "identity_schema_version": 0,
          "private": "eyJlMmJmYjczMC1lY2FhLTExZTYtOGY4OC0zNDM2M2JjN2M0YzAiOnsiZGVsZXRlIjo2MDAwMDAwMDAwMDB9fQ==",
          "dependencies": [
            "openstack_networking_secgroup_v2.neutron_sg_os_identity"
          ]
        }
      ]
    },
    {
      "mode": "managed",
      "type": "openstack_networking_secgroup_rule_v2",
      "name": "os_identity_egress_loki",
      "provider": "provider[\"registry.terraform.io/terraform-provider-openstack/openstack\"]",
      "instances": [
        {
          "schema_version": 0,
          "attributes": {
            "description": "Loki log collection (via WireGuard tunnel)",
            "direction": "egress",
            "ethertype": "IPv4",
            "id": "59c1ea99-ca7c-4683-bec8-7ebff471d372",
            "port_range_max": 3100,
            "port_range_min": 3100,
            "protocol": "tcp",
            "region": "RegionOne",
            "remote_group_id": "",
            "remote_ip_prefix": "10.10.2.10/32",
            "security_group_id": "1b83812e-be69-45d7-a8a0-49ff22404f9d",
            "tenant_id": "6d335fcaec7847daaca0f1837dfc7d6f",
            "timeouts": null
          },
          "sensitive_attributes": [],
          "identity_schema_version": 0,
          "private": "eyJlMmJmYjczMC1lY2FhLTExZTYtOGY4OC0zNDM2M2JjN2M0YzAiOnsiZGVsZXRlIjo2MDAwMDAwMDAwMDB9fQ==",
          "dependencies": [
            "openstack_networking_secgroup_v2.neutron_sg_os_identity"
          ]
        }
      ]
    },
    {
      "mode": "managed",
      "type": "openstack_networking_secgroup_rule_v2",
      "name": "os_identity_egress_spire",
      "provider": "provider[\"registry.terraform.io/terraform-provider-openstack/openstack\"]",
      "instances": [
        {
          "schema_version": 0,
          "attributes": {
            "description": "",
            "direction": "egress",
            "ethertype": "IPv4",
            "id": "462fb88f-3e87-4bf4-add8-518a102fcbc1",
            "port_range_max": 8081,
            "port_range_min": 8081,
            "protocol": "tcp",
            "region": "RegionOne",
            "remote_group_id": "",
            "remote_ip_prefix": "10.10.1.20/32",
            "security_group_id": "1b83812e-be69-45d7-a8a0-49ff22404f9d",
            "tenant_id": "6d335fcaec7847daaca0f1837dfc7d6f",
            "timeouts": null
          },
          "sensitive_attributes": [],
          "identity_schema_version": 0,
          "private": "eyJlMmJmYjczMC1lY2FhLTExZTYtOGY4OC0zNDM2M2JjN2M0YzAiOnsiZGVsZXRlIjo2MDAwMDAwMDAwMDB9fQ==",
          "dependencies": [
            "openstack_networking_secgroup_v2.neutron_sg_os_identity"
          ]
        }
      ]
    },
    {
      "mode": "managed",
      "type": "openstack_networking_secgroup_rule_v2",
      "name": "os_identity_ingress_private_dns",
      "provider": "provider[\"registry.terraform.io/terraform-provider-openstack/openstack\"]",
      "instances": [
        {
          "schema_version": 0,
          "attributes": {
            "description": "",
            "direction": "ingress",
            "ethertype": "IPv4",
            "id": "33222c19-2543-4a30-9fce-b4797e2389ff",
            "port_range_max": 53,
            "port_range_min": 53,
            "protocol": "tcp",
            "region": "RegionOne",
            "remote_group_id": "",
            "remote_ip_prefix": "192.168.101.0/24",
            "security_group_id": "1b83812e-be69-45d7-a8a0-49ff22404f9d",
            "tenant_id": "6d335fcaec7847daaca0f1837dfc7d6f",
            "timeouts": null
          },
          "sensitive_attributes": [],
          "identity_schema_version": 0,
          "private": "eyJlMmJmYjczMC1lY2FhLTExZTYtOGY4OC0zNDM2M2JjN2M0YzAiOnsiZGVsZXRlIjo2MDAwMDAwMDAwMDB9fQ==",
          "dependencies": [
            "openstack_networking_secgroup_v2.neutron_sg_os_identity"
          ]
        }
      ]
    },
    {
      "mode": "managed",
      "type": "openstack_networking_secgroup_rule_v2",
      "name": "os_identity_ingress_private_icmp",
      "provider": "provider[\"registry.terraform.io/terraform-provider-openstack/openstack\"]",
      "instances": [
        {
          "schema_version": 0,
          "attributes": {
            "description": "",
            "direction": "ingress",
            "ethertype": "IPv4",
            "id": "e42e3e2f-cb37-44da-9dc3-27cf56b0d572",
            "port_range_max": 0,
            "port_range_min": 0,
            "protocol": "icmp",
            "region": "RegionOne",
            "remote_group_id": "",
            "remote_ip_prefix": "192.168.101.0/24",
            "security_group_id": "1b83812e-be69-45d7-a8a0-49ff22404f9d",
            "tenant_id": "6d335fcaec7847daaca0f1837dfc7d6f",
            "timeouts": null
          },
          "sensitive_attributes": [],
          "identity_schema_version": 0,
          "private": "eyJlMmJmYjczMC1lY2FhLTExZTYtOGY4OC0zNDM2M2JjN2M0YzAiOnsiZGVsZXRlIjo2MDAwMDAwMDAwMDB9fQ==",
          "dependencies": [
            "openstack_networking_secgroup_v2.neutron_sg_os_identity"
          ]
        }
      ]
    },
    {
      "mode": "managed",
      "type": "openstack_networking_secgroup_rule_v2",
      "name": "os_identity_ingress_private_udp_dns",
      "provider": "provider[\"registry.terraform.io/terraform-provider-openstack/openstack\"]",
      "instances": [
        {
          "schema_version": 0,
          "attributes": {
            "description": "",
            "direction": "ingress",
            "ethertype": "IPv4",
            "id": "acd5a93f-e803-42be-9a6b-be0821db6972",
            "port_range_max": 53,
            "port_range_min": 53,
            "protocol": "udp",
            "region": "RegionOne",
            "remote_group_id": "",
            "remote_ip_prefix": "192.168.101.0/24",
            "security_group_id": "1b83812e-be69-45d7-a8a0-49ff22404f9d",
            "tenant_id": "6d335fcaec7847daaca0f1837dfc7d6f",
            "timeouts": null
          },
          "sensitive_attributes": [],
          "identity_schema_version": 0,
          "private": "eyJlMmJmYjczMC1lY2FhLTExZTYtOGY4OC0zNDM2M2JjN2M0YzAiOnsiZGVsZXRlIjo2MDAwMDAwMDAwMDB9fQ==",
          "dependencies": [
            "openstack_networking_secgroup_v2.neutron_sg_os_identity"
          ]
        }
      ]
    },
    {
      "mode": "managed",
      "type": "openstack_networking_secgroup_rule_v2",
      "name": "os_identity_ingress_ssh_from_gateway",
      "provider": "provider[\"registry.terraform.io/terraform-provider-openstack/openstack\"]",
      "instances": [
        {
          "schema_version": 0,
          "attributes": {
            "description": "Allow SSH from os_gateway identity interface",
            "direction": "ingress",
            "ethertype": "IPv4",
            "id": "c7856257-2087-4eaf-bba1-a3cc061607f4",
            "port_range_max": 22,
            "port_range_min": 22,
            "protocol": "tcp",
            "region": "RegionOne",
            "remote_group_id": "",
            "remote_ip_prefix": "192.168.102.1/32",
            "security_group_id": "1b83812e-be69-45d7-a8a0-49ff22404f9d",
            "tenant_id": "6d335fcaec7847daaca0f1837dfc7d6f",
            "timeouts": null
          },
          "sensitive_attributes": [],
          "identity_schema_version": 0,
          "private": "eyJlMmJmYjczMC1lY2FhLTExZTYtOGY4OC0zNDM2M2JjN2M0YzAiOnsiZGVsZXRlIjo2MDAwMDAwMDAwMDB9fQ==",
          "dependencies": [
            "openstack_networking_secgroup_v2.neutron_sg_os_identity"
          ]
        }
      ]
    },
    {
      "mode": "managed",
      "type": "openstack_networking_secgroup_rule_v2",
      "name": "os_private_egress_dns",
      "provider": "provider[\"registry.terraform.io/terraform-provider-openstack/openstack\"]",
      "instances": [
        {
          "schema_version": 0,
          "attributes": {
            "description": "",
            "direction": "egress",
            "ethertype": "IPv4",
            "id": "ce92d5ed-90df-4fd1-a10f-d3fa9b16729c",
            "port_range_max": 53,
            "port_range_min": 53,
            "protocol": "udp",
            "region": "RegionOne",
            "remote_group_id": "",
            "remote_ip_prefix": "0.0.0.0/0",
            "security_group_id": "e004a99c-1f06-4a14-97a4-090cc3e3cac3",
            "tenant_id": "6d335fcaec7847daaca0f1837dfc7d6f",
            "timeouts": null
          },
          "sensitive_attributes": [],
          "identity_schema_version": 0,
          "private": "eyJlMmJmYjczMC1lY2FhLTExZTYtOGY4OC0zNDM2M2JjN2M0YzAiOnsiZGVsZXRlIjo2MDAwMDAwMDAwMDB9fQ==",
          "dependencies": [
            "openstack_networking_secgroup_v2.neutron_sg_os_private"
          ]
        }
      ]
    },
    {
      "mode": "managed",
      "type": "openstack_networking_secgroup_rule_v2",
      "name": "os_private_egress_http_https",
      "provider": "provider[\"registry.terraform.io/terraform-provider-openstack/openstack\"]",
      "instances": [
        {
          "schema_version": 0,
          "attributes": {
            "description": "",
            "direction": "egress",
            "ethertype": "IPv4",
            "id": "cb6cab89-5092-4c1a-a879-79f5ee0d4956",
            "port_range_max": 80,
            "port_range_min": 80,
            "protocol": "tcp",
            "region": "RegionOne",
            "remote_group_id": "",
            "remote_ip_prefix": "0.0.0.0/0",
            "security_group_id": "e004a99c-1f06-4a14-97a4-090cc3e3cac3",
            "tenant_id": "6d335fcaec7847daaca0f1837dfc7d6f",
            "timeouts": null
          },
          "sensitive_attributes": [],
          "identity_schema_version": 0,
          "private": "eyJlMmJmYjczMC1lY2FhLTExZTYtOGY4OC0zNDM2M2JjN2M0YzAiOnsiZGVsZXRlIjo2MDAwMDAwMDAwMDB9fQ==",
          "dependencies": [
            "openstack_networking_secgroup_v2.neutron_sg_os_private"
          ]
        }
      ]
    },
    {
      "mode": "managed",
      "type": "openstack_networking_secgroup_rule_v2",
      "name": "os_private_egress_https",
      "provider": "provider[\"registry.terraform.io/terraform-provider-openstack/openstack\"]",
      "instances": [
        {
          "schema_version": 0,
          "attributes": {
            "description": "",
            "direction": "egress",
            "ethertype": "IPv4",
            "id": "35fff722-03d0-4ad4-9f24-d8a92ec62a8a",
            "port_range_max": 443,
            "port_range_min": 443,
            "protocol": "tcp",
            "region": "RegionOne",
            "remote_group_id": "",
            "remote_ip_prefix": "0.0.0.0/0",
            "security_group_id": "e004a99c-1f06-4a14-97a4-090cc3e3cac3",
            "tenant_id": "6d335fcaec7847daaca0f1837dfc7d6f",
            "timeouts": null
          },
          "sensitive_attributes": [],
          "identity_schema_version": 0,
          "private": "eyJlMmJmYjczMC1lY2FhLTExZTYtOGY4OC0zNDM2M2JjN2M0YzAiOnsiZGVsZXRlIjo2MDAwMDAwMDAwMDB9fQ==",
          "dependencies": [
            "openstack_networking_secgroup_v2.neutron_sg_os_private"
          ]
        }
      ]
    },
    {
      "mode": "managed",
      "type": "openstack_networking_secgroup_rule_v2",
      "name": "os_private_egress_k3s_api_aws",
      "provider": "provider[\"registry.terraform.io/terraform-provider-openstack/openstack\"]",
      "instances": [
        {
          "schema_version": 0,
          "attributes": {
            "description": "",
            "direction": "egress",
            "ethertype": "IPv4",
            "id": "9a1a899b-9128-4305-afe7-76d0d340e83c",
            "port_range_max": 6443,
            "port_range_min": 6443,
            "protocol": "tcp",
            "region": "RegionOne",
            "remote_group_id": "",
            "remote_ip_prefix": "10.10.1.0/24",
            "security_group_id": "e004a99c-1f06-4a14-97a4-090cc3e3cac3",
            "tenant_id": "6d335fcaec7847daaca0f1837dfc7d6f",
            "timeouts": null
          },
          "sensitive_attributes": [],
          "identity_schema_version": 0,
          "private": "eyJlMmJmYjczMC1lY2FhLTExZTYtOGY4OC0zNDM2M2JjN2M0YzAiOnsiZGVsZXRlIjo2MDAwMDAwMDAwMDB9fQ==",
          "dependencies": [
            "openstack_networking_secgroup_v2.neutron_sg_os_private"
          ]
        }
      ]
    },
    {
      "mode": "managed",
      "type": "openstack_networking_secgroup_rule_v2",
      "name": "os_private_egress_loki",
      "provider": "provider[\"registry.terraform.io/terraform-provider-openstack/openstack\"]",
      "instances": [
        {
          "schema_version": 0,
          "attributes": {
            "description": "Loki log collection (via WireGuard tunnel)",
            "direction": "egress",
            "ethertype": "IPv4",
            "id": "bc0ce08c-90dc-4cc4-a120-f6c9c3bf41b6",
            "port_range_max": 3100,
            "port_range_min": 3100,
            "protocol": "tcp",
            "region": "RegionOne",
            "remote_group_id": "",
            "remote_ip_prefix": "10.10.2.10/32",
            "security_group_id": "e004a99c-1f06-4a14-97a4-090cc3e3cac3",
            "tenant_id": "6d335fcaec7847daaca0f1837dfc7d6f",
            "timeouts": null
          },
          "sensitive_attributes": [],
          "identity_schema_version": 0,
          "private": "eyJlMmJmYjczMC1lY2FhLTExZTYtOGY4OC0zNDM2M2JjN2M0YzAiOnsiZGVsZXRlIjo2MDAwMDAwMDAwMDB9fQ==",
          "dependencies": [
            "openstack_networking_secgroup_v2.neutron_sg_os_private"
          ]
        }
      ]
    },
    {
      "mode": "managed",
      "type": "openstack_networking_secgroup_rule_v2",
      "name": "os_private_egress_spire",
      "provider": "provider[\"registry.terraform.io/terraform-provider-openstack/openstack\"]",
      "instances": [
        {
          "schema_version": 0,
          "attributes": {
            "description": "",
            "direction": "egress",
            "ethertype": "IPv4",
            "id": "943766f5-228e-4cf4-9b4c-a87661023253",
            "port_range_max": 8081,
            "port_range_min": 8081,
            "protocol": "tcp",
            "region": "RegionOne",
            "remote_group_id": "",
            "remote_ip_prefix": "10.10.1.20/32",
            "security_group_id": "e004a99c-1f06-4a14-97a4-090cc3e3cac3",
            "tenant_id": "6d335fcaec7847daaca0f1837dfc7d6f",
            "timeouts": null
          },
          "sensitive_attributes": [],
          "identity_schema_version": 0,
          "private": "eyJlMmJmYjczMC1lY2FhLTExZTYtOGY4OC0zNDM2M2JjN2M0YzAiOnsiZGVsZXRlIjo2MDAwMDAwMDAwMDB9fQ==",
          "dependencies": [
            "openstack_networking_secgroup_v2.neutron_sg_os_private"
          ]
        }
      ]
    },
    {
      "mode": "managed",
      "type": "openstack_networking_secgroup_rule_v2",
      "name": "os_private_ingress_icmp",
      "provider": "provider[\"registry.terraform.io/terraform-provider-openstack/openstack\"]",
      "instances": [
        {
          "schema_version": 0,
          "attributes": {
            "description": "",
            "direction": "ingress",
            "ethertype": "IPv4",
            "id": "5fcb40c1-2740-4c6a-a043-89e13fe1ed69",
            "port_range_max": 0,
            "port_range_min": 0,
            "protocol": "icmp",
            "region": "RegionOne",
            "remote_group_id": "",
            "remote_ip_prefix": "192.168.101.0/24",
            "security_group_id": "e004a99c-1f06-4a14-97a4-090cc3e3cac3",
            "tenant_id": "6d335fcaec7847daaca0f1837dfc7d6f",
            "timeouts": null
          },
          "sensitive_attributes": [],
          "identity_schema_version": 0,
          "private": "eyJlMmJmYjczMC1lY2FhLTExZTYtOGY4OC0zNDM2M2JjN2M0YzAiOnsiZGVsZXRlIjo2MDAwMDAwMDAwMDB9fQ==",
          "dependencies": [
            "openstack_networking_secgroup_v2.neutron_sg_os_private"
          ]
        }
      ]
    },
    {
      "mode": "managed",
      "type": "openstack_networking_secgroup_rule_v2",
      "name": "os_private_ingress_k3s",
      "provider": "provider[\"registry.terraform.io/terraform-provider-openstack/openstack\"]",
      "instances": [
        {
          "schema_version": 0,
          "attributes": {
            "description": "",
            "direction": "ingress",
            "ethertype": "IPv4",
            "id": "93259da5-a2bc-49fb-aca9-da333983d10e",
            "port_range_max": 6443,
            "port_range_min": 6443,
            "protocol": "tcp",
            "region": "RegionOne",
            "remote_group_id": "",
            "remote_ip_prefix": "192.168.101.0/24",
            "security_group_id": "e004a99c-1f06-4a14-97a4-090cc3e3cac3",
            "tenant_id": "6d335fcaec7847daaca0f1837dfc7d6f",
            "timeouts": null
          },
          "sensitive_attributes": [],
          "identity_schema_version": 0,
          "private": "eyJlMmJmYjczMC1lY2FhLTExZTYtOGY4OC0zNDM2M2JjN2M0YzAiOnsiZGVsZXRlIjo2MDAwMDAwMDAwMDB9fQ==",
          "dependencies": [
            "openstack_networking_secgroup_v2.neutron_sg_os_private"
          ]
        }
      ]
    },
    {
      "mode": "managed",
      "type": "openstack_networking_secgroup_rule_v2",
      "name": "os_private_ingress_kubelet",
      "provider": "provider[\"registry.terraform.io/terraform-provider-openstack/openstack\"]",
      "instances": [
        {
          "schema_version": 0,
          "attributes": {
            "description": "",
            "direction": "ingress",
            "ethertype": "IPv4",
            "id": "ce040dd0-e1b6-467e-b1b9-5ee790e53235",
            "port_range_max": 10250,
            "port_range_min": 10250,
            "protocol": "tcp",
            "region": "RegionOne",
            "remote_group_id": "",
            "remote_ip_prefix": "192.168.101.0/24",
            "security_group_id": "e004a99c-1f06-4a14-97a4-090cc3e3cac3",
            "tenant_id": "6d335fcaec7847daaca0f1837dfc7d6f",
            "timeouts": null
          },
          "sensitive_attributes": [],
          "identity_schema_version": 0,
          "private": "eyJlMmJmYjczMC1lY2FhLTExZTYtOGY4OC0zNDM2M2JjN2M0YzAiOnsiZGVsZXRlIjo2MDAwMDAwMDAwMDB9fQ==",
          "dependencies": [
            "openstack_networking_secgroup_v2.neutron_sg_os_private"
          ]
        }
      ]
    },
    {
      "mode": "managed",
      "type": "openstack_networking_secgroup_rule_v2",
      "name": "os_private_ingress_ssh_from_gateway",
      "provider": "provider[\"registry.terraform.io/terraform-provider-openstack/openstack\"]",
      "instances": [
        {
          "schema_version": 0,
          "attributes": {
            "description": "Allow SSH from os_gateway private interface",
            "direction": "ingress",
            "ethertype": "IPv4",
            "id": "d0bf9063-6f6c-4eb0-aaca-655d3556e5b3",
            "port_range_max": 22,
            "port_range_min": 22,
            "protocol": "tcp",
            "region": "RegionOne",
            "remote_group_id": "",
            "remote_ip_prefix": "192.168.101.1/32",
            "security_group_id": "e004a99c-1f06-4a14-97a4-090cc3e3cac3",
            "tenant_id": "6d335fcaec7847daaca0f1837dfc7d6f",
            "timeouts": null
          },
          "sensitive_attributes": [],
          "identity_schema_version": 0,
          "private": "eyJlMmJmYjczMC1lY2FhLTExZTYtOGY4OC0zNDM2M2JjN2M0YzAiOnsiZGVsZXRlIjo2MDAwMDAwMDAwMDB9fQ==",
          "dependencies": [
            "openstack_networking_secgroup_v2.neutron_sg_os_private"
          ]
        }
      ]
    },
    {
      "mode": "managed",
      "type": "openstack_networking_secgroup_v2",
      "name": "neutron_sg_os_dmz",
      "provider": "provider[\"registry.terraform.io/terraform-provider-openstack/openstack\"]",
      "instances": [
        {
          "schema_version": 0,
          "attributes": {
            "all_tags": [],
            "delete_default_rules": null,
            "description": "DMZ security group for OpenStack",
            "id": "72c66d2f-601b-413a-bb07-cd7985eecb43",
            "name": "neutron-sg-os-dmz",
            "region": "RegionOne",
            "tags": null,
            "tenant_id": "6d335fcaec7847daaca0f1837dfc7d6f",
            "timeouts": null
          },
          "sensitive_attributes": [],
          "identity_schema_version": 0,
          "private": "eyJlMmJmYjczMC1lY2FhLTExZTYtOGY4OC0zNDM2M2JjN2M0YzAiOnsiZGVsZXRlIjo2MDAwMDAwMDAwMDB9fQ=="
        }
      ]
    },
    {
      "mode": "managed",
      "type": "openstack_networking_secgroup_v2",
      "name": "neutron_sg_os_identity",
      "provider": "provider[\"registry.terraform.io/terraform-provider-openstack/openstack\"]",
      "instances": [
        {
          "schema_version": 0,
          "attributes": {
            "all_tags": [],
            "delete_default_rules": null,
            "description": "Identity security group",
            "id": "1b83812e-be69-45d7-a8a0-49ff22404f9d",
            "name": "neutron-sg-os-identity",
            "region": "RegionOne",
            "tags": null,
            "tenant_id": "6d335fcaec7847daaca0f1837dfc7d6f",
            "timeouts": null
          },
          "sensitive_attributes": [],
          "identity_schema_version": 0,
          "private": "eyJlMmJmYjczMC1lY2FhLTExZTYtOGY4OC0zNDM2M2JjN2M0YzAiOnsiZGVsZXRlIjo2MDAwMDAwMDAwMDB9fQ=="
        }
      ]
    },
    {
      "mode": "managed",
      "type": "openstack_networking_secgroup_v2",
      "name": "neutron_sg_os_private",
      "provider": "provider[\"registry.terraform.io/terraform-provider-openstack/openstack\"]",
      "instances": [
        {
          "schema_version": 0,
          "attributes": {
            "all_tags": [],
            "delete_default_rules": null,
            "description": "Private security group for OpenStack K3s cluster",
            "id": "e004a99c-1f06-4a14-97a4-090cc3e3cac3",
            "name": "neutron-sg-os-private",
            "region": "RegionOne",
            "tags": null,
            "tenant_id": "6d335fcaec7847daaca0f1837dfc7d6f",
            "timeouts": null
          },
          "sensitive_attributes": [],
          "identity_schema_version": 0,
          "private": "eyJlMmJmYjczMC1lY2FhLTExZTYtOGY4OC0zNDM2M2JjN2M0YzAiOnsiZGVsZXRlIjo2MDAwMDAwMDAwMDB9fQ=="
        }
      ]
    },
    {
      "mode": "managed",
      "type": "openstack_networking_subnet_v2",
      "name": "dmz_subnet",
      "provider": "provider[\"registry.terraform.io/terraform-provider-openstack/openstack\"]",
      "instances": [
        {
          "schema_version": 0,
          "attributes": {
            "all_tags": [],
            "allocation_pool": [
              {
                "end": "192.168.100.254",
                "start": "192.168.100.2"
              }
            ],
            "allocation_pools": [
              {
                "end": "192.168.100.254",
                "start": "192.168.100.2"
              }
            ],
            "cidr": "192.168.100.0/24",
            "description": "",
            "dns_nameservers": [
              "8.8.8.8",
              "8.8.4.4"
            ],
            "enable_dhcp": true,
            "gateway_ip": "192.168.100.1",
            "host_routes": [],
            "id": "77e8b42c-64c0-4d04-9043-99f46885ce1d",
            "ip_version": 4,
            "ipv6_address_mode": "",
            "ipv6_ra_mode": "",
            "name": "zta-dmz-subnet",
            "network_id": "3e13c2e7-23c1-4eaf-b2ee-5419251cbb04",
            "no_gateway": false,
            "prefix_length": null,
            "region": "RegionOne",
            "service_types": [],
            "subnetpool_id": "",
            "tags": null,
            "tenant_id": "6d335fcaec7847daaca0f1837dfc7d6f",
            "timeouts": null,
            "value_specs": null
          },
          "sensitive_attributes": [],
          "identity_schema_version": 0,
          "private": "eyJlMmJmYjczMC1lY2FhLTExZTYtOGY4OC0zNDM2M2JjN2M0YzAiOnsiY3JlYXRlIjo2MDAwMDAwMDAwMDAsImRlbGV0ZSI6NjAwMDAwMDAwMDAwfX0=",
          "dependencies": [
            "openstack_networking_network_v2.dmz"
          ]
        }
      ]
    },
    {
      "mode": "managed",
      "type": "openstack_networking_subnet_v2",
      "name": "identity_subnet",
      "provider": "provider[\"registry.terraform.io/terraform-provider-openstack/openstack\"]",
      "instances": [
        {
          "schema_version": 0,
          "attributes": {
            "all_tags": [],
            "allocation_pool": [
              {
                "end": "192.168.102.253",
                "start": "192.168.102.20"
              }
            ],
            "allocation_pools": [
              {
                "end": "192.168.102.253",
                "start": "192.168.102.20"
              }
            ],
            "cidr": "192.168.102.0/24",
            "description": "",
            "dns_nameservers": [
              "8.8.8.8",
              "8.8.4.4"
            ],
            "enable_dhcp": true,
            "gateway_ip": "192.168.102.1",
            "host_routes": [],
            "id": "6450c2d2-df78-4e2d-9fdd-81b78c737083",
            "ip_version": 4,
            "ipv6_address_mode": "",
            "ipv6_ra_mode": "",
            "name": "zta-identity-subnet",
            "network_id": "c64a1496-1043-45c4-9b29-87abe0e9b0e6",
            "no_gateway": false,
            "prefix_length": null,
            "region": "RegionOne",
            "service_types": [],
            "subnetpool_id": "",
            "tags": null,
            "tenant_id": "6d335fcaec7847daaca0f1837dfc7d6f",
            "timeouts": null,
            "value_specs": null
          },
          "sensitive_attributes": [],
          "identity_schema_version": 0,
          "private": "eyJlMmJmYjczMC1lY2FhLTExZTYtOGY4OC0zNDM2M2JjN2M0YzAiOnsiY3JlYXRlIjo2MDAwMDAwMDAwMDAsImRlbGV0ZSI6NjAwMDAwMDAwMDAwfX0=",
          "dependencies": [
            "openstack_networking_network_v2.dmz",
            "openstack_networking_network_v2.identity"
          ]
        }
      ]
    },
    {
      "mode": "managed",
      "type": "openstack_networking_subnet_v2",
      "name": "private_subnet",
      "provider": "provider[\"registry.terraform.io/terraform-provider-openstack/openstack\"]",
      "instances": [
        {
          "schema_version": 0,
          "attributes": {
            "all_tags": [],
            "allocation_pool": [
              {
                "end": "192.168.101.253",
                "start": "192.168.101.20"
              }
            ],
            "allocation_pools": [
              {
                "end": "192.168.101.253",
                "start": "192.168.101.20"
              }
            ],
            "cidr": "192.168.101.0/24",
            "description": "",
            "dns_nameservers": [
              "8.8.8.8",
              "8.8.4.4"
            ],
            "enable_dhcp": true,
            "gateway_ip": "192.168.101.1",
            "host_routes": [],
            "id": "e47bc231-4417-4b5f-aef1-58c3f1156d12",
            "ip_version": 4,
            "ipv6_address_mode": "",
            "ipv6_ra_mode": "",
            "name": "zta-private-subnet",
            "network_id": "f2259634-2063-477f-bb9d-fbcb0ceb71ff",
            "no_gateway": false,
            "prefix_length": null,
            "region": "RegionOne",
            "service_types": [],
            "subnetpool_id": "",
            "tags": null,
            "tenant_id": "6d335fcaec7847daaca0f1837dfc7d6f",
            "timeouts": null,
            "value_specs": null
          },
          "sensitive_attributes": [],
          "identity_schema_version": 0,
          "private": "eyJlMmJmYjczMC1lY2FhLTExZTYtOGY4OC0zNDM2M2JjN2M0YzAiOnsiY3JlYXRlIjo2MDAwMDAwMDAwMDAsImRlbGV0ZSI6NjAwMDAwMDAwMDAwfX0=",
          "dependencies": [
            "openstack_networking_network_v2.dmz",
            "openstack_networking_network_v2.private"
          ]
        }
      ]
    }
  ],
  "check_results": null
}
