{
  "version": 4,
  "terraform_version": "1.14.3",
  "serial": 1956,
  "lineage": "d0b61760-3461-ebe9-de57-9d9a9314f108",
  "outputs": {
    "network_ids": {
      "value": {
        "dmz": "8f4df7e1-80b4-4845-9769-f3ef21a169ef",
        "identity": "9c85e9ba-499f-4bb8-9d9c-a33f3a4f7253",
        "private": "c8981e41-e309-4000-bef0-2b18071b2761"
      },
      "type": [
        "object",
        {
          "dmz": "string",
          "identity": "string",
          "private": "string"
        }
      ]
    },
    "openstack_instance_ids": {
      "value": {
        "os_gateway": "513e7a08-e21d-4a77-a00d-4e515405bdbb",
        "os_identity": "2025060a-27e9-4f60-83d3-bd85e11db778",
        "os_k3s_master": "3ce9f0ff-d581-4e19-ab4c-51f12673769a",
        "os_k3s_worker_1": "470c5777-2ffd-4750-9c66-a009adc105a0",
        "os_k3s_worker_2": "7121c695-e6fb-43bc-9f32-a2af09314f62"
      },
      "type": [
        "object",
        {
          "os_gateway": "string",
          "os_identity": "string",
          "os_k3s_master": "string",
          "os_k3s_worker_1": "string",
          "os_k3s_worker_2": "string"
        }
      ]
    },
    "openstack_instances": {
      "value": {
        "os_gateway": {
          "id": "513e7a08-e21d-4a77-a00d-4e515405bdbb",
          "networks": {
            "dmz": "192.168.100.10",
            "identity": "192.168.102.1",
            "private": "192.168.101.1"
          },
          "public_ip": "172.10.10.159",
          "role": "wg-gateway"
        },
        "os_identity": {
          "id": "2025060a-27e9-4f60-83d3-bd85e11db778",
          "identity_ip": "192.168.102.10",
          "role": "identity"
        },
        "os_k3s_master": {
          "id": "3ce9f0ff-d581-4e19-ab4c-51f12673769a",
          "private_ip": "192.168.101.11",
          "role": "k3s-master"
        },
        "os_k3s_worker_1": {
          "id": "470c5777-2ffd-4750-9c66-a009adc105a0",
          "private_ip": "192.168.101.12",
          "role": "k3s-worker"
        },
        "os_k3s_worker_2": {
          "id": "7121c695-e6fb-43bc-9f32-a2af09314f62",
          "private_ip": "192.168.101.13",
          "role": "k3s-worker"
        }
      },
      "type": [
        "object",
        {
          "os_gateway": [
            "object",
            {
              "id": "string",
              "networks": [
                "object",
                {
                  "dmz": "string",
                  "identity": "string",
                  "private": "string"
                }
              ],
              "public_ip": "string",
              "role": "string"
            }
          ],
          "os_identity": [
            "object",
            {
              "id": "string",
              "identity_ip": "string",
              "role": "string"
            }
          ],
          "os_k3s_master": [
            "object",
            {
              "id": "string",
              "private_ip": "string",
              "role": "string"
            }
          ],
          "os_k3s_worker_1": [
            "object",
            {
              "id": "string",
              "private_ip": "string",
              "role": "string"
            }
          ],
          "os_k3s_worker_2": [
            "object",
            {
              "id": "string",
              "private_ip": "string",
              "role": "string"
            }
          ]
        }
      ]
    },
    "openstack_k3s_api_tunnel": {
      "value": {
        "api_server_port": 6443,
        "k3s_master_private": "192.168.101.11",
        "local_port": 6443,
        "os_gateway_public": "172.10.10.159"
      },
      "type": [
        "object",
        {
          "api_server_port": "number",
          "k3s_master_private": "string",
          "local_port": "number",
          "os_gateway_public": "string"
        }
      ]
    },
    "openstack_network_topology": {
      "value": {
        "dmz": {
          "cidr": "192.168.100.0/24",
          "gateway_ip": "192.168.100.1",
          "network_id": "8f4df7e1-80b4-4845-9769-f3ef21a169ef",
          "subnet_id": "a73e5ce6-2260-4596-96f2-6372c9d0190f"
        },
        "edge_router_id": "7a728663-8aeb-4ac2-92ad-310828795c06",
        "external_network": {
          "id": "fd29eeb9-94bb-4207-99f3-7fe9f0a49042",
          "name": "public1"
        },
        "identity": {
          "cidr": "192.168.102.0/24",
          "gateway_ip": "192.168.102.1",
          "network_id": "9c85e9ba-499f-4bb8-9d9c-a33f3a4f7253",
          "subnet_id": "a1684ee0-7fad-4491-9e85-9b88ac6f65db"
        },
        "private": {
          "cidr": "192.168.101.0/24",
          "gateway_ip": "192.168.101.1",
          "network_id": "c8981e41-e309-4000-bef0-2b18071b2761",
          "subnet_id": "63c0117f-27d4-4329-a361-c3b060084e04"
        }
      },
      "type": [
        "object",
        {
          "dmz": [
            "object",
            {
              "cidr": "string",
              "gateway_ip": "string",
              "network_id": "string",
              "subnet_id": "string"
            }
          ],
          "edge_router_id": "string",
          "external_network": [
            "object",
            {
              "id": "string",
              "name": "string"
            }
          ],
          "identity": [
            "object",
            {
              "cidr": "string",
              "gateway_ip": "string",
              "network_id": "string",
              "subnet_id": "string"
            }
          ],
          "private": [
            "object",
            {
              "cidr": "string",
              "gateway_ip": "string",
              "network_id": "string",
              "subnet_id": "string"
            }
          ]
        }
      ]
    },
    "openstack_security_groups": {
      "value": {
        "dmz": {
          "id": "86fb957f-c756-439f-ba46-fe43406831c4",
          "name": "neutron-sg-os-dmz"
        },
        "identity": {
          "id": "fdee255d-2fa7-4a52-88bf-8e9561c0a280",
          "name": "neutron-sg-os-identity"
        },
        "private": {
          "id": "7550e3b4-a2f4-48b1-b4cc-6d6669c990c7",
          "name": "neutron-sg-os-private"
        }
      },
      "type": [
        "object",
        {
          "dmz": [
            "object",
            {
              "id": "string",
              "name": "string"
            }
          ],
          "identity": [
            "object",
            {
              "id": "string",
              "name": "string"
            }
          ],
          "private": [
            "object",
            {
              "id": "string",
              "name": "string"
            }
          ]
        }
      ]
    },
    "os_gateway_floating_ip": {
      "value": "172.10.10.159",
      "type": "string"
    },
    "router_ids": {
      "value": {
        "edge": "7a728663-8aeb-4ac2-92ad-310828795c06"
      },
      "type": [
        "object",
        {
          "edge": "string"
        }
      ]
    },
    "security_group_ids": {
      "value": {
        "dmz": "86fb957f-c756-439f-ba46-fe43406831c4",
        "identity": "fdee255d-2fa7-4a52-88bf-8e9561c0a280",
        "private": "7550e3b4-a2f4-48b1-b4cc-6d6669c990c7"
      },
      "type": [
        "object",
        {
          "dmz": "string",
          "identity": "string",
          "private": "string"
        }
      ]
    },
    "subnet_ids": {
      "value": {
        "dmz": "a73e5ce6-2260-4596-96f2-6372c9d0190f",
        "identity": "a1684ee0-7fad-4491-9e85-9b88ac6f65db",
        "private": "63c0117f-27d4-4329-a361-c3b060084e04"
      },
      "type": [
        "object",
        {
          "dmz": "string",
          "identity": "string",
          "private": "string"
        }
      ]
    }
  },
  "resources": [
    {
      "mode": "data",
      "type": "openstack_networking_network_v2",
      "name": "external",
      "provider": "provider[\"registry.terraform.io/terraform-provider-openstack/openstack\"]",
      "instances": [
        {
          "schema_version": 0,
          "attributes": {
            "admin_state_up": "true",
            "all_tags": [],
            "availability_zone_hints": [],
            "description": "",
            "dns_domain": "",
            "external": true,
            "id": "fd29eeb9-94bb-4207-99f3-7fe9f0a49042",
            "matching_subnet_cidr": null,
            "mtu": 1500,
            "name": "public1",
            "network_id": null,
            "region": "RegionOne",
            "segments": [
              {
                "network_type": "flat",
                "physical_network": "physnet1",
                "segmentation_id": 0
              }
            ],
            "shared": "true",
            "status": null,
            "subnets": [
              "5a6d95de-f058-4468-8e48-26a9c043d045"
            ],
            "tags": null,
            "tenant_id": "4202f46389eb4497ad4deb5c837047f1",
            "transparent_vlan": false
          },
          "sensitive_attributes": [],
          "identity_schema_version": 0
        }
      ]
    },
    {
      "mode": "data",
      "type": "openstack_networking_port_v2",
      "name": "os_gateway_dmz_port",
      "provider": "provider[\"registry.terraform.io/terraform-provider-openstack/openstack\"]",
      "instances": [
        {
          "schema_version": 0,
          "attributes": {
            "admin_state_up": true,
            "all_fixed_ips": [
              "192.168.100.10"
            ],
            "all_security_group_ids": [
              "86fb957f-c756-439f-ba46-fe43406831c4"
            ],
            "all_tags": [],
            "allowed_address_pairs": [],
            "binding": [
              {
                "host_id": "aio",
                "profile": "{}",
                "vif_details": {
                  "bound_drivers": "{\"0\":\"openvswitch\"}",
                  "bridge_name": "br-int",
                  "connectivity": "l2",
                  "datapath_type": "system",
                  "ovs_hybrid_plug": "true",
                  "port_filter": "true"
                },
                "vif_type": "ovs",
                "vnic_type": "normal"
              }
            ],
            "description": "",
            "device_id": "513e7a08-e21d-4a77-a00d-4e515405bdbb",
            "device_owner": "compute:nova",
            "dns_assignment": [],
            "dns_name": "",
            "extra_dhcp_option": [],
            "fixed_ip": null,
            "id": "efbfc0f5-d24e-491d-8ea5-586cfdf95e29",
            "mac_address": "fa:16:3e:56:c2:ae",
            "name": "",
            "network_id": "8f4df7e1-80b4-4845-9769-f3ef21a169ef",
            "port_id": "efbfc0f5-d24e-491d-8ea5-586cfdf95e29",
            "project_id": "6d335fcaec7847daaca0f1837dfc7d6f",
            "region": "RegionOne",
            "security_group_ids": null,
            "status": null,
            "tags": null,
            "tenant_id": "6d335fcaec7847daaca0f1837dfc7d6f"
          },
          "sensitive_attributes": [],
          "identity_schema_version": 0
        }
      ]
    },
    {
      "mode": "managed",
      "type": "openstack_compute_instance_v2",
      "name": "os_gateway",
      "provider": "provider[\"registry.terraform.io/terraform-provider-openstack/openstack\"]",
      "instances": [
        {
          "schema_version": 0,
          "attributes": {
            "access_ip_v4": "192.168.100.10",
            "access_ip_v6": "",
            "admin_pass": null,
            "all_metadata": {},
            "all_tags": [],
            "availability_zone": "nova",
            "availability_zone_hints": null,
            "block_device": [],
            "config_drive": null,
            "created": "2026-04-13 15:47:56 +0000 UTC",
            "flavor_id": "8b9f7b8e-268b-4a67-b0a1-367a416ea250",
            "flavor_name": "nano-plus",
            "floating_ip": null,
            "force_delete": false,
            "id": "513e7a08-e21d-4a77-a00d-4e515405bdbb",
            "image_id": "78ae965f-b72a-4f46-b8f7-cc670fb3d393",
            "image_name": "ubuntu-22.04",
            "key_pair": "",
            "metadata": null,
            "name": "os-gateway",
            "network": [
              {
                "access_network": true,
                "fixed_ip_v4": "192.168.100.10",
                "fixed_ip_v6": "",
                "floating_ip": "",
                "mac": "fa:16:3e:56:c2:ae",
                "name": "zta-dmz-network",
                "port": "",
                "uuid": "8f4df7e1-80b4-4845-9769-f3ef21a169ef"
              },
              {
                "access_network": false,
                "fixed_ip_v4": "192.168.101.1",
                "fixed_ip_v6": "",
                "floating_ip": "",
                "mac": "fa:16:3e:6e:8a:6f",
                "name": "zta-private-network",
                "port": "1f332038-8596-4b73-9162-0defd205ff87",
                "uuid": "c8981e41-e309-4000-bef0-2b18071b2761"
              },
              {
                "access_network": false,
                "fixed_ip_v4": "192.168.102.1",
                "fixed_ip_v6": "",
                "floating_ip": "",
                "mac": "fa:16:3e:9f:6d:f7",
                "name": "zta-identity-network",
                "port": "ccd39600-ab7a-4727-88c1-b1f09e970c33",
                "uuid": "9c85e9ba-499f-4bb8-9d9c-a33f3a4f7253"
              }
            ],
            "network_mode": null,
            "personality": [],
            "power_state": "active",
            "region": "RegionOne",
            "scheduler_hints": [],
            "security_groups": [
              "neutron-sg-os-dmz"
            ],
            "stop_before_destroy": false,
            "tags": [],
            "timeouts": null,
            "updated": "2026-04-13 15:48:21 +0000 UTC",
            "user_data": "db5c28acde12b7a2039b96695cd6f47c581f0368",
            "vendor_options": [],
            "volume": []
          },
          "sensitive_attributes": [
            [
              {
                "type": "get_attr",
                "value": "admin_pass"
              }
            ]
          ],
          "identity_schema_version": 0,
          "private": "eyJlMmJmYjczMC1lY2FhLTExZTYtOGY4OC0zNDM2M2JjN2M0YzAiOnsiY3JlYXRlIjoxODAwMDAwMDAwMDAwLCJkZWxldGUiOjE4MDAwMDAwMDAwMDAsInVwZGF0ZSI6MTgwMDAwMDAwMDAwMH19",
          "dependencies": [
            "data.openstack_networking_network_v2.external",
            "openstack_networking_network_v2.dmz",
            "openstack_networking_network_v2.identity",
            "openstack_networking_network_v2.private",
            "openstack_networking_port_v2.os_gateway_identity_port",
            "openstack_networking_port_v2.os_gateway_private_port",
            "openstack_networking_router_interface_v2.edge_router_dmz",
            "openstack_networking_router_v2.edge_router",
            "openstack_networking_secgroup_v2.neutron_sg_os_dmz",
            "openstack_networking_subnet_v2.dmz_subnet",
            "openstack_networking_subnet_v2.identity_subnet",
            "openstack_networking_subnet_v2.private_subnet"
          ]
        }
      ]
    },
    {
      "mode": "managed",
      "type": "openstack_compute_instance_v2",
      "name": "os_identity",
      "provider": "provider[\"registry.terraform.io/terraform-provider-openstack/openstack\"]",
      "instances": [
        {
          "schema_version": 0,
          "attributes": {
            "access_ip_v4": "192.168.102.10",
            "access_ip_v6": "",
            "admin_pass": null,
            "all_metadata": {},
            "all_tags": [],
            "availability_zone": "nova",
            "availability_zone_hints": null,
            "block_device": [],
            "config_drive": null,
            "created": "2026-04-13 15:48:27 +0000 UTC",
            "flavor_id": "99",
            "flavor_name": "nano",
            "floating_ip": null,
            "force_delete": false,
            "id": "2025060a-27e9-4f60-83d3-bd85e11db778",
            "image_id": "78ae965f-b72a-4f46-b8f7-cc670fb3d393",
            "image_name": "ubuntu-22.04",
            "key_pair": "",
            "metadata": null,
            "name": "os-identity",
            "network": [
              {
                "access_network": false,
                "fixed_ip_v4": "192.168.102.10",
                "fixed_ip_v6": "",
                "floating_ip": "",
                "mac": "fa:16:3e:37:d5:d7",
                "name": "zta-identity-network",
                "port": "",
                "uuid": "9c85e9ba-499f-4bb8-9d9c-a33f3a4f7253"
              }
            ],
            "network_mode": null,
            "personality": [],
            "power_state": "active",
            "region": "RegionOne",
            "scheduler_hints": [],
            "security_groups": [
              "neutron-sg-os-identity"
            ],
            "stop_before_destroy": false,
            "tags": [],
            "timeouts": null,
            "updated": "2026-04-13 15:48:38 +0000 UTC",
            "user_data": "34e996b72edfde22192e5653a755636d3061b091",
            "vendor_options": [],
            "volume": []
          },
          "sensitive_attributes": [
            [
              {
                "type": "get_attr",
                "value": "admin_pass"
              }
            ]
          ],
          "identity_schema_version": 0,
          "private": "eyJlMmJmYjczMC1lY2FhLTExZTYtOGY4OC0zNDM2M2JjN2M0YzAiOnsiY3JlYXRlIjoxODAwMDAwMDAwMDAwLCJkZWxldGUiOjE4MDAwMDAwMDAwMDAsInVwZGF0ZSI6MTgwMDAwMDAwMDAwMH19",
          "dependencies": [
            "data.openstack_networking_network_v2.external",
            "openstack_compute_instance_v2.os_gateway",
            "openstack_networking_network_v2.dmz",
            "openstack_networking_network_v2.identity",
            "openstack_networking_network_v2.private",
            "openstack_networking_port_v2.os_gateway_identity_port",
            "openstack_networking_port_v2.os_gateway_private_port",
            "openstack_networking_router_interface_v2.edge_router_dmz",
            "openstack_networking_router_v2.edge_router",
            "openstack_networking_secgroup_v2.neutron_sg_os_dmz",
            "openstack_networking_secgroup_v2.neutron_sg_os_identity",
            "openstack_networking_subnet_v2.dmz_subnet",
            "openstack_networking_subnet_v2.identity_subnet",
            "openstack_networking_subnet_v2.private_subnet"
          ]
        }
      ]
    },
    {
      "mode": "managed",
      "type": "openstack_compute_instance_v2",
      "name": "os_k3s_master",
      "provider": "provider[\"registry.terraform.io/terraform-provider-openstack/openstack\"]",
      "instances": [
        {
          "schema_version": 0,
          "attributes": {
            "access_ip_v4": "192.168.101.11",
            "access_ip_v6": "",
            "admin_pass": null,
            "all_metadata": {},
            "all_tags": [],
            "availability_zone": "nova",
            "availability_zone_hints": null,
            "block_device": [],
            "config_drive": null,
            "created": "2026-04-13 15:48:27 +0000 UTC",
            "flavor_id": "f3867f39-b159-4dfe-a8b0-045a5c07821f",
            "flavor_name": "m1.medium",
            "floating_ip": null,
            "force_delete": false,
            "id": "3ce9f0ff-d581-4e19-ab4c-51f12673769a",
            "image_id": "78ae965f-b72a-4f46-b8f7-cc670fb3d393",
            "image_name": "ubuntu-22.04",
            "key_pair": "",
            "metadata": null,
            "name": "os-k3s-master",
            "network": [
              {
                "access_network": false,
                "fixed_ip_v4": "192.168.101.11",
                "fixed_ip_v6": "",
                "floating_ip": "",
                "mac": "fa:16:3e:42:e9:be",
                "name": "zta-private-network",
                "port": "",
                "uuid": "c8981e41-e309-4000-bef0-2b18071b2761"
              }
            ],
            "network_mode": null,
            "personality": [],
            "power_state": "active",
            "region": "RegionOne",
            "scheduler_hints": [],
            "security_groups": [
              "neutron-sg-os-private"
            ],
            "stop_before_destroy": false,
            "tags": [],
            "timeouts": null,
            "updated": "2026-04-13 15:48:51 +0000 UTC",
            "user_data": "34e996b72edfde22192e5653a755636d3061b091",
            "vendor_options": [],
            "volume": []
          },
          "sensitive_attributes": [
            [
              {
                "type": "get_attr",
                "value": "admin_pass"
              }
            ]
          ],
          "identity_schema_version": 0,
          "private": "eyJlMmJmYjczMC1lY2FhLTExZTYtOGY4OC0zNDM2M2JjN2M0YzAiOnsiY3JlYXRlIjoxODAwMDAwMDAwMDAwLCJkZWxldGUiOjE4MDAwMDAwMDAwMDAsInVwZGF0ZSI6MTgwMDAwMDAwMDAwMH19",
          "dependencies": [
            "data.openstack_networking_network_v2.external",
            "openstack_compute_instance_v2.os_gateway",
            "openstack_networking_network_v2.dmz",
            "openstack_networking_network_v2.identity",
            "openstack_networking_network_v2.private",
            "openstack_networking_port_v2.os_gateway_identity_port",
            "openstack_networking_port_v2.os_gateway_private_port",
            "openstack_networking_router_interface_v2.edge_router_dmz",
            "openstack_networking_router_v2.edge_router",
            "openstack_networking_secgroup_v2.neutron_sg_os_dmz",
            "openstack_networking_secgroup_v2.neutron_sg_os_private",
            "openstack_networking_subnet_v2.dmz_subnet",
            "openstack_networking_subnet_v2.identity_subnet",
            "openstack_networking_subnet_v2.private_subnet"
          ]
        }
      ]
    },
    {
      "mode": "managed",
      "type": "openstack_compute_instance_v2",
      "name": "os_k3s_worker_1",
      "provider": "provider[\"registry.terraform.io/terraform-provider-openstack/openstack\"]",
      "instances": [
        {
          "schema_version": 0,
          "attributes": {
            "access_ip_v4": "192.168.101.12",
            "access_ip_v6": "",
            "admin_pass": null,
            "all_metadata": {},
            "all_tags": [],
            "availability_zone": "nova",
            "availability_zone_hints": null,
            "block_device": [],
            "config_drive": null,
            "created": "2026-04-13 15:48:27 +0000 UTC",
            "flavor_id": "99",
            "flavor_name": "nano",
            "floating_ip": null,
            "force_delete": false,
            "id": "470c5777-2ffd-4750-9c66-a009adc105a0",
            "image_id": "78ae965f-b72a-4f46-b8f7-cc670fb3d393",
            "image_name": "ubuntu-22.04",
            "key_pair": "",
            "metadata": null,
            "name": "os-k3s-worker-1",
            "network": [
              {
                "access_network": false,
                "fixed_ip_v4": "192.168.101.12",
                "fixed_ip_v6": "",
                "floating_ip": "",
                "mac": "fa:16:3e:24:f1:f1",
                "name": "zta-private-network",
                "port": "",
                "uuid": "c8981e41-e309-4000-bef0-2b18071b2761"
              }
            ],
            "network_mode": null,
            "personality": [],
            "power_state": "active",
            "region": "RegionOne",
            "scheduler_hints": [],
            "security_groups": [
              "neutron-sg-os-private"
            ],
            "stop_before_destroy": false,
            "tags": [],
            "timeouts": null,
            "updated": "2026-04-13 15:48:53 +0000 UTC",
            "user_data": "34e996b72edfde22192e5653a755636d3061b091",
            "vendor_options": [],
            "volume": []
          },
          "sensitive_attributes": [
            [
              {
                "type": "get_attr",
                "value": "admin_pass"
              }
            ]
          ],
          "identity_schema_version": 0,
          "private": "eyJlMmJmYjczMC1lY2FhLTExZTYtOGY4OC0zNDM2M2JjN2M0YzAiOnsiY3JlYXRlIjoxODAwMDAwMDAwMDAwLCJkZWxldGUiOjE4MDAwMDAwMDAwMDAsInVwZGF0ZSI6MTgwMDAwMDAwMDAwMH19",
          "dependencies": [
            "data.openstack_networking_network_v2.external",
            "openstack_compute_instance_v2.os_gateway",
            "openstack_networking_network_v2.dmz",
            "openstack_networking_network_v2.identity",
            "openstack_networking_network_v2.private",
            "openstack_networking_port_v2.os_gateway_identity_port",
            "openstack_networking_port_v2.os_gateway_private_port",
            "openstack_networking_router_interface_v2.edge_router_dmz",
            "openstack_networking_router_v2.edge_router",
            "openstack_networking_secgroup_v2.neutron_sg_os_dmz",
            "openstack_networking_secgroup_v2.neutron_sg_os_private",
            "openstack_networking_subnet_v2.dmz_subnet",
            "openstack_networking_subnet_v2.identity_subnet",
            "openstack_networking_subnet_v2.private_subnet"
          ]
        }
      ]
    },
    {
      "mode": "managed",
      "type": "openstack_compute_instance_v2",
      "name": "os_k3s_worker_2",
      "provider": "provider[\"registry.terraform.io/terraform-provider-openstack/openstack\"]",
      "instances": [
        {
          "schema_version": 0,
          "attributes": {
            "access_ip_v4": "192.168.101.13",
            "access_ip_v6": "",
            "admin_pass": null,
            "all_metadata": {},
            "all_tags": [],
            "availability_zone": "nova",
            "availability_zone_hints": null,
            "block_device": [],
            "config_drive": null,
            "created": "2026-04-13 15:48:26 +0000 UTC",
            "flavor_id": "99",
            "flavor_name": "nano",
            "floating_ip": null,
            "force_delete": false,
            "id": "7121c695-e6fb-43bc-9f32-a2af09314f62",
            "image_id": "78ae965f-b72a-4f46-b8f7-cc670fb3d393",
            "image_name": "ubuntu-22.04",
            "key_pair": "",
            "metadata": null,
            "name": "os-k3s-worker-2",
            "network": [
              {
                "access_network": false,
                "fixed_ip_v4": "192.168.101.13",
                "fixed_ip_v6": "",
                "floating_ip": "",
                "mac": "fa:16:3e:f6:8d:6f",
                "name": "zta-private-network",
                "port": "",
                "uuid": "c8981e41-e309-4000-bef0-2b18071b2761"
              }
            ],
            "network_mode": null,
            "personality": [],
            "power_state": "active",
            "region": "RegionOne",
            "scheduler_hints": [],
            "security_groups": [
              "neutron-sg-os-private"
            ],
            "stop_before_destroy": false,
            "tags": [],
            "timeouts": null,
            "updated": "2026-04-13 15:48:53 +0000 UTC",
            "user_data": "34e996b72edfde22192e5653a755636d3061b091",
            "vendor_options": [],
            "volume": []
          },
          "sensitive_attributes": [
            [
              {
                "type": "get_attr",
                "value": "admin_pass"
              }
            ]
          ],
          "identity_schema_version": 0,
          "private": "eyJlMmJmYjczMC1lY2FhLTExZTYtOGY4OC0zNDM2M2JjN2M0YzAiOnsiY3JlYXRlIjoxODAwMDAwMDAwMDAwLCJkZWxldGUiOjE4MDAwMDAwMDAwMDAsInVwZGF0ZSI6MTgwMDAwMDAwMDAwMH19",
          "dependencies": [
            "data.openstack_networking_network_v2.external",
            "openstack_compute_instance_v2.os_gateway",
            "openstack_networking_network_v2.dmz",
            "openstack_networking_network_v2.identity",
            "openstack_networking_network_v2.private",
            "openstack_networking_port_v2.os_gateway_identity_port",
            "openstack_networking_port_v2.os_gateway_private_port",
            "openstack_networking_router_interface_v2.edge_router_dmz",
            "openstack_networking_router_v2.edge_router",
            "openstack_networking_secgroup_v2.neutron_sg_os_dmz",
            "openstack_networking_secgroup_v2.neutron_sg_os_private",
            "openstack_networking_subnet_v2.dmz_subnet",
            "openstack_networking_subnet_v2.identity_subnet",
            "openstack_networking_subnet_v2.private_subnet"
          ]
        }
      ]
    },
    {
      "mode": "managed",
      "type": "openstack_networking_floatingip_associate_v2",
      "name": "os_gateway_fip_assoc",
      "provider": "provider[\"registry.terraform.io/terraform-provider-openstack/openstack\"]",
      "instances": [
        {
          "schema_version": 0,
          "attributes": {
            "fixed_ip": "192.168.100.10",
            "floating_ip": "172.10.10.159",
            "id": "6c44c5be-07c4-4b92-8211-531c4948a2e3",
            "port_id": "efbfc0f5-d24e-491d-8ea5-586cfdf95e29",
            "region": "RegionOne"
          },
          "sensitive_attributes": [],
          "identity_schema_version": 0,
          "private": "bnVsbA==",
          "dependencies": [
            "data.openstack_networking_network_v2.external",
            "data.openstack_networking_port_v2.os_gateway_dmz_port",
            "openstack_compute_instance_v2.os_gateway",
            "openstack_networking_floatingip_v2.os_gateway_fip",
            "openstack_networking_network_v2.dmz",
            "openstack_networking_network_v2.identity",
            "openstack_networking_network_v2.private",
            "openstack_networking_port_v2.os_gateway_identity_port",
            "openstack_networking_port_v2.os_gateway_private_port",
            "openstack_networking_router_interface_v2.edge_router_dmz",
            "openstack_networking_router_v2.edge_router",
            "openstack_networking_secgroup_v2.neutron_sg_os_dmz",
            "openstack_networking_subnet_v2.dmz_subnet",
            "openstack_networking_subnet_v2.identity_subnet",
            "openstack_networking_subnet_v2.private_subnet"
          ]
        }
      ]
    },
    {
      "mode": "managed",
      "type": "openstack_networking_floatingip_v2",
      "name": "os_gateway_fip",
      "provider": "provider[\"registry.terraform.io/terraform-provider-openstack/openstack\"]",
      "instances": [
        {
          "schema_version": 0,
          "attributes": {
            "address": "172.10.10.159",
            "all_tags": [],
            "description": "",
            "dns_domain": "",
            "dns_name": "",
            "fixed_ip": "192.168.100.10",
            "id": "6c44c5be-07c4-4b92-8211-531c4948a2e3",
            "pool": "public1",
            "port_id": "efbfc0f5-d24e-491d-8ea5-586cfdf95e29",
            "region": "RegionOne",
            "subnet_id": null,
            "subnet_ids": null,
            "tags": [],
            "tenant_id": "6d335fcaec7847daaca0f1837dfc7d6f",
            "timeouts": null,
            "value_specs": null
          },
          "sensitive_attributes": [],
          "identity_schema_version": 0,
          "private": "eyJlMmJmYjczMC1lY2FhLTExZTYtOGY4OC0zNDM2M2JjN2M0YzAiOnsiY3JlYXRlIjo2MDAwMDAwMDAwMDAsImRlbGV0ZSI6NjAwMDAwMDAwMDAwfX0=",
          "dependencies": [
            "data.openstack_networking_network_v2.external"
          ]
        }
      ]
    },
    {
      "mode": "managed",
      "type": "openstack_networking_network_v2",
      "name": "dmz",
      "provider": "provider[\"registry.terraform.io/terraform-provider-openstack/openstack\"]",
      "instances": [
        {
          "schema_version": 0,
          "attributes": {
            "admin_state_up": true,
            "all_tags": [],
            "availability_zone_hints": [],
            "description": "",
            "dns_domain": "",
            "external": false,
            "id": "8f4df7e1-80b4-4845-9769-f3ef21a169ef",
            "mtu": 1450,
            "name": "zta-dmz-network",
            "port_security_enabled": true,
            "qos_policy_id": "",
            "region": "RegionOne",
            "segments": [
              {
                "network_type": "vxlan",
                "physical_network": "",
                "segmentation_id": 74
              }
            ],
            "shared": false,
            "tags": [],
            "tenant_id": "6d335fcaec7847daaca0f1837dfc7d6f",
            "timeouts": null,
            "transparent_vlan": false,
            "value_specs": null
          },
          "sensitive_attributes": [],
          "identity_schema_version": 0,
          "private": "eyJlMmJmYjczMC1lY2FhLTExZTYtOGY4OC0zNDM2M2JjN2M0YzAiOnsiY3JlYXRlIjo2MDAwMDAwMDAwMDAsImRlbGV0ZSI6NjAwMDAwMDAwMDAwfX0="
        }
      ]
    },
    {
      "mode": "managed",
      "type": "openstack_networking_network_v2",
      "name": "identity",
      "provider": "provider[\"registry.terraform.io/terraform-provider-openstack/openstack\"]",
      "instances": [
        {
          "schema_version": 0,
          "attributes": {
            "admin_state_up": true,
            "all_tags": [],
            "availability_zone_hints": [],
            "description": "",
            "dns_domain": "",
            "external": false,
            "id": "9c85e9ba-499f-4bb8-9d9c-a33f3a4f7253",
            "mtu": 1450,
            "name": "zta-identity-network",
            "port_security_enabled": true,
            "qos_policy_id": "",
            "region": "RegionOne",
            "segments": [
              {
                "network_type": "vxlan",
                "physical_network": "",
                "segmentation_id": 948
              }
            ],
            "shared": false,
            "tags": [],
            "tenant_id": "6d335fcaec7847daaca0f1837dfc7d6f",
            "timeouts": null,
            "transparent_vlan": false,
            "value_specs": null
          },
          "sensitive_attributes": [],
          "identity_schema_version": 0,
          "private": "eyJlMmJmYjczMC1lY2FhLTExZTYtOGY4OC0zNDM2M2JjN2M0YzAiOnsiY3JlYXRlIjo2MDAwMDAwMDAwMDAsImRlbGV0ZSI6NjAwMDAwMDAwMDAwfX0=",
          "dependencies": [
            "openstack_networking_network_v2.dmz"
          ]
        }
      ]
    },
    {
      "mode": "managed",
      "type": "openstack_networking_network_v2",
      "name": "private",
      "provider": "provider[\"registry.terraform.io/terraform-provider-openstack/openstack\"]",
      "instances": [
        {
          "schema_version": 0,
          "attributes": {
            "admin_state_up": true,
            "all_tags": [],
            "availability_zone_hints": [],
            "description": "",
            "dns_domain": "",
            "external": false,
            "id": "c8981e41-e309-4000-bef0-2b18071b2761",
            "mtu": 1450,
            "name": "zta-private-network",
            "port_security_enabled": true,
            "qos_policy_id": "",
            "region": "RegionOne",
            "segments": [
              {
                "network_type": "vxlan",
                "physical_network": "",
                "segmentation_id": 719
              }
            ],
            "shared": false,
            "tags": [],
            "tenant_id": "6d335fcaec7847daaca0f1837dfc7d6f",
            "timeouts": null,
            "transparent_vlan": false,
            "value_specs": null
          },
          "sensitive_attributes": [],
          "identity_schema_version": 0,
          "private": "eyJlMmJmYjczMC1lY2FhLTExZTYtOGY4OC0zNDM2M2JjN2M0YzAiOnsiY3JlYXRlIjo2MDAwMDAwMDAwMDAsImRlbGV0ZSI6NjAwMDAwMDAwMDAwfX0=",
          "dependencies": [
            "openstack_networking_network_v2.dmz"
          ]
        }
      ]
    },
    {
      "mode": "managed",
      "type": "openstack_networking_port_v2",
      "name": "os_gateway_identity_port",
      "provider": "provider[\"registry.terraform.io/terraform-provider-openstack/openstack\"]",
      "instances": [
        {
          "schema_version": 0,
          "attributes": {
            "admin_state_up": true,
            "all_fixed_ips": [
              "192.168.102.1"
            ],
            "all_security_group_ids": [],
            "all_tags": [],
            "allowed_address_pairs": [],
            "binding": [
              {
                "host_id": "aio",
                "profile": "{}",
                "vif_details": {
                  "bound_drivers": "{\"0\":\"openvswitch\"}",
                  "bridge_name": "br-int",
                  "connectivity": "l2",
                  "datapath_type": "system",
                  "ovs_hybrid_plug": "true",
                  "port_filter": "true"
                },
                "vif_type": "ovs",
                "vnic_type": "normal"
              }
            ],
            "description": "",
            "device_id": "513e7a08-e21d-4a77-a00d-4e515405bdbb",
            "device_owner": "compute:nova",
            "dns_assignment": [],
            "dns_name": "",
            "extra_dhcp_option": [],
            "fixed_ip": [
              {
                "ip_address": "192.168.102.1",
                "subnet_id": "a1684ee0-7fad-4491-9e85-9b88ac6f65db"
              }
            ],
            "id": "ccd39600-ab7a-4727-88c1-b1f09e970c33",
            "mac_address": "fa:16:3e:9f:6d:f7",
            "name": "os-gateway-identity-port",
            "network_id": "9c85e9ba-499f-4bb8-9d9c-a33f3a4f7253",
            "no_fixed_ip": null,
            "no_security_groups": null,
            "port_security_enabled": false,
            "qos_policy_id": "",
            "region": "RegionOne",
            "security_group_ids": null,
            "tags": [],
            "tenant_id": "6d335fcaec7847daaca0f1837dfc7d6f",
            "timeouts": null,
            "value_specs": null
          },
          "sensitive_attributes": [],
          "identity_schema_version": 0,
          "private": "eyJlMmJmYjczMC1lY2FhLTExZTYtOGY4OC0zNDM2M2JjN2M0YzAiOnsiY3JlYXRlIjo2MDAwMDAwMDAwMDAsImRlbGV0ZSI6NjAwMDAwMDAwMDAwfX0=",
          "dependencies": [
            "openstack_networking_network_v2.dmz",
            "openstack_networking_network_v2.identity",
            "openstack_networking_subnet_v2.identity_subnet"
          ]
        }
      ]
    },
    {
      "mode": "managed",
      "type": "openstack_networking_port_v2",
      "name": "os_gateway_private_port",
      "provider": "provider[\"registry.terraform.io/terraform-provider-openstack/openstack\"]",
      "instances": [
        {
          "schema_version": 0,
          "attributes": {
            "admin_state_up": true,
            "all_fixed_ips": [
              "192.168.101.1"
            ],
            "all_security_group_ids": [],
            "all_tags": [],
            "allowed_address_pairs": [],
            "binding": [
              {
                "host_id": "aio",
                "profile": "{}",
                "vif_details": {
                  "bound_drivers": "{\"0\":\"openvswitch\"}",
                  "bridge_name": "br-int",
                  "connectivity": "l2",
                  "datapath_type": "system",
                  "ovs_hybrid_plug": "true",
                  "port_filter": "true"
                },
                "vif_type": "ovs",
                "vnic_type": "normal"
              }
            ],
            "description": "",
            "device_id": "513e7a08-e21d-4a77-a00d-4e515405bdbb",
            "device_owner": "compute:nova",
            "dns_assignment": [],
            "dns_name": "",
            "extra_dhcp_option": [],
            "fixed_ip": [
              {
                "ip_address": "192.168.101.1",
                "subnet_id": "63c0117f-27d4-4329-a361-c3b060084e04"
              }
            ],
            "id": "1f332038-8596-4b73-9162-0defd205ff87",
            "mac_address": "fa:16:3e:6e:8a:6f",
            "name": "os-gateway-private-port",
            "network_id": "c8981e41-e309-4000-bef0-2b18071b2761",
            "no_fixed_ip": null,
            "no_security_groups": null,
            "port_security_enabled": false,
            "qos_policy_id": "",
            "region": "RegionOne",
            "security_group_ids": null,
            "tags": [],
            "tenant_id": "6d335fcaec7847daaca0f1837dfc7d6f",
            "timeouts": null,
            "value_specs": null
          },
          "sensitive_attributes": [],
          "identity_schema_version": 0,
          "private": "eyJlMmJmYjczMC1lY2FhLTExZTYtOGY4OC0zNDM2M2JjN2M0YzAiOnsiY3JlYXRlIjo2MDAwMDAwMDAwMDAsImRlbGV0ZSI6NjAwMDAwMDAwMDAwfX0=",
          "dependencies": [
            "openstack_networking_network_v2.dmz",
            "openstack_networking_network_v2.private",
            "openstack_networking_subnet_v2.private_subnet"
          ]
        }
      ]
    },
    {
      "mode": "managed",
      "type": "openstack_networking_router_interface_v2",
      "name": "edge_router_dmz",
      "provider": "provider[\"registry.terraform.io/terraform-provider-openstack/openstack\"]",
      "instances": [
        {
          "schema_version": 0,
          "attributes": {
            "force_destroy": false,
            "id": "aee83abb-48c0-48c4-a02a-2a30aa9c294f",
            "port_id": "aee83abb-48c0-48c4-a02a-2a30aa9c294f",
            "region": "RegionOne",
            "router_id": "7a728663-8aeb-4ac2-92ad-310828795c06",
            "subnet_id": "a73e5ce6-2260-4596-96f2-6372c9d0190f",
            "timeouts": null
          },
          "sensitive_attributes": [],
          "identity_schema_version": 0,
          "private": "eyJlMmJmYjczMC1lY2FhLTExZTYtOGY4OC0zNDM2M2JjN2M0YzAiOnsiY3JlYXRlIjo2MDAwMDAwMDAwMDAsImRlbGV0ZSI6NjAwMDAwMDAwMDAwfX0=",
          "dependencies": [
            "data.openstack_networking_network_v2.external",
            "openstack_networking_network_v2.dmz",
            "openstack_networking_router_v2.edge_router",
            "openstack_networking_subnet_v2.dmz_subnet"
          ]
        }
      ]
    },
    {
      "mode": "managed",
      "type": "openstack_networking_router_v2",
      "name": "edge_router",
      "provider": "provider[\"registry.terraform.io/terraform-provider-openstack/openstack\"]",
      "instances": [
        {
          "schema_version": 0,
          "attributes": {
            "admin_state_up": true,
            "all_tags": [],
            "availability_zone_hints": [],
            "description": "",
            "distributed": false,
            "enable_snat": true,
            "external_fixed_ip": [
              {
                "ip_address": "172.10.10.186",
                "subnet_id": "5a6d95de-f058-4468-8e48-26a9c043d045"
              }
            ],
            "external_gateway": "fd29eeb9-94bb-4207-99f3-7fe9f0a49042",
            "external_network_id": "fd29eeb9-94bb-4207-99f3-7fe9f0a49042",
            "external_subnet_ids": null,
            "id": "7a728663-8aeb-4ac2-92ad-310828795c06",
            "name": "zta-edge-router",
            "region": "RegionOne",
            "tags": [],
            "tenant_id": "6d335fcaec7847daaca0f1837dfc7d6f",
            "timeouts": null,
            "value_specs": null,
            "vendor_options": []
          },
          "sensitive_attributes": [],
          "identity_schema_version": 0,
          "private": "eyJlMmJmYjczMC1lY2FhLTExZTYtOGY4OC0zNDM2M2JjN2M0YzAiOnsiY3JlYXRlIjo2MDAwMDAwMDAwMDAsImRlbGV0ZSI6NjAwMDAwMDAwMDAwfX0=",
          "dependencies": [
            "data.openstack_networking_network_v2.external"
          ]
        }
      ]
    },
    {
      "mode": "managed",
      "type": "openstack_networking_secgroup_rule_v2",
      "name": "os_dmz_ingress_from_external",
      "provider": "provider[\"registry.terraform.io/terraform-provider-openstack/openstack\"]",
      "instances": [
        {
          "schema_version": 0,
          "attributes": {
            "description": "",
            "direction": "ingress",
            "ethertype": "IPv4",
            "id": "96601a54-1d12-4b10-b555-666f972b47eb",
            "port_range_max": 443,
            "port_range_min": 443,
            "protocol": "tcp",
            "region": "RegionOne",
            "remote_group_id": "",
            "remote_ip_prefix": "0.0.0.0/0",
            "security_group_id": "86fb957f-c756-439f-ba46-fe43406831c4",
            "tenant_id": "6d335fcaec7847daaca0f1837dfc7d6f",
            "timeouts": null
          },
          "sensitive_attributes": [],
          "identity_schema_version": 0,
          "private": "eyJlMmJmYjczMC1lY2FhLTExZTYtOGY4OC0zNDM2M2JjN2M0YzAiOnsiZGVsZXRlIjo2MDAwMDAwMDAwMDB9fQ==",
          "dependencies": [
            "openstack_networking_secgroup_v2.neutron_sg_os_dmz"
          ]
        }
      ]
    },
    {
      "mode": "managed",
      "type": "openstack_networking_secgroup_rule_v2",
      "name": "os_dmz_ingress_ssh_from_aio",
      "provider": "provider[\"registry.terraform.io/terraform-provider-openstack/openstack\"]",
      "instances": [
        {
          "schema_version": 0,
          "attributes": {
            "description": "",
            "direction": "ingress",
            "ethertype": "IPv4",
            "id": "137ce4d0-8434-44bd-a252-e58c2f3672af",
            "port_range_max": 22,
            "port_range_min": 22,
            "protocol": "tcp",
            "region": "RegionOne",
            "remote_group_id": "",
            "remote_ip_prefix": "172.10.10.1/32",
            "security_group_id": "86fb957f-c756-439f-ba46-fe43406831c4",
            "tenant_id": "6d335fcaec7847daaca0f1837dfc7d6f",
            "timeouts": null
          },
          "sensitive_attributes": [],
          "identity_schema_version": 0,
          "private": "eyJlMmJmYjczMC1lY2FhLTExZTYtOGY4OC0zNDM2M2JjN2M0YzAiOnsiZGVsZXRlIjo2MDAwMDAwMDAwMDB9fQ==",
          "dependencies": [
            "openstack_networking_secgroup_v2.neutron_sg_os_dmz"
          ]
        }
      ]
    },
    {
      "mode": "managed",
      "type": "openstack_networking_secgroup_rule_v2",
      "name": "os_identity_egress_dns",
      "provider": "provider[\"registry.terraform.io/terraform-provider-openstack/openstack\"]",
      "instances": [
        {
          "schema_version": 0,
          "attributes": {
            "description": "",
            "direction": "egress",
            "ethertype": "IPv4",
            "id": "080c7808-0cc4-44ad-80be-5217bb0fd713",
            "port_range_max": 53,
            "port_range_min": 53,
            "protocol": "udp",
            "region": "RegionOne",
            "remote_group_id": "",
            "remote_ip_prefix": "0.0.0.0/0",
            "security_group_id": "fdee255d-2fa7-4a52-88bf-8e9561c0a280",
            "tenant_id": "6d335fcaec7847daaca0f1837dfc7d6f",
            "timeouts": null
          },
          "sensitive_attributes": [],
          "identity_schema_version": 0,
          "private": "eyJlMmJmYjczMC1lY2FhLTExZTYtOGY4OC0zNDM2M2JjN2M0YzAiOnsiZGVsZXRlIjo2MDAwMDAwMDAwMDB9fQ==",
          "dependencies": [
            "openstack_networking_secgroup_v2.neutron_sg_os_identity"
          ]
        }
      ]
    },
    {
      "mode": "managed",
      "type": "openstack_networking_secgroup_rule_v2",
      "name": "os_identity_egress_http_https",
      "provider": "provider[\"registry.terraform.io/terraform-provider-openstack/openstack\"]",
      "instances": [
        {
          "schema_version": 0,
          "attributes": {
            "description": "",
            "direction": "egress",
            "ethertype": "IPv4",
            "id": "2babbafd-8b04-4e16-843f-4374c04fa48c",
            "port_range_max": 80,
            "port_range_min": 80,
            "protocol": "tcp",
            "region": "RegionOne",
            "remote_group_id": "",
            "remote_ip_prefix": "0.0.0.0/0",
            "security_group_id": "fdee255d-2fa7-4a52-88bf-8e9561c0a280",
            "tenant_id": "6d335fcaec7847daaca0f1837dfc7d6f",
            "timeouts": null
          },
          "sensitive_attributes": [],
          "identity_schema_version": 0,
          "private": "eyJlMmJmYjczMC1lY2FhLTExZTYtOGY4OC0zNDM2M2JjN2M0YzAiOnsiZGVsZXRlIjo2MDAwMDAwMDAwMDB9fQ==",
          "dependencies": [
            "openstack_networking_secgroup_v2.neutron_sg_os_identity"
          ]
        }
      ]
    },
    {
      "mode": "managed",
      "type": "openstack_networking_secgroup_rule_v2",
      "name": "os_identity_egress_https",
      "provider": "provider[\"registry.terraform.io/terraform-provider-openstack/openstack\"]",
      "instances": [
        {
          "schema_version": 0,
          "attributes": {
            "description": "",
            "direction": "egress",
            "ethertype": "IPv4",
            "id": "9b9e37ba-6aac-4889-bf48-167f9bd71bdf",
            "port_range_max": 443,
            "port_range_min": 443,
            "protocol": "tcp",
            "region": "RegionOne",
            "remote_group_id": "",
            "remote_ip_prefix": "0.0.0.0/0",
            "security_group_id": "fdee255d-2fa7-4a52-88bf-8e9561c0a280",
            "tenant_id": "6d335fcaec7847daaca0f1837dfc7d6f",
            "timeouts": null
          },
          "sensitive_attributes": [],
          "identity_schema_version": 0,
          "private": "eyJlMmJmYjczMC1lY2FhLTExZTYtOGY4OC0zNDM2M2JjN2M0YzAiOnsiZGVsZXRlIjo2MDAwMDAwMDAwMDB9fQ==",
          "dependencies": [
            "openstack_networking_secgroup_v2.neutron_sg_os_identity"
          ]
        }
      ]
    },
    {
      "mode": "managed",
      "type": "openstack_networking_secgroup_rule_v2",
      "name": "os_identity_egress_kubelet_attestation",
      "provider": "provider[\"registry.terraform.io/terraform-provider-openstack/openstack\"]",
      "instances": [
        {
          "schema_version": 0,
          "attributes": {
            "description": "",
            "direction": "egress",
            "ethertype": "IPv4",
            "id": "964ab0c0-670d-4382-810e-103ec19571bb",
            "port_range_max": 10250,
            "port_range_min": 10250,
            "protocol": "tcp",
            "region": "RegionOne",
            "remote_group_id": "",
            "remote_ip_prefix": "192.168.101.0/24",
            "security_group_id": "fdee255d-2fa7-4a52-88bf-8e9561c0a280",
            "tenant_id": "6d335fcaec7847daaca0f1837dfc7d6f",
            "timeouts": null
          },
          "sensitive_attributes": [],
          "identity_schema_version": 0,
          "private": "eyJlMmJmYjczMC1lY2FhLTExZTYtOGY4OC0zNDM2M2JjN2M0YzAiOnsiZGVsZXRlIjo2MDAwMDAwMDAwMDB9fQ==",
          "dependencies": [
            "openstack_networking_secgroup_v2.neutron_sg_os_identity"
          ]
        }
      ]
    },
    {
      "mode": "managed",
      "type": "openstack_networking_secgroup_rule_v2",
      "name": "os_identity_egress_loki",
      "provider": "provider[\"registry.terraform.io/terraform-provider-openstack/openstack\"]",
      "instances": [
        {
          "schema_version": 0,
          "attributes": {
            "description": "Loki log collection (via WireGuard tunnel)",
            "direction": "egress",
            "ethertype": "IPv4",
            "id": "108b1e4e-ec58-423d-9ae5-940243772631",
            "port_range_max": 3100,
            "port_range_min": 3100,
            "protocol": "tcp",
            "region": "RegionOne",
            "remote_group_id": "",
            "remote_ip_prefix": "10.10.2.10/32",
            "security_group_id": "fdee255d-2fa7-4a52-88bf-8e9561c0a280",
            "tenant_id": "6d335fcaec7847daaca0f1837dfc7d6f",
            "timeouts": null
          },
          "sensitive_attributes": [],
          "identity_schema_version": 0,
          "private": "eyJlMmJmYjczMC1lY2FhLTExZTYtOGY4OC0zNDM2M2JjN2M0YzAiOnsiZGVsZXRlIjo2MDAwMDAwMDAwMDB9fQ==",
          "dependencies": [
            "openstack_networking_secgroup_v2.neutron_sg_os_identity"
          ]
        }
      ]
    },
    {
      "mode": "managed",
      "type": "openstack_networking_secgroup_rule_v2",
      "name": "os_identity_egress_spire",
      "provider": "provider[\"registry.terraform.io/terraform-provider-openstack/openstack\"]",
      "instances": [
        {
          "schema_version": 0,
          "attributes": {
            "description": "",
            "direction": "egress",
            "ethertype": "IPv4",
            "id": "dfb5cace-ec3f-41b8-be18-f9bd4f00b045",
            "port_range_max": 8081,
            "port_range_min": 8081,
            "protocol": "tcp",
            "region": "RegionOne",
            "remote_group_id": "",
            "remote_ip_prefix": "10.10.1.20/32",
            "security_group_id": "fdee255d-2fa7-4a52-88bf-8e9561c0a280",
            "tenant_id": "6d335fcaec7847daaca0f1837dfc7d6f",
            "timeouts": null
          },
          "sensitive_attributes": [],
          "identity_schema_version": 0,
          "private": "eyJlMmJmYjczMC1lY2FhLTExZTYtOGY4OC0zNDM2M2JjN2M0YzAiOnsiZGVsZXRlIjo2MDAwMDAwMDAwMDB9fQ==",
          "dependencies": [
            "openstack_networking_secgroup_v2.neutron_sg_os_identity"
          ]
        }
      ]
    },
    {
      "mode": "managed",
      "type": "openstack_networking_secgroup_rule_v2",
      "name": "os_identity_ingress_private_dns",
      "provider": "provider[\"registry.terraform.io/terraform-provider-openstack/openstack\"]",
      "instances": [
        {
          "schema_version": 0,
          "attributes": {
            "description": "",
            "direction": "ingress",
            "ethertype": "IPv4",
            "id": "99c14c39-6638-4f47-8838-29c6a450354b",
            "port_range_max": 53,
            "port_range_min": 53,
            "protocol": "tcp",
            "region": "RegionOne",
            "remote_group_id": "",
            "remote_ip_prefix": "192.168.101.0/24",
            "security_group_id": "fdee255d-2fa7-4a52-88bf-8e9561c0a280",
            "tenant_id": "6d335fcaec7847daaca0f1837dfc7d6f",
            "timeouts": null
          },
          "sensitive_attributes": [],
          "identity_schema_version": 0,
          "private": "eyJlMmJmYjczMC1lY2FhLTExZTYtOGY4OC0zNDM2M2JjN2M0YzAiOnsiZGVsZXRlIjo2MDAwMDAwMDAwMDB9fQ==",
          "dependencies": [
            "openstack_networking_secgroup_v2.neutron_sg_os_identity"
          ]
        }
      ]
    },
    {
      "mode": "managed",
      "type": "openstack_networking_secgroup_rule_v2",
      "name": "os_identity_ingress_private_icmp",
      "provider": "provider[\"registry.terraform.io/terraform-provider-openstack/openstack\"]",
      "instances": [
        {
          "schema_version": 0,
          "attributes": {
            "description": "",
            "direction": "ingress",
            "ethertype": "IPv4",
            "id": "e65fdd90-8efe-478a-bfa9-5868a1d1e7ba",
            "port_range_max": 0,
            "port_range_min": 0,
            "protocol": "icmp",
            "region": "RegionOne",
            "remote_group_id": "",
            "remote_ip_prefix": "192.168.101.0/24",
            "security_group_id": "fdee255d-2fa7-4a52-88bf-8e9561c0a280",
            "tenant_id": "6d335fcaec7847daaca0f1837dfc7d6f",
            "timeouts": null
          },
          "sensitive_attributes": [],
          "identity_schema_version": 0,
          "private": "eyJlMmJmYjczMC1lY2FhLTExZTYtOGY4OC0zNDM2M2JjN2M0YzAiOnsiZGVsZXRlIjo2MDAwMDAwMDAwMDB9fQ==",
          "dependencies": [
            "openstack_networking_secgroup_v2.neutron_sg_os_identity"
          ]
        }
      ]
    },
    {
      "mode": "managed",
      "type": "openstack_networking_secgroup_rule_v2",
      "name": "os_identity_ingress_private_udp_dns",
      "provider": "provider[\"registry.terraform.io/terraform-provider-openstack/openstack\"]",
      "instances": [
        {
          "schema_version": 0,
          "attributes": {
            "description": "",
            "direction": "ingress",
            "ethertype": "IPv4",
            "id": "7082c047-fb18-465c-aa00-e5e18d5e8cde",
            "port_range_max": 53,
            "port_range_min": 53,
            "protocol": "udp",
            "region": "RegionOne",
            "remote_group_id": "",
            "remote_ip_prefix": "192.168.101.0/24",
            "security_group_id": "fdee255d-2fa7-4a52-88bf-8e9561c0a280",
            "tenant_id": "6d335fcaec7847daaca0f1837dfc7d6f",
            "timeouts": null
          },
          "sensitive_attributes": [],
          "identity_schema_version": 0,
          "private": "eyJlMmJmYjczMC1lY2FhLTExZTYtOGY4OC0zNDM2M2JjN2M0YzAiOnsiZGVsZXRlIjo2MDAwMDAwMDAwMDB9fQ==",
          "dependencies": [
            "openstack_networking_secgroup_v2.neutron_sg_os_identity"
          ]
        }
      ]
    },
    {
      "mode": "managed",
      "type": "openstack_networking_secgroup_rule_v2",
      "name": "os_private_egress_dns",
      "provider": "provider[\"registry.terraform.io/terraform-provider-openstack/openstack\"]",
      "instances": [
        {
          "schema_version": 0,
          "attributes": {
            "description": "",
            "direction": "egress",
            "ethertype": "IPv4",
            "id": "ca372862-e688-4973-b3dc-9255dd5c8352",
            "port_range_max": 53,
            "port_range_min": 53,
            "protocol": "udp",
            "region": "RegionOne",
            "remote_group_id": "",
            "remote_ip_prefix": "0.0.0.0/0",
            "security_group_id": "7550e3b4-a2f4-48b1-b4cc-6d6669c990c7",
            "tenant_id": "6d335fcaec7847daaca0f1837dfc7d6f",
            "timeouts": null
          },
          "sensitive_attributes": [],
          "identity_schema_version": 0,
          "private": "eyJlMmJmYjczMC1lY2FhLTExZTYtOGY4OC0zNDM2M2JjN2M0YzAiOnsiZGVsZXRlIjo2MDAwMDAwMDAwMDB9fQ==",
          "dependencies": [
            "openstack_networking_secgroup_v2.neutron_sg_os_private"
          ]
        }
      ]
    },
    {
      "mode": "managed",
      "type": "openstack_networking_secgroup_rule_v2",
      "name": "os_private_egress_http_https",
      "provider": "provider[\"registry.terraform.io/terraform-provider-openstack/openstack\"]",
      "instances": [
        {
          "schema_version": 0,
          "attributes": {
            "description": "",
            "direction": "egress",
            "ethertype": "IPv4",
            "id": "647e000b-f810-431c-b694-262183cc78ea",
            "port_range_max": 80,
            "port_range_min": 80,
            "protocol": "tcp",
            "region": "RegionOne",
            "remote_group_id": "",
            "remote_ip_prefix": "0.0.0.0/0",
            "security_group_id": "7550e3b4-a2f4-48b1-b4cc-6d6669c990c7",
            "tenant_id": "6d335fcaec7847daaca0f1837dfc7d6f",
            "timeouts": null
          },
          "sensitive_attributes": [],
          "identity_schema_version": 0,
          "private": "eyJlMmJmYjczMC1lY2FhLTExZTYtOGY4OC0zNDM2M2JjN2M0YzAiOnsiZGVsZXRlIjo2MDAwMDAwMDAwMDB9fQ==",
          "dependencies": [
            "openstack_networking_secgroup_v2.neutron_sg_os_private"
          ]
        }
      ]
    },
    {
      "mode": "managed",
      "type": "openstack_networking_secgroup_rule_v2",
      "name": "os_private_egress_https",
      "provider": "provider[\"registry.terraform.io/terraform-provider-openstack/openstack\"]",
      "instances": [
        {
          "schema_version": 0,
          "attributes": {
            "description": "",
            "direction": "egress",
            "ethertype": "IPv4",
            "id": "453a0934-d51b-4c65-b639-91ed025516cc",
            "port_range_max": 443,
            "port_range_min": 443,
            "protocol": "tcp",
            "region": "RegionOne",
            "remote_group_id": "",
            "remote_ip_prefix": "0.0.0.0/0",
            "security_group_id": "7550e3b4-a2f4-48b1-b4cc-6d6669c990c7",
            "tenant_id": "6d335fcaec7847daaca0f1837dfc7d6f",
            "timeouts": null
          },
          "sensitive_attributes": [],
          "identity_schema_version": 0,
          "private": "eyJlMmJmYjczMC1lY2FhLTExZTYtOGY4OC0zNDM2M2JjN2M0YzAiOnsiZGVsZXRlIjo2MDAwMDAwMDAwMDB9fQ==",
          "dependencies": [
            "openstack_networking_secgroup_v2.neutron_sg_os_private"
          ]
        }
      ]
    },
    {
      "mode": "managed",
      "type": "openstack_networking_secgroup_rule_v2",
      "name": "os_private_egress_k3s_api_aws",
      "provider": "provider[\"registry.terraform.io/terraform-provider-openstack/openstack\"]",
      "instances": [
        {
          "schema_version": 0,
          "attributes": {
            "description": "",
            "direction": "egress",
            "ethertype": "IPv4",
            "id": "e65182dc-7225-4414-b1ee-c879fbc4a829",
            "port_range_max": 6443,
            "port_range_min": 6443,
            "protocol": "tcp",
            "region": "RegionOne",
            "remote_group_id": "",
            "remote_ip_prefix": "10.10.1.0/24",
            "security_group_id": "7550e3b4-a2f4-48b1-b4cc-6d6669c990c7",
            "tenant_id": "6d335fcaec7847daaca0f1837dfc7d6f",
            "timeouts": null
          },
          "sensitive_attributes": [],
          "identity_schema_version": 0,
          "private": "eyJlMmJmYjczMC1lY2FhLTExZTYtOGY4OC0zNDM2M2JjN2M0YzAiOnsiZGVsZXRlIjo2MDAwMDAwMDAwMDB9fQ==",
          "dependencies": [
            "openstack_networking_secgroup_v2.neutron_sg_os_private"
          ]
        }
      ]
    },
    {
      "mode": "managed",
      "type": "openstack_networking_secgroup_rule_v2",
      "name": "os_private_egress_loki",
      "provider": "provider[\"registry.terraform.io/terraform-provider-openstack/openstack\"]",
      "instances": [
        {
          "schema_version": 0,
          "attributes": {
            "description": "Loki log collection (via WireGuard tunnel)",
            "direction": "egress",
            "ethertype": "IPv4",
            "id": "c306cb30-56f1-4e56-8488-db251a8549a8",
            "port_range_max": 3100,
            "port_range_min": 3100,
            "protocol": "tcp",
            "region": "RegionOne",
            "remote_group_id": "",
            "remote_ip_prefix": "10.10.2.10/32",
            "security_group_id": "7550e3b4-a2f4-48b1-b4cc-6d6669c990c7",
            "tenant_id": "6d335fcaec7847daaca0f1837dfc7d6f",
            "timeouts": null
          },
          "sensitive_attributes": [],
          "identity_schema_version": 0,
          "private": "eyJlMmJmYjczMC1lY2FhLTExZTYtOGY4OC0zNDM2M2JjN2M0YzAiOnsiZGVsZXRlIjo2MDAwMDAwMDAwMDB9fQ==",
          "dependencies": [
            "openstack_networking_secgroup_v2.neutron_sg_os_private"
          ]
        }
      ]
    },
    {
      "mode": "managed",
      "type": "openstack_networking_secgroup_rule_v2",
      "name": "os_private_egress_spire",
      "provider": "provider[\"registry.terraform.io/terraform-provider-openstack/openstack\"]",
      "instances": [
        {
          "schema_version": 0,
          "attributes": {
            "description": "",
            "direction": "egress",
            "ethertype": "IPv4",
            "id": "5ffb366c-f445-4008-a354-5fd2efa30c8b",
            "port_range_max": 8081,
            "port_range_min": 8081,
            "protocol": "tcp",
            "region": "RegionOne",
            "remote_group_id": "",
            "remote_ip_prefix": "10.10.1.20/32",
            "security_group_id": "7550e3b4-a2f4-48b1-b4cc-6d6669c990c7",
            "tenant_id": "6d335fcaec7847daaca0f1837dfc7d6f",
            "timeouts": null
          },
          "sensitive_attributes": [],
          "identity_schema_version": 0,
          "private": "eyJlMmJmYjczMC1lY2FhLTExZTYtOGY4OC0zNDM2M2JjN2M0YzAiOnsiZGVsZXRlIjo2MDAwMDAwMDAwMDB9fQ==",
          "dependencies": [
            "openstack_networking_secgroup_v2.neutron_sg_os_private"
          ]
        }
      ]
    },
    {
      "mode": "managed",
      "type": "openstack_networking_secgroup_rule_v2",
      "name": "os_private_ingress_icmp",
      "provider": "provider[\"registry.terraform.io/terraform-provider-openstack/openstack\"]",
      "instances": [
        {
          "schema_version": 0,
          "attributes": {
            "description": "",
            "direction": "ingress",
            "ethertype": "IPv4",
            "id": "16030781-e9cd-428d-a24d-0574bad49292",
            "port_range_max": 0,
            "port_range_min": 0,
            "protocol": "icmp",
            "region": "RegionOne",
            "remote_group_id": "",
            "remote_ip_prefix": "192.168.101.0/24",
            "security_group_id": "7550e3b4-a2f4-48b1-b4cc-6d6669c990c7",
            "tenant_id": "6d335fcaec7847daaca0f1837dfc7d6f",
            "timeouts": null
          },
          "sensitive_attributes": [],
          "identity_schema_version": 0,
          "private": "eyJlMmJmYjczMC1lY2FhLTExZTYtOGY4OC0zNDM2M2JjN2M0YzAiOnsiZGVsZXRlIjo2MDAwMDAwMDAwMDB9fQ==",
          "dependencies": [
            "openstack_networking_secgroup_v2.neutron_sg_os_private"
          ]
        }
      ]
    },
    {
      "mode": "managed",
      "type": "openstack_networking_secgroup_rule_v2",
      "name": "os_private_ingress_k3s",
      "provider": "provider[\"registry.terraform.io/terraform-provider-openstack/openstack\"]",
      "instances": [
        {
          "schema_version": 0,
          "attributes": {
            "description": "",
            "direction": "ingress",
            "ethertype": "IPv4",
            "id": "50a053e3-3328-42c3-8eb5-505b259e95ae",
            "port_range_max": 6443,
            "port_range_min": 6443,
            "protocol": "tcp",
            "region": "RegionOne",
            "remote_group_id": "",
            "remote_ip_prefix": "192.168.101.0/24",
            "security_group_id": "7550e3b4-a2f4-48b1-b4cc-6d6669c990c7",
            "tenant_id": "6d335fcaec7847daaca0f1837dfc7d6f",
            "timeouts": null
          },
          "sensitive_attributes": [],
          "identity_schema_version": 0,
          "private": "eyJlMmJmYjczMC1lY2FhLTExZTYtOGY4OC0zNDM2M2JjN2M0YzAiOnsiZGVsZXRlIjo2MDAwMDAwMDAwMDB9fQ==",
          "dependencies": [
            "openstack_networking_secgroup_v2.neutron_sg_os_private"
          ]
        }
      ]
    },
    {
      "mode": "managed",
      "type": "openstack_networking_secgroup_rule_v2",
      "name": "os_private_ingress_kubelet",
      "provider": "provider[\"registry.terraform.io/terraform-provider-openstack/openstack\"]",
      "instances": [
        {
          "schema_version": 0,
          "attributes": {
            "description": "",
            "direction": "ingress",
            "ethertype": "IPv4",
            "id": "5c251b22-0ab8-4a49-8bdd-cce23805cfcc",
            "port_range_max": 10250,
            "port_range_min": 10250,
            "protocol": "tcp",
            "region": "RegionOne",
            "remote_group_id": "",
            "remote_ip_prefix": "192.168.101.0/24",
            "security_group_id": "7550e3b4-a2f4-48b1-b4cc-6d6669c990c7",
            "tenant_id": "6d335fcaec7847daaca0f1837dfc7d6f",
            "timeouts": null
          },
          "sensitive_attributes": [],
          "identity_schema_version": 0,
          "private": "eyJlMmJmYjczMC1lY2FhLTExZTYtOGY4OC0zNDM2M2JjN2M0YzAiOnsiZGVsZXRlIjo2MDAwMDAwMDAwMDB9fQ==",
          "dependencies": [
            "openstack_networking_secgroup_v2.neutron_sg_os_private"
          ]
        }
      ]
    },
    {
      "mode": "managed",
      "type": "openstack_networking_secgroup_rule_v2",
      "name": "os_private_ingress_ssh_dmz",
      "provider": "provider[\"registry.terraform.io/terraform-provider-openstack/openstack\"]",
      "instances": [
        {
          "schema_version": 0,
          "attributes": {
            "description": "",
            "direction": "ingress",
            "ethertype": "IPv4",
            "id": "081ca9eb-7ed6-4be7-a40a-362dd4c1c7b2",
            "port_range_max": 22,
            "port_range_min": 22,
            "protocol": "tcp",
            "region": "RegionOne",
            "remote_group_id": "",
            "remote_ip_prefix": "192.168.100.10/32",
            "security_group_id": "7550e3b4-a2f4-48b1-b4cc-6d6669c990c7",
            "tenant_id": "6d335fcaec7847daaca0f1837dfc7d6f",
            "timeouts": null
          },
          "sensitive_attributes": [],
          "identity_schema_version": 0,
          "private": "eyJlMmJmYjczMC1lY2FhLTExZTYtOGY4OC0zNDM2M2JjN2M0YzAiOnsiZGVsZXRlIjo2MDAwMDAwMDAwMDB9fQ==",
          "dependencies": [
            "openstack_networking_secgroup_v2.neutron_sg_os_private"
          ]
        }
      ]
    },
    {
      "mode": "managed",
      "type": "openstack_networking_secgroup_v2",
      "name": "neutron_sg_os_dmz",
      "provider": "provider[\"registry.terraform.io/terraform-provider-openstack/openstack\"]",
      "instances": [
        {
          "schema_version": 0,
          "attributes": {
            "all_tags": [],
            "delete_default_rules": null,
            "description": "DMZ security group for OpenStack",
            "id": "86fb957f-c756-439f-ba46-fe43406831c4",
            "name": "neutron-sg-os-dmz",
            "region": "RegionOne",
            "tags": [],
            "tenant_id": "6d335fcaec7847daaca0f1837dfc7d6f",
            "timeouts": null
          },
          "sensitive_attributes": [],
          "identity_schema_version": 0,
          "private": "eyJlMmJmYjczMC1lY2FhLTExZTYtOGY4OC0zNDM2M2JjN2M0YzAiOnsiZGVsZXRlIjo2MDAwMDAwMDAwMDB9fQ=="
        }
      ]
    },
    {
      "mode": "managed",
      "type": "openstack_networking_secgroup_v2",
      "name": "neutron_sg_os_identity",
      "provider": "provider[\"registry.terraform.io/terraform-provider-openstack/openstack\"]",
      "instances": [
        {
          "schema_version": 0,
          "attributes": {
            "all_tags": [],
            "delete_default_rules": null,
            "description": "Identity security group",
            "id": "fdee255d-2fa7-4a52-88bf-8e9561c0a280",
            "name": "neutron-sg-os-identity",
            "region": "RegionOne",
            "tags": [],
            "tenant_id": "6d335fcaec7847daaca0f1837dfc7d6f",
            "timeouts": null
          },
          "sensitive_attributes": [],
          "identity_schema_version": 0,
          "private": "eyJlMmJmYjczMC1lY2FhLTExZTYtOGY4OC0zNDM2M2JjN2M0YzAiOnsiZGVsZXRlIjo2MDAwMDAwMDAwMDB9fQ=="
        }
      ]
    },
    {
      "mode": "managed",
      "type": "openstack_networking_secgroup_v2",
      "name": "neutron_sg_os_private",
      "provider": "provider[\"registry.terraform.io/terraform-provider-openstack/openstack\"]",
      "instances": [
        {
          "schema_version": 0,
          "attributes": {
            "all_tags": [],
            "delete_default_rules": null,
            "description": "Private security group for OpenStack K3s cluster",
            "id": "7550e3b4-a2f4-48b1-b4cc-6d6669c990c7",
            "name": "neutron-sg-os-private",
            "region": "RegionOne",
            "tags": [],
            "tenant_id": "6d335fcaec7847daaca0f1837dfc7d6f",
            "timeouts": null
          },
          "sensitive_attributes": [],
          "identity_schema_version": 0,
          "private": "eyJlMmJmYjczMC1lY2FhLTExZTYtOGY4OC0zNDM2M2JjN2M0YzAiOnsiZGVsZXRlIjo2MDAwMDAwMDAwMDB9fQ=="
        }
      ]
    },
    {
      "mode": "managed",
      "type": "openstack_networking_subnet_v2",
      "name": "dmz_subnet",
      "provider": "provider[\"registry.terraform.io/terraform-provider-openstack/openstack\"]",
      "instances": [
        {
          "schema_version": 0,
          "attributes": {
            "all_tags": [],
            "allocation_pool": [
              {
                "end": "192.168.100.254",
                "start": "192.168.100.2"
              }
            ],
            "allocation_pools": [
              {
                "end": "192.168.100.254",
                "start": "192.168.100.2"
              }
            ],
            "cidr": "192.168.100.0/24",
            "description": "",
            "dns_nameservers": [
              "8.8.8.8",
              "8.8.4.4"
            ],
            "enable_dhcp": true,
            "gateway_ip": "192.168.100.1",
            "host_routes": [],
            "id": "a73e5ce6-2260-4596-96f2-6372c9d0190f",
            "ip_version": 4,
            "ipv6_address_mode": "",
            "ipv6_ra_mode": "",
            "name": "zta-dmz-subnet",
            "network_id": "8f4df7e1-80b4-4845-9769-f3ef21a169ef",
            "no_gateway": false,
            "prefix_length": null,
            "region": "RegionOne",
            "service_types": [],
            "subnetpool_id": "",
            "tags": [],
            "tenant_id": "6d335fcaec7847daaca0f1837dfc7d6f",
            "timeouts": null,
            "value_specs": null
          },
          "sensitive_attributes": [],
          "identity_schema_version": 0,
          "private": "eyJlMmJmYjczMC1lY2FhLTExZTYtOGY4OC0zNDM2M2JjN2M0YzAiOnsiY3JlYXRlIjo2MDAwMDAwMDAwMDAsImRlbGV0ZSI6NjAwMDAwMDAwMDAwfX0=",
          "dependencies": [
            "openstack_networking_network_v2.dmz"
          ]
        }
      ]
    },
    {
      "mode": "managed",
      "type": "openstack_networking_subnet_v2",
      "name": "identity_subnet",
      "provider": "provider[\"registry.terraform.io/terraform-provider-openstack/openstack\"]",
      "instances": [
        {
          "schema_version": 0,
          "attributes": {
            "all_tags": [],
            "allocation_pool": [
              {
                "end": "192.168.102.253",
                "start": "192.168.102.20"
              }
            ],
            "allocation_pools": [
              {
                "end": "192.168.102.253",
                "start": "192.168.102.20"
              }
            ],
            "cidr": "192.168.102.0/24",
            "description": "",
            "dns_nameservers": [
              "8.8.8.8",
              "8.8.4.4"
            ],
            "enable_dhcp": true,
            "gateway_ip": "192.168.102.1",
            "host_routes": [],
            "id": "a1684ee0-7fad-4491-9e85-9b88ac6f65db",
            "ip_version": 4,
            "ipv6_address_mode": "",
            "ipv6_ra_mode": "",
            "name": "zta-identity-subnet",
            "network_id": "9c85e9ba-499f-4bb8-9d9c-a33f3a4f7253",
            "no_gateway": false,
            "prefix_length": null,
            "region": "RegionOne",
            "service_types": [],
            "subnetpool_id": "",
            "tags": [],
            "tenant_id": "6d335fcaec7847daaca0f1837dfc7d6f",
            "timeouts": null,
            "value_specs": null
          },
          "sensitive_attributes": [],
          "identity_schema_version": 0,
          "private": "eyJlMmJmYjczMC1lY2FhLTExZTYtOGY4OC0zNDM2M2JjN2M0YzAiOnsiY3JlYXRlIjo2MDAwMDAwMDAwMDAsImRlbGV0ZSI6NjAwMDAwMDAwMDAwfX0=",
          "dependencies": [
            "openstack_networking_network_v2.dmz",
            "openstack_networking_network_v2.identity"
          ]
        }
      ]
    },
    {
      "mode": "managed",
      "type": "openstack_networking_subnet_v2",
      "name": "private_subnet",
      "provider": "provider[\"registry.terraform.io/terraform-provider-openstack/openstack\"]",
      "instances": [
        {
          "schema_version": 0,
          "attributes": {
            "all_tags": [],
            "allocation_pool": [
              {
                "end": "192.168.101.253",
                "start": "192.168.101.20"
              }
            ],
            "allocation_pools": [
              {
                "end": "192.168.101.253",
                "start": "192.168.101.20"
              }
            ],
            "cidr": "192.168.101.0/24",
            "description": "",
            "dns_nameservers": [
              "8.8.8.8",
              "8.8.4.4"
            ],
            "enable_dhcp": true,
            "gateway_ip": "192.168.101.1",
            "host_routes": [],
            "id": "63c0117f-27d4-4329-a361-c3b060084e04",
            "ip_version": 4,
            "ipv6_address_mode": "",
            "ipv6_ra_mode": "",
            "name": "zta-private-subnet",
            "network_id": "c8981e41-e309-4000-bef0-2b18071b2761",
            "no_gateway": false,
            "prefix_length": null,
            "region": "RegionOne",
            "service_types": [],
            "subnetpool_id": "",
            "tags": [],
            "tenant_id": "6d335fcaec7847daaca0f1837dfc7d6f",
            "timeouts": null,
            "value_specs": null
          },
          "sensitive_attributes": [],
          "identity_schema_version": 0,
          "private": "eyJlMmJmYjczMC1lY2FhLTExZTYtOGY4OC0zNDM2M2JjN2M0YzAiOnsiY3JlYXRlIjo2MDAwMDAwMDAwMDAsImRlbGV0ZSI6NjAwMDAwMDAwMDAwfX0=",
          "dependencies": [
            "openstack_networking_network_v2.dmz",
            "openstack_networking_network_v2.private"
          ]
        }
      ]
    }
  ],
  "check_results": null
}
